// !$*UTF8*$!
{
	archiveVersion = 1;
	classes = {
	};
	objectVersion = 56;
	objects = {

/* Begin PBXBuildFile section */
		04BA14812AE5ED6800138FB9 /* AppDelegate.swift in Sources */ = {isa = PBXBuildFile; fileRef = 04BA14802AE5ED6800138FB9 /* AppDelegate.swift */; };
		04BA14832AE5ED6800138FB9 /* SceneDelegate.swift in Sources */ = {isa = PBXBuildFile; fileRef = 04BA14822AE5ED6800138FB9 /* SceneDelegate.swift */; };
		04BA14852AE5ED6800138FB9 /* ViewController.swift in Sources */ = {isa = PBXBuildFile; fileRef = 04BA14842AE5ED6800138FB9 /* ViewController.swift */; };
		04BA14882AE5ED6800138FB9 /* Main.storyboard in Resources */ = {isa = PBXBuildFile; fileRef = 04BA14862AE5ED6800138FB9 /* Main.storyboard */; };
		04BA148A2AE5ED6900138FB9 /* Assets.xcassets in Resources */ = {isa = PBXBuildFile; fileRef = 04BA14892AE5ED6900138FB9 /* Assets.xcassets */; };
		04BA148D2AE5ED6900138FB9 /* LaunchScreen.storyboard in Resources */ = {isa = PBXBuildFile; fileRef = 04BA148B2AE5ED6900138FB9 /* LaunchScreen.storyboard */; };
		04BA14982AE5ED6900138FB9 /* SeSACRxSwiftBasicTests.swift in Sources */ = {isa = PBXBuildFile; fileRef = 04BA14972AE5ED6900138FB9 /* SeSACRxSwiftBasicTests.swift */; };
		04BA14A22AE5ED6900138FB9 /* SeSACRxSwiftBasicUITests.swift in Sources */ = {isa = PBXBuildFile; fileRef = 04BA14A12AE5ED6900138FB9 /* SeSACRxSwiftBasicUITests.swift */; };
		04BA14A42AE5ED6900138FB9 /* SeSACRxSwiftBasicUITestsLaunchTests.swift in Sources */ = {isa = PBXBuildFile; fileRef = 04BA14A32AE5ED6900138FB9 /* SeSACRxSwiftBasicUITestsLaunchTests.swift */; };
		04BA14B62AE5F3B000138FB9 /* RxViewController.swift in Sources */ = {isa = PBXBuildFile; fileRef = 04BA14B52AE5F3B000138FB9 /* RxViewController.swift */; };
		6A3FC74C2AE60CA900E8A16C /* RxCocoa in Frameworks */ = {isa = PBXBuildFile; productRef = 6A3FC74B2AE60CA900E8A16C /* RxCocoa */; };
		6A3FC74E2AE60CA900E8A16C /* RxSwift in Frameworks */ = {isa = PBXBuildFile; productRef = 6A3FC74D2AE60CA900E8A16C /* RxSwift */; };
		6ABB242A2AE8ABF800E32838 /* BasicViewController.swift in Sources */ = {isa = PBXBuildFile; fileRef = 6ABB24292AE8ABF800E32838 /* BasicViewController.swift */; };
/* End PBXBuildFile section */

/* Begin PBXContainerItemProxy section */
		04BA14942AE5ED6900138FB9 /* PBXContainerItemProxy */ = {
			isa = PBXContainerItemProxy;
			containerPortal = 04BA14752AE5ED6800138FB9 /* Project object */;
			proxyType = 1;
			remoteGlobalIDString = 04BA147C2AE5ED6800138FB9;
			remoteInfo = SeSACRxSwiftBasic;
		};
		04BA149E2AE5ED6900138FB9 /* PBXContainerItemProxy */ = {
			isa = PBXContainerItemProxy;
			containerPortal = 04BA14752AE5ED6800138FB9 /* Project object */;
			proxyType = 1;
			remoteGlobalIDString = 04BA147C2AE5ED6800138FB9;
			remoteInfo = SeSACRxSwiftBasic;
		};
/* End PBXContainerItemProxy section */

/* Begin PBXFileReference section */
		04BA147D2AE5ED6800138FB9 /* SeSACRxSwiftBasic.app */ = {isa = PBXFileReference; explicitFileType = wrapper.application; includeInIndex = 0; path = SeSACRxSwiftBasic.app; sourceTree = BUILT_PRODUCTS_DIR; };
		04BA14802AE5ED6800138FB9 /* AppDelegate.swift */ = {isa = PBXFileReference; lastKnownFileType = sourcecode.swift; path = AppDelegate.swift; sourceTree = "<group>"; };
		04BA14822AE5ED6800138FB9 /* SceneDelegate.swift */ = {isa = PBXFileReference; lastKnownFileType = sourcecode.swift; path = SceneDelegate.swift; sourceTree = "<group>"; };
		04BA14842AE5ED6800138FB9 /* ViewController.swift */ = {isa = PBXFileReference; lastKnownFileType = sourcecode.swift; path = ViewController.swift; sourceTree = "<group>"; };
		04BA14872AE5ED6800138FB9 /* Base */ = {isa = PBXFileReference; lastKnownFileType = file.storyboard; name = Base; path = Base.lproj/Main.storyboard; sourceTree = "<group>"; };
		04BA14892AE5ED6900138FB9 /* Assets.xcassets */ = {isa = PBXFileReference; lastKnownFileType = folder.assetcatalog; path = Assets.xcassets; sourceTree = "<group>"; };
		04BA148C2AE5ED6900138FB9 /* Base */ = {isa = PBXFileReference; lastKnownFileType = file.storyboard; name = Base; path = Base.lproj/LaunchScreen.storyboard; sourceTree = "<group>"; };
		04BA148E2AE5ED6900138FB9 /* Info.plist */ = {isa = PBXFileReference; lastKnownFileType = text.plist.xml; path = Info.plist; sourceTree = "<group>"; };
		04BA14932AE5ED6900138FB9 /* SeSACRxSwiftBasicTests.xctest */ = {isa = PBXFileReference; explicitFileType = wrapper.cfbundle; includeInIndex = 0; path = SeSACRxSwiftBasicTests.xctest; sourceTree = BUILT_PRODUCTS_DIR; };
		04BA14972AE5ED6900138FB9 /* SeSACRxSwiftBasicTests.swift */ = {isa = PBXFileReference; lastKnownFileType = sourcecode.swift; path = SeSACRxSwiftBasicTests.swift; sourceTree = "<group>"; };
		04BA149D2AE5ED6900138FB9 /* SeSACRxSwiftBasicUITests.xctest */ = {isa = PBXFileReference; explicitFileType = wrapper.cfbundle; includeInIndex = 0; path = SeSACRxSwiftBasicUITests.xctest; sourceTree = BUILT_PRODUCTS_DIR; };
		04BA14A12AE5ED6900138FB9 /* SeSACRxSwiftBasicUITests.swift */ = {isa = PBXFileReference; lastKnownFileType = sourcecode.swift; path = SeSACRxSwiftBasicUITests.swift; sourceTree = "<group>"; };
		04BA14A32AE5ED6900138FB9 /* SeSACRxSwiftBasicUITestsLaunchTests.swift */ = {isa = PBXFileReference; lastKnownFileType = sourcecode.swift; path = SeSACRxSwiftBasicUITestsLaunchTests.swift; sourceTree = "<group>"; };
		04BA14B52AE5F3B000138FB9 /* RxViewController.swift */ = {isa = PBXFileReference; lastKnownFileType = sourcecode.swift; path = RxViewController.swift; sourceTree = "<group>"; };
		6ABB24292AE8ABF800E32838 /* BasicViewController.swift */ = {isa = PBXFileReference; lastKnownFileType = sourcecode.swift; path = BasicViewController.swift; sourceTree = "<group>"; };
/* End PBXFileReference section */

/* Begin PBXFrameworksBuildPhase section */
		04BA147A2AE5ED6800138FB9 /* Frameworks */ = {
			isa = PBXFrameworksBuildPhase;
			buildActionMask = 2147483647;
			files = (
				6A3FC74E2AE60CA900E8A16C /* RxSwift in Frameworks */,
				6A3FC74C2AE60CA900E8A16C /* RxCocoa in Frameworks */,
			);
			runOnlyForDeploymentPostprocessing = 0;
		};
		04BA14902AE5ED6900138FB9 /* Frameworks */ = {
			isa = PBXFrameworksBuildPhase;
			buildActionMask = 2147483647;
			files = (
			);
			runOnlyForDeploymentPostprocessing = 0;
		};
		04BA149A2AE5ED6900138FB9 /* Frameworks */ = {
			isa = PBXFrameworksBuildPhase;
			buildActionMask = 2147483647;
			files = (
			);
			runOnlyForDeploymentPostprocessing = 0;
		};
/* End PBXFrameworksBuildPhase section */

/* Begin PBXGroup section */
		04BA14742AE5ED6800138FB9 = {
			isa = PBXGroup;
			children = (
				04BA147F2AE5ED6800138FB9 /* SeSACRxSwiftBasic */,
				04BA14962AE5ED6900138FB9 /* SeSACRxSwiftBasicTests */,
				04BA14A02AE5ED6900138FB9 /* SeSACRxSwiftBasicUITests */,
				04BA147E2AE5ED6800138FB9 /* Products */,
			);
			sourceTree = "<group>";
		};
		04BA147E2AE5ED6800138FB9 /* Products */ = {
			isa = PBXGroup;
			children = (
				04BA147D2AE5ED6800138FB9 /* SeSACRxSwiftBasic.app */,
				04BA14932AE5ED6900138FB9 /* SeSACRxSwiftBasicTests.xctest */,
				04BA149D2AE5ED6900138FB9 /* SeSACRxSwiftBasicUITests.xctest */,
			);
			name = Products;
			sourceTree = "<group>";
		};
		04BA147F2AE5ED6800138FB9 /* SeSACRxSwiftBasic */ = {
			isa = PBXGroup;
			children = (
				04BA14802AE5ED6800138FB9 /* AppDelegate.swift */,
				04BA14822AE5ED6800138FB9 /* SceneDelegate.swift */,
				04BA14842AE5ED6800138FB9 /* ViewController.swift */,
				04BA14862AE5ED6800138FB9 /* Main.storyboard */,
				04BA14892AE5ED6900138FB9 /* Assets.xcassets */,
				04BA148B2AE5ED6900138FB9 /* LaunchScreen.storyboard */,
				04BA148E2AE5ED6900138FB9 /* Info.plist */,
				04BA14B52AE5F3B000138FB9 /* RxViewController.swift */,
				6ABB24292AE8ABF800E32838 /* BasicViewController.swift */,
			);
			path = SeSACRxSwiftBasic;
			sourceTree = "<group>";
		};
		04BA14962AE5ED6900138FB9 /* SeSACRxSwiftBasicTests */ = {
			isa = PBXGroup;
			children = (
				04BA14972AE5ED6900138FB9 /* SeSACRxSwiftBasicTests.swift */,
			);
			path = SeSACRxSwiftBasicTests;
			sourceTree = "<group>";
		};
		04BA14A02AE5ED6900138FB9 /* SeSACRxSwiftBasicUITests */ = {
			isa = PBXGroup;
			children = (
				04BA14A12AE5ED6900138FB9 /* SeSACRxSwiftBasicUITests.swift */,
				04BA14A32AE5ED6900138FB9 /* SeSACRxSwiftBasicUITestsLaunchTests.swift */,
			);
			path = SeSACRxSwiftBasicUITests;
			sourceTree = "<group>";
		};
/* End PBXGroup section */

/* Begin PBXNativeTarget section */
		04BA147C2AE5ED6800138FB9 /* SeSACRxSwiftBasic */ = {
			isa = PBXNativeTarget;
			buildConfigurationList = 04BA14A72AE5ED6900138FB9 /* Build configuration list for PBXNativeTarget "SeSACRxSwiftBasic" */;
			buildPhases = (
				04BA14792AE5ED6800138FB9 /* Sources */,
				04BA147A2AE5ED6800138FB9 /* Frameworks */,
				04BA147B2AE5ED6800138FB9 /* Resources */,
			);
			buildRules = (
			);
			dependencies = (
			);
			name = SeSACRxSwiftBasic;
			packageProductDependencies = (
				6A3FC74B2AE60CA900E8A16C /* RxCocoa */,
				6A3FC74D2AE60CA900E8A16C /* RxSwift */,
			);
			productName = SeSACRxSwiftBasic;
			productReference = 04BA147D2AE5ED6800138FB9 /* SeSACRxSwiftBasic.app */;
			productType = "com.apple.product-type.application";
		};
		04BA14922AE5ED6900138FB9 /* SeSACRxSwiftBasicTests */ = {
			isa = PBXNativeTarget;
			buildConfigurationList = 04BA14AA2AE5ED6900138FB9 /* Build configuration list for PBXNativeTarget "SeSACRxSwiftBasicTests" */;
			buildPhases = (
				04BA148F2AE5ED6900138FB9 /* Sources */,
				04BA14902AE5ED6900138FB9 /* Frameworks */,
				04BA14912AE5ED6900138FB9 /* Resources */,
			);
			buildRules = (
			);
			dependencies = (
				04BA14952AE5ED6900138FB9 /* PBXTargetDependency */,
			);
			name = SeSACRxSwiftBasicTests;
			productName = SeSACRxSwiftBasicTests;
			productReference = 04BA14932AE5ED6900138FB9 /* SeSACRxSwiftBasicTests.xctest */;
			productType = "com.apple.product-type.bundle.unit-test";
		};
		04BA149C2AE5ED6900138FB9 /* SeSACRxSwiftBasicUITests */ = {
			isa = PBXNativeTarget;
			buildConfigurationList = 04BA14AD2AE5ED6900138FB9 /* Build configuration list for PBXNativeTarget "SeSACRxSwiftBasicUITests" */;
			buildPhases = (
				04BA14992AE5ED6900138FB9 /* Sources */,
				04BA149A2AE5ED6900138FB9 /* Frameworks */,
				04BA149B2AE5ED6900138FB9 /* Resources */,
			);
			buildRules = (
			);
			dependencies = (
				04BA149F2AE5ED6900138FB9 /* PBXTargetDependency */,
			);
			name = SeSACRxSwiftBasicUITests;
			productName = SeSACRxSwiftBasicUITests;
			productReference = 04BA149D2AE5ED6900138FB9 /* SeSACRxSwiftBasicUITests.xctest */;
			productType = "com.apple.product-type.bundle.ui-testing";
		};
/* End PBXNativeTarget section */

/* Begin PBXProject section */
		04BA14752AE5ED6800138FB9 /* Project object */ = {
			isa = PBXProject;
			attributes = {
				BuildIndependentTargetsInParallel = 1;
				LastSwiftUpdateCheck = 1500;
				LastUpgradeCheck = 1500;
				TargetAttributes = {
					04BA147C2AE5ED6800138FB9 = {
						CreatedOnToolsVersion = 15.0.1;
					};
					04BA14922AE5ED6900138FB9 = {
						CreatedOnToolsVersion = 15.0.1;
						TestTargetID = 04BA147C2AE5ED6800138FB9;
					};
					04BA149C2AE5ED6900138FB9 = {
						CreatedOnToolsVersion = 15.0.1;
						TestTargetID = 04BA147C2AE5ED6800138FB9;
					};
				};
			};
			buildConfigurationList = 04BA14782AE5ED6800138FB9 /* Build configuration list for PBXProject "SeSACRxSwiftBasic" */;
			compatibilityVersion = "Xcode 14.0";
			developmentRegion = en;
			hasScannedForEncodings = 0;
			knownRegions = (
				en,
				Base,
			);
			mainGroup = 04BA14742AE5ED6800138FB9;
			packageReferences = (
				6A3FC74A2AE60CA900E8A16C /* XCRemoteSwiftPackageReference "RxSwift" */,
			);
			productRefGroup = 04BA147E2AE5ED6800138FB9 /* Products */;
			projectDirPath = "";
			projectRoot = "";
			targets = (
				04BA147C2AE5ED6800138FB9 /* SeSACRxSwiftBasic */,
				04BA14922AE5ED6900138FB9 /* SeSACRxSwiftBasicTests */,
				04BA149C2AE5ED6900138FB9 /* SeSACRxSwiftBasicUITests */,
			);
		};
/* End PBXProject section */

/* Begin PBXResourcesBuildPhase section */
		04BA147B2AE5ED6800138FB9 /* Resources */ = {
			isa = PBXResourcesBuildPhase;
			buildActionMask = 2147483647;
			files = (
				04BA148D2AE5ED6900138FB9 /* LaunchScreen.storyboard in Resources */,
				04BA148A2AE5ED6900138FB9 /* Assets.xcassets in Resources */,
				04BA14882AE5ED6800138FB9 /* Main.storyboard in Resources */,
			);
			runOnlyForDeploymentPostprocessing = 0;
		};
		04BA14912AE5ED6900138FB9 /* Resources */ = {
			isa = PBXResourcesBuildPhase;
			buildActionMask = 2147483647;
			files = (
			);
			runOnlyForDeploymentPostprocessing = 0;
		};
		04BA149B2AE5ED6900138FB9 /* Resources */ = {
			isa = PBXResourcesBuildPhase;
			buildActionMask = 2147483647;
			files = (
			);
			runOnlyForDeploymentPostprocessing = 0;
		};
/* End PBXResourcesBuildPhase section */

/* Begin PBXSourcesBuildPhase section */
		04BA14792AE5ED6800138FB9 /* Sources */ = {
			isa = PBXSourcesBuildPhase;
			buildActionMask = 2147483647;
			files = (
				04BA14852AE5ED6800138FB9 /* ViewController.swift in Sources */,
				6ABB242A2AE8ABF800E32838 /* BasicViewController.swift in Sources */,
				04BA14812AE5ED6800138FB9 /* AppDelegate.swift in Sources */,
				04BA14B62AE5F3B000138FB9 /* RxViewController.swift in Sources */,
				04BA14832AE5ED6800138FB9 /* SceneDelegate.swift in Sources */,
			);
			runOnlyForDeploymentPostprocessing = 0;
		};
		04BA148F2AE5ED6900138FB9 /* Sources */ = {
			isa = PBXSourcesBuildPhase;
			buildActionMask = 2147483647;
			files = (
				04BA14982AE5ED6900138FB9 /* SeSACRxSwiftBasicTests.swift in Sources */,
			);
			runOnlyForDeploymentPostprocessing = 0;
		};
		04BA14992AE5ED6900138FB9 /* Sources */ = {
			isa = PBXSourcesBuildPhase;
			buildActionMask = 2147483647;
			files = (
				04BA14A22AE5ED6900138FB9 /* SeSACRxSwiftBasicUITests.swift in Sources */,
				04BA14A42AE5ED6900138FB9 /* SeSACRxSwiftBasicUITestsLaunchTests.swift in Sources */,
			);
			runOnlyForDeploymentPostprocessing = 0;
		};
/* End PBXSourcesBuildPhase section */

/* Begin PBXTargetDependency section */
		04BA14952AE5ED6900138FB9 /* PBXTargetDependency */ = {
			isa = PBXTargetDependency;
			target = 04BA147C2AE5ED6800138FB9 /* SeSACRxSwiftBasic */;
			targetProxy = 04BA14942AE5ED6900138FB9 /* PBXContainerItemProxy */;
		};
		04BA149F2AE5ED6900138FB9 /* PBXTargetDependency */ = {
			isa = PBXTargetDependency;
			target = 04BA147C2AE5ED6800138FB9 /* SeSACRxSwiftBasic */;
			targetProxy = 04BA149E2AE5ED6900138FB9 /* PBXContainerItemProxy */;
		};
/* End PBXTargetDependency section */

/* Begin PBXVariantGroup section */
		04BA14862AE5ED6800138FB9 /* Main.storyboard */ = {
			isa = PBXVariantGroup;
			children = (
				04BA14872AE5ED6800138FB9 /* Base */,
			);
			name = Main.storyboard;
			sourceTree = "<group>";
		};
		04BA148B2AE5ED6900138FB9 /* LaunchScreen.storyboard */ = {
			isa = PBXVariantGroup;
			children = (
				04BA148C2AE5ED6900138FB9 /* Base */,
			);
			name = LaunchScreen.storyboard;
			sourceTree = "<group>";
		};
/* End PBXVariantGroup section */

/* Begin XCBuildConfiguration section */
		04BA14A52AE5ED6900138FB9 /* Debug */ = {
			isa = XCBuildConfiguration;
			buildSettings = {
				ALWAYS_SEARCH_USER_PATHS = NO;
				ASSETCATALOG_COMPILER_GENERATE_SWIFT_ASSET_SYMBOL_EXTENSIONS = YES;
				CLANG_ANALYZER_NONNULL = YES;
				CLANG_ANALYZER_NUMBER_OBJECT_CONVERSION = YES_AGGRESSIVE;
				CLANG_CXX_LANGUAGE_STANDARD = "gnu++20";
				CLANG_ENABLE_MODULES = YES;
				CLANG_ENABLE_OBJC_ARC = YES;
				CLANG_ENABLE_OBJC_WEAK = YES;
				CLANG_WARN_BLOCK_CAPTURE_AUTORELEASING = YES;
				CLANG_WARN_BOOL_CONVERSION = YES;
				CLANG_WARN_COMMA = YES;
				CLANG_WARN_CONSTANT_CONVERSION = YES;
				CLANG_WARN_DEPRECATED_OBJC_IMPLEMENTATIONS = YES;
				CLANG_WARN_DIRECT_OBJC_ISA_USAGE = YES_ERROR;
				CLANG_WARN_DOCUMENTATION_COMMENTS = YES;
				CLANG_WARN_EMPTY_BODY = YES;
				CLANG_WARN_ENUM_CONVERSION = YES;
				CLANG_WARN_INFINITE_RECURSION = YES;
				CLANG_WARN_INT_CONVERSION = YES;
				CLANG_WARN_NON_LITERAL_NULL_CONVERSION = YES;
				CLANG_WARN_OBJC_IMPLICIT_RETAIN_SELF = YES;
				CLANG_WARN_OBJC_LITERAL_CONVERSION = YES;
				CLANG_WARN_OBJC_ROOT_CLASS = YES_ERROR;
				CLANG_WARN_QUOTED_INCLUDE_IN_FRAMEWORK_HEADER = YES;
				CLANG_WARN_RANGE_LOOP_ANALYSIS = YES;
				CLANG_WARN_STRICT_PROTOTYPES = YES;
				CLANG_WARN_SUSPICIOUS_MOVE = YES;
				CLANG_WARN_UNGUARDED_AVAILABILITY = YES_AGGRESSIVE;
				CLANG_WARN_UNREACHABLE_CODE = YES;
				CLANG_WARN__DUPLICATE_METHOD_MATCH = YES;
				COPY_PHASE_STRIP = NO;
				DEBUG_INFORMATION_FORMAT = dwarf;
				ENABLE_STRICT_OBJC_MSGSEND = YES;
				ENABLE_TESTABILITY = YES;
				ENABLE_USER_SCRIPT_SANDBOXING = YES;
				GCC_C_LANGUAGE_STANDARD = gnu17;
				GCC_DYNAMIC_NO_PIC = NO;
				GCC_NO_COMMON_BLOCKS = YES;
				GCC_OPTIMIZATION_LEVEL = 0;
				GCC_PREPROCESSOR_DEFINITIONS = (
					"DEBUG=1",
					"$(inherited)",
				);
				GCC_WARN_64_TO_32_BIT_CONVERSION = YES;
				GCC_WARN_ABOUT_RETURN_TYPE = YES_ERROR;
				GCC_WARN_UNDECLARED_SELECTOR = YES;
				GCC_WARN_UNINITIALIZED_AUTOS = YES_AGGRESSIVE;
				GCC_WARN_UNUSED_FUNCTION = YES;
				GCC_WARN_UNUSED_VARIABLE = YES;
				IPHONEOS_DEPLOYMENT_TARGET = 17.0;
				LOCALIZATION_PREFERS_STRING_CATALOGS = YES;
				MTL_ENABLE_DEBUG_INFO = INCLUDE_SOURCE;
				MTL_FAST_MATH = YES;
				ONLY_ACTIVE_ARCH = YES;
				SDKROOT = iphoneos;
				SWIFT_ACTIVE_COMPILATION_CONDITIONS = "DEBUG $(inherited)";
				SWIFT_OPTIMIZATION_LEVEL = "-Onone";
			};
			name = Debug;
		};
		04BA14A62AE5ED6900138FB9 /* Release */ = {
			isa = XCBuildConfiguration;
			buildSettings = {
				ALWAYS_SEARCH_USER_PATHS = NO;
				ASSETCATALOG_COMPILER_GENERATE_SWIFT_ASSET_SYMBOL_EXTENSIONS = YES;
				CLANG_ANALYZER_NONNULL = YES;
				CLANG_ANALYZER_NUMBER_OBJECT_CONVERSION = YES_AGGRESSIVE;
				CLANG_CXX_LANGUAGE_STANDARD = "gnu++20";
				CLANG_ENABLE_MODULES = YES;
				CLANG_ENABLE_OBJC_ARC = YES;
				CLANG_ENABLE_OBJC_WEAK = YES;
				CLANG_WARN_BLOCK_CAPTURE_AUTORELEASING = YES;
				CLANG_WARN_BOOL_CONVERSION = YES;
				CLANG_WARN_COMMA = YES;
				CLANG_WARN_CONSTANT_CONVERSION = YES;
				CLANG_WARN_DEPRECATED_OBJC_IMPLEMENTATIONS = YES;
				CLANG_WARN_DIRECT_OBJC_ISA_USAGE = YES_ERROR;
				CLANG_WARN_DOCUMENTATION_COMMENTS = YES;
				CLANG_WARN_EMPTY_BODY = YES;
				CLANG_WARN_ENUM_CONVERSION = YES;
				CLANG_WARN_INFINITE_RECURSION = YES;
				CLANG_WARN_INT_CONVERSION = YES;
				CLANG_WARN_NON_LITERAL_NULL_CONVERSION = YES;
				CLANG_WARN_OBJC_IMPLICIT_RETAIN_SELF = YES;
				CLANG_WARN_OBJC_LITERAL_CONVERSION = YES;
				CLANG_WARN_OBJC_ROOT_CLASS = YES_ERROR;
				CLANG_WARN_QUOTED_INCLUDE_IN_FRAMEWORK_HEADER = YES;
				CLANG_WARN_RANGE_LOOP_ANALYSIS = YES;
				CLANG_WARN_STRICT_PROTOTYPES = YES;
				CLANG_WARN_SUSPICIOUS_MOVE = YES;
				CLANG_WARN_UNGUARDED_AVAILABILITY = YES_AGGRESSIVE;
				CLANG_WARN_UNREACHABLE_CODE = YES;
				CLANG_WARN__DUPLICATE_METHOD_MATCH = YES;
				COPY_PHASE_STRIP = NO;
				DEBUG_INFORMATION_FORMAT = "dwarf-with-dsym";
				ENABLE_NS_ASSERTIONS = NO;
				ENABLE_STRICT_OBJC_MSGSEND = YES;
				ENABLE_USER_SCRIPT_SANDBOXING = YES;
				GCC_C_LANGUAGE_STANDARD = gnu17;
				GCC_NO_COMMON_BLOCKS = YES;
				GCC_WARN_64_TO_32_BIT_CONVERSION = YES;
				GCC_WARN_ABOUT_RETURN_TYPE = YES_ERROR;
				GCC_WARN_UNDECLARED_SELECTOR = YES;
				GCC_WARN_UNINITIALIZED_AUTOS = YES_AGGRESSIVE;
				GCC_WARN_UNUSED_FUNCTION = YES;
				GCC_WARN_UNUSED_VARIABLE = YES;
				IPHONEOS_DEPLOYMENT_TARGET = 17.0;
				LOCALIZATION_PREFERS_STRING_CATALOGS = YES;
				MTL_ENABLE_DEBUG_INFO = NO;
				MTL_FAST_MATH = YES;
				SDKROOT = iphoneos;
				SWIFT_COMPILATION_MODE = wholemodule;
				VALIDATE_PRODUCT = YES;
			};
			name = Release;
		};
		04BA14A82AE5ED6900138FB9 /* Debug */ = {
			isa = XCBuildConfiguration;
			buildSettings = {
				ASSETCATALOG_COMPILER_APPICON_NAME = AppIcon;
				ASSETCATALOG_COMPILER_GLOBAL_ACCENT_COLOR_NAME = AccentColor;
				CODE_SIGN_STYLE = Automatic;
				CURRENT_PROJECT_VERSION = 1;
				DEVELOPMENT_TEAM = 3H85AXMVD3;
				GENERATE_INFOPLIST_FILE = YES;
				INFOPLIST_FILE = SeSACRxSwiftBasic/Info.plist;
				INFOPLIST_KEY_UIApplicationSupportsIndirectInputEvents = YES;
				INFOPLIST_KEY_UILaunchStoryboardName = LaunchScreen;
				INFOPLIST_KEY_UIMainStoryboardFile = Main;
				INFOPLIST_KEY_UISupportedInterfaceOrientations_iPad = "UIInterfaceOrientationPortrait UIInterfaceOrientationPortraitUpsideDown UIInterfaceOrientationLandscapeLeft UIInterfaceOrientationLandscapeRight";
				INFOPLIST_KEY_UISupportedInterfaceOrientations_iPhone = "UIInterfaceOrientationPortrait UIInterfaceOrientationLandscapeLeft UIInterfaceOrientationLandscapeRight";
				LD_RUNPATH_SEARCH_PATHS = (
					"$(inherited)",
					"@executable_path/Frameworks",
				);
				MARKETING_VERSION = 1.0;
				PRODUCT_BUNDLE_IDENTIFIER = com.sesac.SeSACRxSwiftBasic;
				PRODUCT_NAME = "$(TARGET_NAME)";
				SWIFT_EMIT_LOC_STRINGS = YES;
				SWIFT_VERSION = 5.0;
				TARGETED_DEVICE_FAMILY = "1,2";
			};
			name = Debug;
		};
		04BA14A92AE5ED6900138FB9 /* Release */ = {
			isa = XCBuildConfiguration;
			buildSettings = {
				ASSETCATALOG_COMPILER_APPICON_NAME = AppIcon;
				ASSETCATALOG_COMPILER_GLOBAL_ACCENT_COLOR_NAME = AccentColor;
				CODE_SIGN_STYLE = Automatic;
				CURRENT_PROJECT_VERSION = 1;
				DEVELOPMENT_TEAM = 3H85AXMVD3;
				GENERATE_INFOPLIST_FILE = YES;
				INFOPLIST_FILE = SeSACRxSwiftBasic/Info.plist;
				INFOPLIST_KEY_UIApplicationSupportsIndirectInputEvents = YES;
				INFOPLIST_KEY_UILaunchStoryboardName = LaunchScreen;
				INFOPLIST_KEY_UIMainStoryboardFile = Main;
				INFOPLIST_KEY_UISupportedInterfaceOrientations_iPad = "UIInterfaceOrientationPortrait UIInterfaceOrientationPortraitUpsideDown UIInterfaceOrientationLandscapeLeft UIInterfaceOrientationLandscapeRight";
				INFOPLIST_KEY_UISupportedInterfaceOrientations_iPhone = "UIInterfaceOrientationPortrait UIInterfaceOrientationLandscapeLeft UIInterfaceOrientationLandscapeRight";
				LD_RUNPATH_SEARCH_PATHS = (
					"$(inherited)",
					"@executable_path/Frameworks",
				);
				MARKETING_VERSION = 1.0;
				PRODUCT_BUNDLE_IDENTIFIER = com.sesac.SeSACRxSwiftBasic;
				PRODUCT_NAME = "$(TARGET_NAME)";
				SWIFT_EMIT_LOC_STRINGS = YES;
				SWIFT_VERSION = 5.0;
				TARGETED_DEVICE_FAMILY = "1,2";
			};
			name = Release;
		};
		04BA14AB2AE5ED6900138FB9 /* Debug */ = {
			isa = XCBuildConfiguration;
			buildSettings = {
				ALWAYS_EMBED_SWIFT_STANDARD_LIBRARIES = YES;
				BUNDLE_LOADER = "$(TEST_HOST)";
				CODE_SIGN_STYLE = Automatic;
				CURRENT_PROJECT_VERSION = 1;
				GENERATE_INFOPLIST_FILE = YES;
				IPHONEOS_DEPLOYMENT_TARGET = 17.0;
				MARKETING_VERSION = 1.0;
				PRODUCT_BUNDLE_IDENTIFIER = com.sesac.SeSACRxSwiftBasicTests;
				PRODUCT_NAME = "$(TARGET_NAME)";
				SWIFT_EMIT_LOC_STRINGS = NO;
				SWIFT_VERSION = 5.0;
				TARGETED_DEVICE_FAMILY = "1,2";
				TEST_HOST = "$(BUILT_PRODUCTS_DIR)/SeSACRxSwiftBasic.app/$(BUNDLE_EXECUTABLE_FOLDER_PATH)/SeSACRxSwiftBasic";
			};
			name = Debug;
		};
		04BA14AC2AE5ED6900138FB9 /* Release */ = {
			isa = XCBuildConfiguration;
			buildSettings = {
				ALWAYS_EMBED_SWIFT_STANDARD_LIBRARIES = YES;
				BUNDLE_LOADER = "$(TEST_HOST)";
				CODE_SIGN_STYLE = Automatic;
				CURRENT_PROJECT_VERSION = 1;
				GENERATE_INFOPLIST_FILE = YES;
				IPHONEOS_DEPLOYMENT_TARGET = 17.0;
				MARKETING_VERSION = 1.0;
				PRODUCT_BUNDLE_IDENTIFIER = com.sesac.SeSACRxSwiftBasicTests;
				PRODUCT_NAME = "$(TARGET_NAME)";
				SWIFT_EMIT_LOC_STRINGS = NO;
				SWIFT_VERSION = 5.0;
				TARGETED_DEVICE_FAMILY = "1,2";
				TEST_HOST = "$(BUILT_PRODUCTS_DIR)/SeSACRxSwiftBasic.app/$(BUNDLE_EXECUTABLE_FOLDER_PATH)/SeSACRxSwiftBasic";
			};
			name = Release;
		};
		04BA14AE2AE5ED6900138FB9 /* Debug */ = {
			isa = XCBuildConfiguration;
			buildSettings = {
				ALWAYS_EMBED_SWIFT_STANDARD_LIBRARIES = YES;
				CODE_SIGN_STYLE = Automatic;
				CURRENT_PROJECT_VERSION = 1;
				GENERATE_INFOPLIST_FILE = YES;
				MARKETING_VERSION = 1.0;
				PRODUCT_BUNDLE_IDENTIFIER = com.sesac.SeSACRxSwiftBasicUITests;
				PRODUCT_NAME = "$(TARGET_NAME)";
				SWIFT_EMIT_LOC_STRINGS = NO;
				SWIFT_VERSION = 5.0;
				TARGETED_DEVICE_FAMILY = "1,2";
				TEST_TARGET_NAME = SeSACRxSwiftBasic;
			};
			name = Debug;
		};
		04BA14AF2AE5ED6900138FB9 /* Release */ = {
			isa = XCBuildConfiguration;
			buildSettings = {
				ALWAYS_EMBED_SWIFT_STANDARD_LIBRARIES = YES;
				CODE_SIGN_STYLE = Automatic;
				CURRENT_PROJECT_VERSION = 1;
				GENERATE_INFOPLIST_FILE = YES;
				MARKETING_VERSION = 1.0;
				PRODUCT_BUNDLE_IDENTIFIER = com.sesac.SeSACRxSwiftBasicUITests;
				PRODUCT_NAME = "$(TARGET_NAME)";
				SWIFT_EMIT_LOC_STRINGS = NO;
				SWIFT_VERSION = 5.0;
				TARGETED_DEVICE_FAMILY = "1,2";
				TEST_TARGET_NAME = SeSACRxSwiftBasic;
			};
			name = Release;
		};
/* End XCBuildConfiguration section */

/* Begin XCConfigurationList section */
		04BA14782AE5ED6800138FB9 /* Build configuration list for PBXProject "SeSACRxSwiftBasic" */ = {
			isa = XCConfigurationList;
			buildConfigurations = (
				04BA14A52AE5ED6900138FB9 /* Debug */,
				04BA14A62AE5ED6900138FB9 /* Release */,
			);
			defaultConfigurationIsVisible = 0;
			defaultConfigurationName = Release;
		};
		04BA14A72AE5ED6900138FB9 /* Build configuration list for PBXNativeTarget "SeSACRxSwiftBasic" */ = {
			isa = XCConfigurationList;
			buildConfigurations = (
				04BA14A82AE5ED6900138FB9 /* Debug */,
				04BA14A92AE5ED6900138FB9 /* Release */,
			);
			defaultConfigurationIsVisible = 0;
			defaultConfigurationName = Release;
		};
		04BA14AA2AE5ED6900138FB9 /* Build configuration list for PBXNativeTarget "SeSACRxSwiftBasicTests" */ = {
			isa = XCConfigurationList;
			buildConfigurations = (
				04BA14AB2AE5ED6900138FB9 /* Debug */,
				04BA14AC2AE5ED6900138FB9 /* Release */,
			);
			defaultConfigurationIsVisible = 0;
			defaultConfigurationName = Release;
		};
		04BA14AD2AE5ED6900138FB9 /* Build configuration list for PBXNativeTarget "SeSACRxSwiftBasicUITests" */ = {
			isa = XCConfigurationList;
			buildConfigurations = (
				04BA14AE2AE5ED6900138FB9 /* Debug */,
				04BA14AF2AE5ED6900138FB9 /* Release */,
			);
			defaultConfigurationIsVisible = 0;
			defaultConfigurationName = Release;
		};
/* End XCConfigurationList section */

/* Begin XCRemoteSwiftPackageReference section */
		6A3FC74A2AE60CA900E8A16C /* XCRemoteSwiftPackageReference "RxSwift" */ = {
			isa = XCRemoteSwiftPackageReference;
			repositoryURL = "https://github.com/ReactiveX/RxSwift.git";
			requirement = {
				kind = upToNextMajorVersion;
				minimumVersion = 6.6.0;
			};
		};
/* End XCRemoteSwiftPackageReference section */

/* Begin XCSwiftPackageProductDependency section */
		6A3FC74B2AE60CA900E8A16C /* RxCocoa */ = {
			isa = XCSwiftPackageProductDependency;
			package = 6A3FC74A2AE60CA900E8A16C /* XCRemoteSwiftPackageReference "RxSwift" */;
			productName = RxCocoa;
		};
		6A3FC74D2AE60CA900E8A16C /* RxSwift */ = {
			isa = XCSwiftPackageProductDependency;
			package = 6A3FC74A2AE60CA900E8A16C /* XCRemoteSwiftPackageReference "RxSwift" */;
			productName = RxSwift;
		};
/* End XCSwiftPackageProductDependency section */
	};
	rootObject = 04BA14752AE5ED6800138FB9 /* Project object */;
}
