// !$*UTF8*$!
{
	archiveVersion = 1;
	classes = {
	};
	objectVersion = 56;
	objects = {

/* Begin PBXBuildFile section */
		6A1DE1542A7A94EC0083CDF7 /* HotContentsTableViewCell.swift in Sources */ = {isa = PBXBuildFile; fileRef = 6A1DE1522A7A94EC0083CDF7 /* HotContentsTableViewCell.swift */; };
		6A1DE1552A7A94EC0083CDF7 /* HotContentsTableViewCell.xib in Resources */ = {isa = PBXBuildFile; fileRef = 6A1DE1532A7A94EC0083CDF7 /* HotContentsTableViewCell.xib */; };
		6A1DE15A2A7A952D0083CDF7 /* RecentCollectionViewCell.swift in Sources */ = {isa = PBXBuildFile; fileRef = 6A1DE1582A7A952D0083CDF7 /* RecentCollectionViewCell.swift */; };
		6A1DE15B2A7A952D0083CDF7 /* RecentCollectionViewCell.xib in Resources */ = {isa = PBXBuildFile; fileRef = 6A1DE1592A7A952D0083CDF7 /* RecentCollectionViewCell.xib */; };
		6A2CF3E62A7A9A6400D7359A /* LookAroundViewController.swift in Sources */ = {isa = PBXBuildFile; fileRef = 6A2CF3E52A7A9A6400D7359A /* LookAroundViewController.swift */; };
		6A7936632A82A33500316F2F /* .gitignore in Resources */ = {isa = PBXBuildFile; fileRef = 6A7936622A82A33500316F2F /* .gitignore */; };
		6A7936652A82A34F00316F2F /* APIKeys.swift in Sources */ = {isa = PBXBuildFile; fileRef = 6A7936642A82A34F00316F2F /* APIKeys.swift */; };
		6A7936682A82A4B300316F2F /* SwiftyJSON in Frameworks */ = {isa = PBXBuildFile; productRef = 6A7936672A82A4B300316F2F /* SwiftyJSON */; };
		6A79366B2A82A4BF00316F2F /* Alamofire in Frameworks */ = {isa = PBXBuildFile; productRef = 6A79366A2A82A4BF00316F2F /* Alamofire */; };
		6A95FC4B2A77C04D00C04179 /* AppDelegate.swift in Sources */ = {isa = PBXBuildFile; fileRef = 6A95FC4A2A77C04D00C04179 /* AppDelegate.swift */; };
		6A95FC4D2A77C04D00C04179 /* SceneDelegate.swift in Sources */ = {isa = PBXBuildFile; fileRef = 6A95FC4C2A77C04D00C04179 /* SceneDelegate.swift */; };
		6A95FC4F2A77C04D00C04179 /* SearchViewController.swift in Sources */ = {isa = PBXBuildFile; fileRef = 6A95FC4E2A77C04D00C04179 /* SearchViewController.swift */; };
		6A95FC522A77C04D00C04179 /* Main.storyboard in Resources */ = {isa = PBXBuildFile; fileRef = 6A95FC502A77C04D00C04179 /* Main.storyboard */; };
		6A95FC542A77C05200C04179 /* Assets.xcassets in Resources */ = {isa = PBXBuildFile; fileRef = 6A95FC532A77C05200C04179 /* Assets.xcassets */; };
		6A95FC572A77C05200C04179 /* LaunchScreen.storyboard in Resources */ = {isa = PBXBuildFile; fileRef = 6A95FC552A77C05200C04179 /* LaunchScreen.storyboard */; };
		6A95FC5F2A77C1F600C04179 /* HomeCollectionViewController.swift in Sources */ = {isa = PBXBuildFile; fileRef = 6A95FC5E2A77C1F600C04179 /* HomeCollectionViewController.swift */; };
		6A95FC612A77C24300C04179 /* DetailViewController.swift in Sources */ = {isa = PBXBuildFile; fileRef = 6A95FC602A77C24300C04179 /* DetailViewController.swift */; };
		6A95FC642A77C2DE00C04179 /* MovieCollectionViewCell.swift in Sources */ = {isa = PBXBuildFile; fileRef = 6A95FC622A77C2DE00C04179 /* MovieCollectionViewCell.swift */; };
		6A95FC652A77C2DE00C04179 /* MovieCollectionViewCell.xib in Resources */ = {isa = PBXBuildFile; fileRef = 6A95FC632A77C2DE00C04179 /* MovieCollectionViewCell.xib */; };
		6A95FC672A77C4D200C04179 /* MovieData.swift in Sources */ = {isa = PBXBuildFile; fileRef = 6A95FC662A77C4D200C04179 /* MovieData.swift */; };
		6AB25F562A8398A500B59593 /* BookTableViewCell.swift in Sources */ = {isa = PBXBuildFile; fileRef = 6AB25F552A8398A500B59593 /* BookTableViewCell.swift */; };
		6AB25F592A839ABC00B59593 /* Kingfisher in Frameworks */ = {isa = PBXBuildFile; productRef = 6AB25F582A839ABC00B59593 /* Kingfisher */; };
		6AD0BC0E2A7BF8A500A0B41E /* TransitionType.swift in Sources */ = {isa = PBXBuildFile; fileRef = 6AD0BC0D2A7BF8A500A0B41E /* TransitionType.swift */; };
/* End PBXBuildFile section */

/* Begin PBXFileReference section */
		6A1DE1522A7A94EC0083CDF7 /* HotContentsTableViewCell.swift */ = {isa = PBXFileReference; lastKnownFileType = sourcecode.swift; path = HotContentsTableViewCell.swift; sourceTree = "<group>"; };
		6A1DE1532A7A94EC0083CDF7 /* HotContentsTableViewCell.xib */ = {isa = PBXFileReference; lastKnownFileType = file.xib; path = HotContentsTableViewCell.xib; sourceTree = "<group>"; };
		6A1DE1582A7A952D0083CDF7 /* RecentCollectionViewCell.swift */ = {isa = PBXFileReference; lastKnownFileType = sourcecode.swift; path = RecentCollectionViewCell.swift; sourceTree = "<group>"; };
		6A1DE1592A7A952D0083CDF7 /* RecentCollectionViewCell.xib */ = {isa = PBXFileReference; lastKnownFileType = file.xib; path = RecentCollectionViewCell.xib; sourceTree = "<group>"; };
		6A2CF3E52A7A9A6400D7359A /* LookAroundViewController.swift */ = {isa = PBXFileReference; lastKnownFileType = sourcecode.swift; path = LookAroundViewController.swift; sourceTree = "<group>"; };
		6A7936622A82A33500316F2F /* .gitignore */ = {isa = PBXFileReference; lastKnownFileType = text; path = .gitignore; sourceTree = "<group>"; };
		6A7936642A82A34F00316F2F /* APIKeys.swift */ = {isa = PBXFileReference; lastKnownFileType = sourcecode.swift; path = APIKeys.swift; sourceTree = "<group>"; };
		6A95FC472A77C04D00C04179 /* BookWorm Project.app */ = {isa = PBXFileReference; explicitFileType = wrapper.application; includeInIndex = 0; path = "BookWorm Project.app"; sourceTree = BUILT_PRODUCTS_DIR; };
		6A95FC4A2A77C04D00C04179 /* AppDelegate.swift */ = {isa = PBXFileReference; lastKnownFileType = sourcecode.swift; path = AppDelegate.swift; sourceTree = "<group>"; };
		6A95FC4C2A77C04D00C04179 /* SceneDelegate.swift */ = {isa = PBXFileReference; lastKnownFileType = sourcecode.swift; path = SceneDelegate.swift; sourceTree = "<group>"; };
		6A95FC4E2A77C04D00C04179 /* SearchViewController.swift */ = {isa = PBXFileReference; lastKnownFileType = sourcecode.swift; path = SearchViewController.swift; sourceTree = "<group>"; };
		6A95FC512A77C04D00C04179 /* Base */ = {isa = PBXFileReference; lastKnownFileType = file.storyboard; name = Base; path = Base.lproj/Main.storyboard; sourceTree = "<group>"; };
		6A95FC532A77C05200C04179 /* Assets.xcassets */ = {isa = PBXFileReference; lastKnownFileType = folder.assetcatalog; path = Assets.xcassets; sourceTree = "<group>"; };
		6A95FC562A77C05200C04179 /* Base */ = {isa = PBXFileReference; lastKnownFileType = file.storyboard; name = Base; path = Base.lproj/LaunchScreen.storyboard; sourceTree = "<group>"; };
		6A95FC582A77C05200C04179 /* Info.plist */ = {isa = PBXFileReference; lastKnownFileType = text.plist.xml; path = Info.plist; sourceTree = "<group>"; };
		6A95FC5E2A77C1F600C04179 /* HomeCollectionViewController.swift */ = {isa = PBXFileReference; lastKnownFileType = sourcecode.swift; path = HomeCollectionViewController.swift; sourceTree = "<group>"; };
		6A95FC602A77C24300C04179 /* DetailViewController.swift */ = {isa = PBXFileReference; lastKnownFileType = sourcecode.swift; path = DetailViewController.swift; sourceTree = "<group>"; };
		6A95FC622A77C2DE00C04179 /* MovieCollectionViewCell.swift */ = {isa = PBXFileReference; lastKnownFileType = sourcecode.swift; path = MovieCollectionViewCell.swift; sourceTree = "<group>"; };
		6A95FC632A77C2DE00C04179 /* MovieCollectionViewCell.xib */ = {isa = PBXFileReference; lastKnownFileType = file.xib; path = MovieCollectionViewCell.xib; sourceTree = "<group>"; };
		6A95FC662A77C4D200C04179 /* MovieData.swift */ = {isa = PBXFileReference; lastKnownFileType = sourcecode.swift; path = MovieData.swift; sourceTree = "<group>"; };
		6AB25F552A8398A500B59593 /* BookTableViewCell.swift */ = {isa = PBXFileReference; lastKnownFileType = sourcecode.swift; path = BookTableViewCell.swift; sourceTree = "<group>"; };
		6AD0BC0D2A7BF8A500A0B41E /* TransitionType.swift */ = {isa = PBXFileReference; lastKnownFileType = sourcecode.swift; path = TransitionType.swift; sourceTree = "<group>"; };
/* End PBXFileReference section */

/* Begin PBXFrameworksBuildPhase section */
		6A95FC442A77C04D00C04179 /* Frameworks */ = {
			isa = PBXFrameworksBuildPhase;
			buildActionMask = 2147483647;
			files = (
				6AB25F592A839ABC00B59593 /* Kingfisher in Frameworks */,
				6A7936682A82A4B300316F2F /* SwiftyJSON in Frameworks */,
				6A79366B2A82A4BF00316F2F /* Alamofire in Frameworks */,
			);
			runOnlyForDeploymentPostprocessing = 0;
		};
/* End PBXFrameworksBuildPhase section */

/* Begin PBXGroup section */
		6A1DE14D2A7A940A0083CDF7 /* ViewControllers */ = {
			isa = PBXGroup;
			children = (
				6A95FC4E2A77C04D00C04179 /* SearchViewController.swift */,
				6A95FC602A77C24300C04179 /* DetailViewController.swift */,
				6A95FC5E2A77C1F600C04179 /* HomeCollectionViewController.swift */,
				6A2CF3E52A7A9A6400D7359A /* LookAroundViewController.swift */,
			);
			path = ViewControllers;
			sourceTree = "<group>";
		};
		6A1DE14E2A7A94270083CDF7 /* Cells */ = {
			isa = PBXGroup;
			children = (
				6A95FC622A77C2DE00C04179 /* MovieCollectionViewCell.swift */,
				6A95FC632A77C2DE00C04179 /* MovieCollectionViewCell.xib */,
				6A1DE1522A7A94EC0083CDF7 /* HotContentsTableViewCell.swift */,
				6A1DE1532A7A94EC0083CDF7 /* HotContentsTableViewCell.xib */,
				6A1DE1582A7A952D0083CDF7 /* RecentCollectionViewCell.swift */,
				6A1DE1592A7A952D0083CDF7 /* RecentCollectionViewCell.xib */,
				6AB25F552A8398A500B59593 /* BookTableViewCell.swift */,
			);
			path = Cells;
			sourceTree = "<group>";
		};
		6A1DE14F2A7A944F0083CDF7 /* Data */ = {
			isa = PBXGroup;
			children = (
				6A95FC662A77C4D200C04179 /* MovieData.swift */,
			);
			path = Data;
			sourceTree = "<group>";
		};
		6A1DE1502A7A94630083CDF7 /* Resource */ = {
			isa = PBXGroup;
			children = (
				6A95FC4A2A77C04D00C04179 /* AppDelegate.swift */,
				6A95FC4C2A77C04D00C04179 /* SceneDelegate.swift */,
				6A95FC532A77C05200C04179 /* Assets.xcassets */,
			);
			path = Resource;
			sourceTree = "<group>";
		};
		6A1DE1512A7A94800083CDF7 /* Storyboard */ = {
			isa = PBXGroup;
			children = (
				6A95FC552A77C05200C04179 /* LaunchScreen.storyboard */,
				6A95FC502A77C04D00C04179 /* Main.storyboard */,
			);
			path = Storyboard;
			sourceTree = "<group>";
		};
		6A95FC3E2A77C04D00C04179 = {
			isa = PBXGroup;
			children = (
				6A95FC492A77C04D00C04179 /* BookWorm Project */,
				6A95FC482A77C04D00C04179 /* Products */,
			);
			sourceTree = "<group>";
		};
		6A95FC482A77C04D00C04179 /* Products */ = {
			isa = PBXGroup;
			children = (
				6A95FC472A77C04D00C04179 /* BookWorm Project.app */,
			);
			name = Products;
			sourceTree = "<group>";
		};
		6A95FC492A77C04D00C04179 /* BookWorm Project */ = {
			isa = PBXGroup;
			children = (
				6AD0BC0C2A7BF89000A0B41E /* Enum */,
				6A1DE1512A7A94800083CDF7 /* Storyboard */,
				6A1DE14D2A7A940A0083CDF7 /* ViewControllers */,
				6A1DE14F2A7A944F0083CDF7 /* Data */,
				6A1DE14E2A7A94270083CDF7 /* Cells */,
				6A1DE1502A7A94630083CDF7 /* Resource */,
				6A95FC582A77C05200C04179 /* Info.plist */,
				6A7936622A82A33500316F2F /* .gitignore */,
				6A7936642A82A34F00316F2F /* APIKeys.swift */,
			);
			path = "BookWorm Project";
			sourceTree = "<group>";
		};
		6AD0BC0C2A7BF89000A0B41E /* Enum */ = {
			isa = PBXGroup;
			children = (
				6AD0BC0D2A7BF8A500A0B41E /* TransitionType.swift */,
			);
			path = Enum;
			sourceTree = "<group>";
		};
/* End PBXGroup section */

/* Begin PBXNativeTarget section */
		6A95FC462A77C04D00C04179 /* BookWorm Project */ = {
			isa = PBXNativeTarget;
			buildConfigurationList = 6A95FC5B2A77C05200C04179 /* Build configuration list for PBXNativeTarget "BookWorm Project" */;
			buildPhases = (
				6A95FC432A77C04D00C04179 /* Sources */,
				6A95FC442A77C04D00C04179 /* Frameworks */,
				6A95FC452A77C04D00C04179 /* Resources */,
			);
			buildRules = (
			);
			dependencies = (
			);
			name = "BookWorm Project";
			packageProductDependencies = (
				6A7936672A82A4B300316F2F /* SwiftyJSON */,
				6A79366A2A82A4BF00316F2F /* Alamofire */,
				6AB25F582A839ABC00B59593 /* Kingfisher */,
			);
			productName = "BookWorm Project";
			productReference = 6A95FC472A77C04D00C04179 /* BookWorm Project.app */;
			productType = "com.apple.product-type.application";
		};
/* End PBXNativeTarget section */

/* Begin PBXProject section */
		6A95FC3F2A77C04D00C04179 /* Project object */ = {
			isa = PBXProject;
			attributes = {
				BuildIndependentTargetsInParallel = 1;
				LastSwiftUpdateCheck = 1430;
				LastUpgradeCheck = 1430;
				TargetAttributes = {
					6A95FC462A77C04D00C04179 = {
						CreatedOnToolsVersion = 14.3.1;
					};
				};
			};
			buildConfigurationList = 6A95FC422A77C04D00C04179 /* Build configuration list for PBXProject "BookWorm Project" */;
			compatibilityVersion = "Xcode 14.0";
			developmentRegion = en;
			hasScannedForEncodings = 0;
			knownRegions = (
				en,
				Base,
			);
			mainGroup = 6A95FC3E2A77C04D00C04179;
			packageReferences = (
				6A7936662A82A4B300316F2F /* XCRemoteSwiftPackageReference "SwiftyJSON" */,
				6A7936692A82A4BF00316F2F /* XCRemoteSwiftPackageReference "Alamofire" */,
				6AB25F572A839ABC00B59593 /* XCRemoteSwiftPackageReference "Kingfisher" */,
			);
			productRefGroup = 6A95FC482A77C04D00C04179 /* Products */;
			projectDirPath = "";
			projectRoot = "";
			targets = (
				6A95FC462A77C04D00C04179 /* BookWorm Project */,
			);
		};
/* End PBXProject section */

/* Begin PBXResourcesBuildPhase section */
		6A95FC452A77C04D00C04179 /* Resources */ = {
			isa = PBXResourcesBuildPhase;
			buildActionMask = 2147483647;
			files = (
				6A95FC572A77C05200C04179 /* LaunchScreen.storyboard in Resources */,
				6A7936632A82A33500316F2F /* .gitignore in Resources */,
				6A1DE15B2A7A952D0083CDF7 /* RecentCollectionViewCell.xib in Resources */,
				6A1DE1552A7A94EC0083CDF7 /* HotContentsTableViewCell.xib in Resources */,
				6A95FC542A77C05200C04179 /* Assets.xcassets in Resources */,
				6A95FC522A77C04D00C04179 /* Main.storyboard in Resources */,
				6A95FC652A77C2DE00C04179 /* MovieCollectionViewCell.xib in Resources */,
			);
			runOnlyForDeploymentPostprocessing = 0;
		};
/* End PBXResourcesBuildPhase section */

/* Begin PBXSourcesBuildPhase section */
		6A95FC432A77C04D00C04179 /* Sources */ = {
			isa = PBXSourcesBuildPhase;
			buildActionMask = 2147483647;
			files = (
				6A95FC4F2A77C04D00C04179 /* SearchViewController.swift in Sources */,
				6A95FC5F2A77C1F600C04179 /* HomeCollectionViewController.swift in Sources */,
				6AB25F562A8398A500B59593 /* BookTableViewCell.swift in Sources */,
				6A95FC612A77C24300C04179 /* DetailViewController.swift in Sources */,
				6A95FC672A77C4D200C04179 /* MovieData.swift in Sources */,
				6A1DE1542A7A94EC0083CDF7 /* HotContentsTableViewCell.swift in Sources */,
				6A95FC642A77C2DE00C04179 /* MovieCollectionViewCell.swift in Sources */,
				6A7936652A82A34F00316F2F /* APIKeys.swift in Sources */,
				6A95FC4B2A77C04D00C04179 /* AppDelegate.swift in Sources */,
				6A1DE15A2A7A952D0083CDF7 /* RecentCollectionViewCell.swift in Sources */,
				6AD0BC0E2A7BF8A500A0B41E /* TransitionType.swift in Sources */,
				6A2CF3E62A7A9A6400D7359A /* LookAroundViewController.swift in Sources */,
				6A95FC4D2A77C04D00C04179 /* SceneDelegate.swift in Sources */,
			);
			runOnlyForDeploymentPostprocessing = 0;
		};
/* End PBXSourcesBuildPhase section */

/* Begin PBXVariantGroup section */
		6A95FC502A77C04D00C04179 /* Main.storyboard */ = {
			isa = PBXVariantGroup;
			children = (
				6A95FC512A77C04D00C04179 /* Base */,
			);
			name = Main.storyboard;
			sourceTree = "<group>";
		};
		6A95FC552A77C05200C04179 /* LaunchScreen.storyboard */ = {
			isa = PBXVariantGroup;
			children = (
				6A95FC562A77C05200C04179 /* Base */,
			);
			name = LaunchScreen.storyboard;
			sourceTree = "<group>";
		};
/* End PBXVariantGroup section */

/* Begin XCBuildConfiguration section */
		6A95FC592A77C05200C04179 /* Debug */ = {
			isa = XCBuildConfiguration;
			buildSettings = {
				ALWAYS_SEARCH_USER_PATHS = NO;
				CLANG_ANALYZER_NONNULL = YES;
				CLANG_ANALYZER_NUMBER_OBJECT_CONVERSION = YES_AGGRESSIVE;
				CLANG_CXX_LANGUAGE_STANDARD = "gnu++20";
				CLANG_ENABLE_MODULES = YES;
				CLANG_ENABLE_OBJC_ARC = YES;
				CLANG_ENABLE_OBJC_WEAK = YES;
				CLANG_WARN_BLOCK_CAPTURE_AUTORELEASING = YES;
				CLANG_WARN_BOOL_CONVERSION = YES;
				CLANG_WARN_COMMA = YES;
				CLANG_WARN_CONSTANT_CONVERSION = YES;
				CLANG_WARN_DEPRECATED_OBJC_IMPLEMENTATIONS = YES;
				CLANG_WARN_DIRECT_OBJC_ISA_USAGE = YES_ERROR;
				CLANG_WARN_DOCUMENTATION_COMMENTS = YES;
				CLANG_WARN_EMPTY_BODY = YES;
				CLANG_WARN_ENUM_CONVERSION = YES;
				CLANG_WARN_INFINITE_RECURSION = YES;
				CLANG_WARN_INT_CONVERSION = YES;
				CLANG_WARN_NON_LITERAL_NULL_CONVERSION = YES;
				CLANG_WARN_OBJC_IMPLICIT_RETAIN_SELF = YES;
				CLANG_WARN_OBJC_LITERAL_CONVERSION = YES;
				CLANG_WARN_OBJC_ROOT_CLASS = YES_ERROR;
				CLANG_WARN_QUOTED_INCLUDE_IN_FRAMEWORK_HEADER = YES;
				CLANG_WARN_RANGE_LOOP_ANALYSIS = YES;
				CLANG_WARN_STRICT_PROTOTYPES = YES;
				CLANG_WARN_SUSPICIOUS_MOVE = YES;
				CLANG_WARN_UNGUARDED_AVAILABILITY = YES_AGGRESSIVE;
				CLANG_WARN_UNREACHABLE_CODE = YES;
				CLANG_WARN__DUPLICATE_METHOD_MATCH = YES;
				COPY_PHASE_STRIP = NO;
				DEBUG_INFORMATION_FORMAT = dwarf;
				ENABLE_STRICT_OBJC_MSGSEND = YES;
				ENABLE_TESTABILITY = YES;
				GCC_C_LANGUAGE_STANDARD = gnu11;
				GCC_DYNAMIC_NO_PIC = NO;
				GCC_NO_COMMON_BLOCKS = YES;
				GCC_OPTIMIZATION_LEVEL = 0;
				GCC_PREPROCESSOR_DEFINITIONS = (
					"DEBUG=1",
					"$(inherited)",
				);
				GCC_WARN_64_TO_32_BIT_CONVERSION = YES;
				GCC_WARN_ABOUT_RETURN_TYPE = YES_ERROR;
				GCC_WARN_UNDECLARED_SELECTOR = YES;
				GCC_WARN_UNINITIALIZED_AUTOS = YES_AGGRESSIVE;
				GCC_WARN_UNUSED_FUNCTION = YES;
				GCC_WARN_UNUSED_VARIABLE = YES;
				IPHONEOS_DEPLOYMENT_TARGET = 16.4;
				MTL_ENABLE_DEBUG_INFO = INCLUDE_SOURCE;
				MTL_FAST_MATH = YES;
				ONLY_ACTIVE_ARCH = YES;
				SDKROOT = iphoneos;
				SWIFT_ACTIVE_COMPILATION_CONDITIONS = DEBUG;
				SWIFT_OPTIMIZATION_LEVEL = "-Onone";
			};
			name = Debug;
		};
		6A95FC5A2A77C05200C04179 /* Release */ = {
			isa = XCBuildConfiguration;
			buildSettings = {
				ALWAYS_SEARCH_USER_PATHS = NO;
				CLANG_ANALYZER_NONNULL = YES;
				CLANG_ANALYZER_NUMBER_OBJECT_CONVERSION = YES_AGGRESSIVE;
				CLANG_CXX_LANGUAGE_STANDARD = "gnu++20";
				CLANG_ENABLE_MODULES = YES;
				CLANG_ENABLE_OBJC_ARC = YES;
				CLANG_ENABLE_OBJC_WEAK = YES;
				CLANG_WARN_BLOCK_CAPTURE_AUTORELEASING = YES;
				CLANG_WARN_BOOL_CONVERSION = YES;
				CLANG_WARN_COMMA = YES;
				CLANG_WARN_CONSTANT_CONVERSION = YES;
				CLANG_WARN_DEPRECATED_OBJC_IMPLEMENTATIONS = YES;
				CLANG_WARN_DIRECT_OBJC_ISA_USAGE = YES_ERROR;
				CLANG_WARN_DOCUMENTATION_COMMENTS = YES;
				CLANG_WARN_EMPTY_BODY = YES;
				CLANG_WARN_ENUM_CONVERSION = YES;
				CLANG_WARN_INFINITE_RECURSION = YES;
				CLANG_WARN_INT_CONVERSION = YES;
				CLANG_WARN_NON_LITERAL_NULL_CONVERSION = YES;
				CLANG_WARN_OBJC_IMPLICIT_RETAIN_SELF = YES;
				CLANG_WARN_OBJC_LITERAL_CONVERSION = YES;
				CLANG_WARN_OBJC_ROOT_CLASS = YES_ERROR;
				CLANG_WARN_QUOTED_INCLUDE_IN_FRAMEWORK_HEADER = YES;
				CLANG_WARN_RANGE_LOOP_ANALYSIS = YES;
				CLANG_WARN_STRICT_PROTOTYPES = YES;
				CLANG_WARN_SUSPICIOUS_MOVE = YES;
				CLANG_WARN_UNGUARDED_AVAILABILITY = YES_AGGRESSIVE;
				CLANG_WARN_UNREACHABLE_CODE = YES;
				CLANG_WARN__DUPLICATE_METHOD_MATCH = YES;
				COPY_PHASE_STRIP = NO;
				DEBUG_INFORMATION_FORMAT = "dwarf-with-dsym";
				ENABLE_NS_ASSERTIONS = NO;
				ENABLE_STRICT_OBJC_MSGSEND = YES;
				GCC_C_LANGUAGE_STANDARD = gnu11;
				GCC_NO_COMMON_BLOCKS = YES;
				GCC_WARN_64_TO_32_BIT_CONVERSION = YES;
				GCC_WARN_ABOUT_RETURN_TYPE = YES_ERROR;
				GCC_WARN_UNDECLARED_SELECTOR = YES;
				GCC_WARN_UNINITIALIZED_AUTOS = YES_AGGRESSIVE;
				GCC_WARN_UNUSED_FUNCTION = YES;
				GCC_WARN_UNUSED_VARIABLE = YES;
				IPHONEOS_DEPLOYMENT_TARGET = 16.4;
				MTL_ENABLE_DEBUG_INFO = NO;
				MTL_FAST_MATH = YES;
				SDKROOT = iphoneos;
				SWIFT_COMPILATION_MODE = wholemodule;
				SWIFT_OPTIMIZATION_LEVEL = "-O";
				VALIDATE_PRODUCT = YES;
			};
			name = Release;
		};
		6A95FC5C2A77C05200C04179 /* Debug */ = {
			isa = XCBuildConfiguration;
			buildSettings = {
				ASSETCATALOG_COMPILER_APPICON_NAME = AppIcon;
				ASSETCATALOG_COMPILER_GLOBAL_ACCENT_COLOR_NAME = AccentColor;
				CODE_SIGN_STYLE = Automatic;
				CURRENT_PROJECT_VERSION = 1;
				DEVELOPMENT_TEAM = 3H85AXMVD3;
				GENERATE_INFOPLIST_FILE = YES;
				INFOPLIST_FILE = "BookWorm Project/Info.plist";
				INFOPLIST_KEY_UIApplicationSupportsIndirectInputEvents = YES;
				INFOPLIST_KEY_UILaunchStoryboardName = LaunchScreen;
				INFOPLIST_KEY_UIMainStoryboardFile = Main;
				INFOPLIST_KEY_UISupportedInterfaceOrientations_iPad = "UIInterfaceOrientationPortrait UIInterfaceOrientationPortraitUpsideDown UIInterfaceOrientationLandscapeLeft UIInterfaceOrientationLandscapeRight";
				INFOPLIST_KEY_UISupportedInterfaceOrientations_iPhone = "UIInterfaceOrientationPortrait UIInterfaceOrientationLandscapeLeft UIInterfaceOrientationLandscapeRight";
				LD_RUNPATH_SEARCH_PATHS = (
					"$(inherited)",
					"@executable_path/Frameworks",
				);
				MARKETING_VERSION = 1.0;
				PRODUCT_BUNDLE_IDENTIFIER = "com.yujinnee.BookWorm-Project";
				PRODUCT_NAME = "$(TARGET_NAME)";
				SWIFT_EMIT_LOC_STRINGS = YES;
				SWIFT_VERSION = 5.0;
				TARGETED_DEVICE_FAMILY = "1,2";
			};
			name = Debug;
		};
		6A95FC5D2A77C05200C04179 /* Release */ = {
			isa = XCBuildConfiguration;
			buildSettings = {
				ASSETCATALOG_COMPILER_APPICON_NAME = AppIcon;
				ASSETCATALOG_COMPILER_GLOBAL_ACCENT_COLOR_NAME = AccentColor;
				CODE_SIGN_STYLE = Automatic;
				CURRENT_PROJECT_VERSION = 1;
				DEVELOPMENT_TEAM = 3H85AXMVD3;
				GENERATE_INFOPLIST_FILE = YES;
				INFOPLIST_FILE = "BookWorm Project/Info.plist";
				INFOPLIST_KEY_UIApplicationSupportsIndirectInputEvents = YES;
				INFOPLIST_KEY_UILaunchStoryboardName = LaunchScreen;
				INFOPLIST_KEY_UIMainStoryboardFile = Main;
				INFOPLIST_KEY_UISupportedInterfaceOrientations_iPad = "UIInterfaceOrientationPortrait UIInterfaceOrientationPortraitUpsideDown UIInterfaceOrientationLandscapeLeft UIInterfaceOrientationLandscapeRight";
				INFOPLIST_KEY_UISupportedInterfaceOrientations_iPhone = "UIInterfaceOrientationPortrait UIInterfaceOrientationLandscapeLeft UIInterfaceOrientationLandscapeRight";
				LD_RUNPATH_SEARCH_PATHS = (
					"$(inherited)",
					"@executable_path/Frameworks",
				);
				MARKETING_VERSION = 1.0;
				PRODUCT_BUNDLE_IDENTIFIER = "com.yujinnee.BookWorm-Project";
				PRODUCT_NAME = "$(TARGET_NAME)";
				SWIFT_EMIT_LOC_STRINGS = YES;
				SWIFT_VERSION = 5.0;
				TARGETED_DEVICE_FAMILY = "1,2";
			};
			name = Release;
		};
/* End XCBuildConfiguration section */

/* Begin XCConfigurationList section */
		6A95FC422A77C04D00C04179 /* Build configuration list for PBXProject "BookWorm Project" */ = {
			isa = XCConfigurationList;
			buildConfigurations = (
				6A95FC592A77C05200C04179 /* Debug */,
				6A95FC5A2A77C05200C04179 /* Release */,
			);
			defaultConfigurationIsVisible = 0;
			defaultConfigurationName = Release;
		};
		6A95FC5B2A77C05200C04179 /* Build configuration list for PBXNativeTarget "BookWorm Project" */ = {
			isa = XCConfigurationList;
			buildConfigurations = (
				6A95FC5C2A77C05200C04179 /* Debug */,
				6A95FC5D2A77C05200C04179 /* Release */,
			);
			defaultConfigurationIsVisible = 0;
			defaultConfigurationName = Release;
		};
/* End XCConfigurationList section */

/* Begin XCRemoteSwiftPackageReference section */
		6A7936662A82A4B300316F2F /* XCRemoteSwiftPackageReference "SwiftyJSON" */ = {
			isa = XCRemoteSwiftPackageReference;
			repositoryURL = "https://github.com/SwiftyJSON/SwiftyJSON.git";
			requirement = {
				kind = upToNextMajorVersion;
				minimumVersion = 5.0.0;
			};
		};
		6A7936692A82A4BF00316F2F /* XCRemoteSwiftPackageReference "Alamofire" */ = {
			isa = XCRemoteSwiftPackageReference;
			repositoryURL = "https://github.com/Alamofire/Alamofire.git";
			requirement = {
				kind = upToNextMajorVersion;
				minimumVersion = 5.0.0;
			};
		};
		6AB25F572A839ABC00B59593 /* XCRemoteSwiftPackageReference "Kingfisher" */ = {
			isa = XCRemoteSwiftPackageReference;
			repositoryURL = "https://github.com/onevcat/Kingfisher.git";
			requirement = {
				kind = upToNextMajorVersion;
				minimumVersion = 7.0.0;
			};
		};
/* End XCRemoteSwiftPackageReference section */

/* Begin XCSwiftPackageProductDependency section */
		6A7936672A82A4B300316F2F /* SwiftyJSON */ = {
			isa = XCSwiftPackageProductDependency;
			package = 6A7936662A82A4B300316F2F /* XCRemoteSwiftPackageReference "SwiftyJSON" */;
			productName = SwiftyJSON;
		};
		6A79366A2A82A4BF00316F2F /* Alamofire */ = {
			isa = XCSwiftPackageProductDependency;
			package = 6A7936692A82A4BF00316F2F /* XCRemoteSwiftPackageReference "Alamofire" */;
			productName = Alamofire;
		};
		6AB25F582A839ABC00B59593 /* Kingfisher */ = {
			isa = XCSwiftPackageProductDependency;
			package = 6AB25F572A839ABC00B59593 /* XCRemoteSwiftPackageReference "Kingfisher" */;
			productName = Kingfisher;
		};
/* End XCSwiftPackageProductDependency section */
	};
	rootObject = 6A95FC3F2A77C04D00C04179 /* Project object */;
}
