// !$*UTF8*$!
{
	archiveVersion = 1;
	classes = {
	};
	objectVersion = 56;
	objects = {

/* Begin PBXBuildFile section */
		6A79363A2A80969200316F2F /* AppDelegate.swift in Sources */ = {isa = PBXBuildFile; fileRef = 6A7936392A80969200316F2F /* AppDelegate.swift */; };
		6A79363C2A80969200316F2F /* SceneDelegate.swift in Sources */ = {isa = PBXBuildFile; fileRef = 6A79363B2A80969200316F2F /* SceneDelegate.swift */; };
		6A79363E2A80969200316F2F /* ViewController.swift in Sources */ = {isa = PBXBuildFile; fileRef = 6A79363D2A80969200316F2F /* ViewController.swift */; };
		6A7936412A80969200316F2F /* Main.storyboard in Resources */ = {isa = PBXBuildFile; fileRef = 6A79363F2A80969200316F2F /* Main.storyboard */; };
		6A7936432A80969500316F2F /* Assets.xcassets in Resources */ = {isa = PBXBuildFile; fileRef = 6A7936422A80969500316F2F /* Assets.xcassets */; };
		6A7936462A80969500316F2F /* LaunchScreen.storyboard in Resources */ = {isa = PBXBuildFile; fileRef = 6A7936442A80969500316F2F /* LaunchScreen.storyboard */; };
		6A79364F2A8096C100316F2F /* Alamofire in Frameworks */ = {isa = PBXBuildFile; productRef = 6A79364E2A8096C100316F2F /* Alamofire */; };
		6A7936522A8096CB00316F2F /* SwiftyJSON in Frameworks */ = {isa = PBXBuildFile; productRef = 6A7936512A8096CB00316F2F /* SwiftyJSON */; };
		6A7936552A80972700316F2F /* Kingfisher in Frameworks */ = {isa = PBXBuildFile; productRef = 6A7936542A80972700316F2F /* Kingfisher */; };
		6A7936572A809BA600316F2F /* .gitignore in Resources */ = {isa = PBXBuildFile; fileRef = 6A7936562A809BA600316F2F /* .gitignore */; };
		6A7936592A809C3C00316F2F /* TranslationViewController.swift in Sources */ = {isa = PBXBuildFile; fileRef = 6A7936582A809C3C00316F2F /* TranslationViewController.swift */; };
		6A79365B2A809C6B00316F2F /* APIKey.swift in Sources */ = {isa = PBXBuildFile; fileRef = 6A79365A2A809C6B00316F2F /* APIKey.swift */; };
		6A79365D2A81C52800316F2F /* WeatherViewController.swift in Sources */ = {isa = PBXBuildFile; fileRef = 6A79365C2A81C52800316F2F /* WeatherViewController.swift */; };
		6A79365F2A81E83900316F2F /* VideoViewController.swift in Sources */ = {isa = PBXBuildFile; fileRef = 6A79365E2A81E83900316F2F /* VideoViewController.swift */; };
		6A7936612A829E4900316F2F /* BeerViewController.swift in Sources */ = {isa = PBXBuildFile; fileRef = 6A7936602A829E4900316F2F /* BeerViewController.swift */; };
/* End PBXBuildFile section */

/* Begin PBXFileReference section */
		6A7936362A80969200316F2F /* SeSAC3Week4.app */ = {isa = PBXFileReference; explicitFileType = wrapper.application; includeInIndex = 0; path = SeSAC3Week4.app; sourceTree = BUILT_PRODUCTS_DIR; };
		6A7936392A80969200316F2F /* AppDelegate.swift */ = {isa = PBXFileReference; lastKnownFileType = sourcecode.swift; path = AppDelegate.swift; sourceTree = "<group>"; };
		6A79363B2A80969200316F2F /* SceneDelegate.swift */ = {isa = PBXFileReference; lastKnownFileType = sourcecode.swift; path = SceneDelegate.swift; sourceTree = "<group>"; };
		6A79363D2A80969200316F2F /* ViewController.swift */ = {isa = PBXFileReference; lastKnownFileType = sourcecode.swift; path = ViewController.swift; sourceTree = "<group>"; };
		6A7936402A80969200316F2F /* Base */ = {isa = PBXFileReference; lastKnownFileType = file.storyboard; name = Base; path = Base.lproj/Main.storyboard; sourceTree = "<group>"; };
		6A7936422A80969500316F2F /* Assets.xcassets */ = {isa = PBXFileReference; lastKnownFileType = folder.assetcatalog; path = Assets.xcassets; sourceTree = "<group>"; };
		6A7936452A80969500316F2F /* Base */ = {isa = PBXFileReference; lastKnownFileType = file.storyboard; name = Base; path = Base.lproj/LaunchScreen.storyboard; sourceTree = "<group>"; };
		6A7936472A80969500316F2F /* Info.plist */ = {isa = PBXFileReference; lastKnownFileType = text.plist.xml; path = Info.plist; sourceTree = "<group>"; };
		6A7936562A809BA600316F2F /* .gitignore */ = {isa = PBXFileReference; lastKnownFileType = text; path = .gitignore; sourceTree = "<group>"; };
		6A7936582A809C3C00316F2F /* TranslationViewController.swift */ = {isa = PBXFileReference; lastKnownFileType = sourcecode.swift; path = TranslationViewController.swift; sourceTree = "<group>"; };
		6A79365A2A809C6B00316F2F /* APIKey.swift */ = {isa = PBXFileReference; lastKnownFileType = sourcecode.swift; path = APIKey.swift; sourceTree = "<group>"; };
		6A79365C2A81C52800316F2F /* WeatherViewController.swift */ = {isa = PBXFileReference; lastKnownFileType = sourcecode.swift; path = WeatherViewController.swift; sourceTree = "<group>"; };
		6A79365E2A81E83900316F2F /* VideoViewController.swift */ = {isa = PBXFileReference; lastKnownFileType = sourcecode.swift; path = VideoViewController.swift; sourceTree = "<group>"; };
		6A7936602A829E4900316F2F /* BeerViewController.swift */ = {isa = PBXFileReference; lastKnownFileType = sourcecode.swift; path = BeerViewController.swift; sourceTree = "<group>"; };
/* End PBXFileReference section */

/* Begin PBXFrameworksBuildPhase section */
		6A7936332A80969200316F2F /* Frameworks */ = {
			isa = PBXFrameworksBuildPhase;
			buildActionMask = 2147483647;
			files = (
				6A7936552A80972700316F2F /* Kingfisher in Frameworks */,
				6A7936522A8096CB00316F2F /* SwiftyJSON in Frameworks */,
				6A79364F2A8096C100316F2F /* Alamofire in Frameworks */,
			);
			runOnlyForDeploymentPostprocessing = 0;
		};
/* End PBXFrameworksBuildPhase section */

/* Begin PBXGroup section */
		6A79362D2A80969200316F2F = {
			isa = PBXGroup;
			children = (
				6A7936382A80969200316F2F /* SeSAC3Week4 */,
				6A7936372A80969200316F2F /* Products */,
			);
			sourceTree = "<group>";
		};
		6A7936372A80969200316F2F /* Products */ = {
			isa = PBXGroup;
			children = (
				6A7936362A80969200316F2F /* SeSAC3Week4.app */,
			);
			name = Products;
			sourceTree = "<group>";
		};
		6A7936382A80969200316F2F /* SeSAC3Week4 */ = {
			isa = PBXGroup;
			children = (
				6A7936392A80969200316F2F /* AppDelegate.swift */,
				6A79363B2A80969200316F2F /* SceneDelegate.swift */,
				6A79363D2A80969200316F2F /* ViewController.swift */,
				6A79363F2A80969200316F2F /* Main.storyboard */,
				6A7936422A80969500316F2F /* Assets.xcassets */,
				6A7936442A80969500316F2F /* LaunchScreen.storyboard */,
				6A7936472A80969500316F2F /* Info.plist */,
				6A7936562A809BA600316F2F /* .gitignore */,
				6A7936582A809C3C00316F2F /* TranslationViewController.swift */,
				6A79365A2A809C6B00316F2F /* APIKey.swift */,
				6A79365C2A81C52800316F2F /* WeatherViewController.swift */,
				6A79365E2A81E83900316F2F /* VideoViewController.swift */,
				6A7936602A829E4900316F2F /* BeerViewController.swift */,
			);
			path = SeSAC3Week4;
			sourceTree = "<group>";
		};
/* End PBXGroup section */

/* Begin PBXNativeTarget section */
		6A7936352A80969200316F2F /* SeSAC3Week4 */ = {
			isa = PBXNativeTarget;
			buildConfigurationList = 6A79364A2A80969500316F2F /* Build configuration list for PBXNativeTarget "SeSAC3Week4" */;
			buildPhases = (
				6A7936322A80969200316F2F /* Sources */,
				6A7936332A80969200316F2F /* Frameworks */,
				6A7936342A80969200316F2F /* Resources */,
			);
			buildRules = (
			);
			dependencies = (
			);
			name = SeSAC3Week4;
			packageProductDependencies = (
				6A79364E2A8096C100316F2F /* Alamofire */,
				6A7936512A8096CB00316F2F /* SwiftyJSON */,
				6A7936542A80972700316F2F /* Kingfisher */,
			);
			productName = SeSAC3Week4;
			productReference = 6A7936362A80969200316F2F /* SeSAC3Week4.app */;
			productType = "com.apple.product-type.application";
		};
/* End PBXNativeTarget section */

/* Begin PBXProject section */
		6A79362E2A80969200316F2F /* Project object */ = {
			isa = PBXProject;
			attributes = {
				BuildIndependentTargetsInParallel = 1;
				LastSwiftUpdateCheck = 1430;
				LastUpgradeCheck = 1430;
				TargetAttributes = {
					6A7936352A80969200316F2F = {
						CreatedOnToolsVersion = 14.3.1;
					};
				};
			};
			buildConfigurationList = 6A7936312A80969200316F2F /* Build configuration list for PBXProject "SeSAC3Week4" */;
			compatibilityVersion = "Xcode 14.0";
			developmentRegion = en;
			hasScannedForEncodings = 0;
			knownRegions = (
				en,
				Base,
			);
			mainGroup = 6A79362D2A80969200316F2F;
			packageReferences = (
				6A79364D2A8096C100316F2F /* XCRemoteSwiftPackageReference "Alamofire" */,
				6A7936502A8096CB00316F2F /* XCRemoteSwiftPackageReference "SwiftyJSON" */,
				6A7936532A80972700316F2F /* XCRemoteSwiftPackageReference "Kingfisher" */,
			);
			productRefGroup = 6A7936372A80969200316F2F /* Products */;
			projectDirPath = "";
			projectRoot = "";
			targets = (
				6A7936352A80969200316F2F /* SeSAC3Week4 */,
			);
		};
/* End PBXProject section */

/* Begin PBXResourcesBuildPhase section */
		6A7936342A80969200316F2F /* Resources */ = {
			isa = PBXResourcesBuildPhase;
			buildActionMask = 2147483647;
			files = (
				6A7936572A809BA600316F2F /* .gitignore in Resources */,
				6A7936462A80969500316F2F /* LaunchScreen.storyboard in Resources */,
				6A7936432A80969500316F2F /* Assets.xcassets in Resources */,
				6A7936412A80969200316F2F /* Main.storyboard in Resources */,
			);
			runOnlyForDeploymentPostprocessing = 0;
		};
/* End PBXResourcesBuildPhase section */

/* Begin PBXSourcesBuildPhase section */
		6A7936322A80969200316F2F /* Sources */ = {
			isa = PBXSourcesBuildPhase;
			buildActionMask = 2147483647;
			files = (
				6A7936612A829E4900316F2F /* BeerViewController.swift in Sources */,
				6A7936592A809C3C00316F2F /* TranslationViewController.swift in Sources */,
				6A79365F2A81E83900316F2F /* VideoViewController.swift in Sources */,
				6A79365D2A81C52800316F2F /* WeatherViewController.swift in Sources */,
				6A79363E2A80969200316F2F /* ViewController.swift in Sources */,
				6A79363A2A80969200316F2F /* AppDelegate.swift in Sources */,
				6A79363C2A80969200316F2F /* SceneDelegate.swift in Sources */,
				6A79365B2A809C6B00316F2F /* APIKey.swift in Sources */,
			);
			runOnlyForDeploymentPostprocessing = 0;
		};
/* End PBXSourcesBuildPhase section */

/* Begin PBXVariantGroup section */
		6A79363F2A80969200316F2F /* Main.storyboard */ = {
			isa = PBXVariantGroup;
			children = (
				6A7936402A80969200316F2F /* Base */,
			);
			name = Main.storyboard;
			sourceTree = "<group>";
		};
		6A7936442A80969500316F2F /* LaunchScreen.storyboard */ = {
			isa = PBXVariantGroup;
			children = (
				6A7936452A80969500316F2F /* Base */,
			);
			name = LaunchScreen.storyboard;
			sourceTree = "<group>";
		};
/* End PBXVariantGroup section */

/* Begin XCBuildConfiguration section */
		6A7936482A80969500316F2F /* Debug */ = {
			isa = XCBuildConfiguration;
			buildSettings = {
				ALWAYS_SEARCH_USER_PATHS = NO;
				CLANG_ANALYZER_NONNULL = YES;
				CLANG_ANALYZER_NUMBER_OBJECT_CONVERSION = YES_AGGRESSIVE;
				CLANG_CXX_LANGUAGE_STANDARD = "gnu++20";
				CLANG_ENABLE_MODULES = YES;
				CLANG_ENABLE_OBJC_ARC = YES;
				CLANG_ENABLE_OBJC_WEAK = YES;
				CLANG_WARN_BLOCK_CAPTURE_AUTORELEASING = YES;
				CLANG_WARN_BOOL_CONVERSION = YES;
				CLANG_WARN_COMMA = YES;
				CLANG_WARN_CONSTANT_CONVERSION = YES;
				CLANG_WARN_DEPRECATED_OBJC_IMPLEMENTATIONS = YES;
				CLANG_WARN_DIRECT_OBJC_ISA_USAGE = YES_ERROR;
				CLANG_WARN_DOCUMENTATION_COMMENTS = YES;
				CLANG_WARN_EMPTY_BODY = YES;
				CLANG_WARN_ENUM_CONVERSION = YES;
				CLANG_WARN_INFINITE_RECURSION = YES;
				CLANG_WARN_INT_CONVERSION = YES;
				CLANG_WARN_NON_LITERAL_NULL_CONVERSION = YES;
				CLANG_WARN_OBJC_IMPLICIT_RETAIN_SELF = YES;
				CLANG_WARN_OBJC_LITERAL_CONVERSION = YES;
				CLANG_WARN_OBJC_ROOT_CLASS = YES_ERROR;
				CLANG_WARN_QUOTED_INCLUDE_IN_FRAMEWORK_HEADER = YES;
				CLANG_WARN_RANGE_LOOP_ANALYSIS = YES;
				CLANG_WARN_STRICT_PROTOTYPES = YES;
				CLANG_WARN_SUSPICIOUS_MOVE = YES;
				CLANG_WARN_UNGUARDED_AVAILABILITY = YES_AGGRESSIVE;
				CLANG_WARN_UNREACHABLE_CODE = YES;
				CLANG_WARN__DUPLICATE_METHOD_MATCH = YES;
				COPY_PHASE_STRIP = NO;
				DEBUG_INFORMATION_FORMAT = dwarf;
				ENABLE_STRICT_OBJC_MSGSEND = YES;
				ENABLE_TESTABILITY = YES;
				GCC_C_LANGUAGE_STANDARD = gnu11;
				GCC_DYNAMIC_NO_PIC = NO;
				GCC_NO_COMMON_BLOCKS = YES;
				GCC_OPTIMIZATION_LEVEL = 0;
				GCC_PREPROCESSOR_DEFINITIONS = (
					"DEBUG=1",
					"$(inherited)",
				);
				GCC_WARN_64_TO_32_BIT_CONVERSION = YES;
				GCC_WARN_ABOUT_RETURN_TYPE = YES_ERROR;
				GCC_WARN_UNDECLARED_SELECTOR = YES;
				GCC_WARN_UNINITIALIZED_AUTOS = YES_AGGRESSIVE;
				GCC_WARN_UNUSED_FUNCTION = YES;
				GCC_WARN_UNUSED_VARIABLE = YES;
				IPHONEOS_DEPLOYMENT_TARGET = 16.4;
				MTL_ENABLE_DEBUG_INFO = INCLUDE_SOURCE;
				MTL_FAST_MATH = YES;
				ONLY_ACTIVE_ARCH = YES;
				SDKROOT = iphoneos;
				SWIFT_ACTIVE_COMPILATION_CONDITIONS = DEBUG;
				SWIFT_OPTIMIZATION_LEVEL = "-Onone";
			};
			name = Debug;
		};
		6A7936492A80969500316F2F /* Release */ = {
			isa = XCBuildConfiguration;
			buildSettings = {
				ALWAYS_SEARCH_USER_PATHS = NO;
				CLANG_ANALYZER_NONNULL = YES;
				CLANG_ANALYZER_NUMBER_OBJECT_CONVERSION = YES_AGGRESSIVE;
				CLANG_CXX_LANGUAGE_STANDARD = "gnu++20";
				CLANG_ENABLE_MODULES = YES;
				CLANG_ENABLE_OBJC_ARC = YES;
				CLANG_ENABLE_OBJC_WEAK = YES;
				CLANG_WARN_BLOCK_CAPTURE_AUTORELEASING = YES;
				CLANG_WARN_BOOL_CONVERSION = YES;
				CLANG_WARN_COMMA = YES;
				CLANG_WARN_CONSTANT_CONVERSION = YES;
				CLANG_WARN_DEPRECATED_OBJC_IMPLEMENTATIONS = YES;
				CLANG_WARN_DIRECT_OBJC_ISA_USAGE = YES_ERROR;
				CLANG_WARN_DOCUMENTATION_COMMENTS = YES;
				CLANG_WARN_EMPTY_BODY = YES;
				CLANG_WARN_ENUM_CONVERSION = YES;
				CLANG_WARN_INFINITE_RECURSION = YES;
				CLANG_WARN_INT_CONVERSION = YES;
				CLANG_WARN_NON_LITERAL_NULL_CONVERSION = YES;
				CLANG_WARN_OBJC_IMPLICIT_RETAIN_SELF = YES;
				CLANG_WARN_OBJC_LITERAL_CONVERSION = YES;
				CLANG_WARN_OBJC_ROOT_CLASS = YES_ERROR;
				CLANG_WARN_QUOTED_INCLUDE_IN_FRAMEWORK_HEADER = YES;
				CLANG_WARN_RANGE_LOOP_ANALYSIS = YES;
				CLANG_WARN_STRICT_PROTOTYPES = YES;
				CLANG_WARN_SUSPICIOUS_MOVE = YES;
				CLANG_WARN_UNGUARDED_AVAILABILITY = YES_AGGRESSIVE;
				CLANG_WARN_UNREACHABLE_CODE = YES;
				CLANG_WARN__DUPLICATE_METHOD_MATCH = YES;
				COPY_PHASE_STRIP = NO;
				DEBUG_INFORMATION_FORMAT = "dwarf-with-dsym";
				ENABLE_NS_ASSERTIONS = NO;
				ENABLE_STRICT_OBJC_MSGSEND = YES;
				GCC_C_LANGUAGE_STANDARD = gnu11;
				GCC_NO_COMMON_BLOCKS = YES;
				GCC_WARN_64_TO_32_BIT_CONVERSION = YES;
				GCC_WARN_ABOUT_RETURN_TYPE = YES_ERROR;
				GCC_WARN_UNDECLARED_SELECTOR = YES;
				GCC_WARN_UNINITIALIZED_AUTOS = YES_AGGRESSIVE;
				GCC_WARN_UNUSED_FUNCTION = YES;
				GCC_WARN_UNUSED_VARIABLE = YES;
				IPHONEOS_DEPLOYMENT_TARGET = 16.4;
				MTL_ENABLE_DEBUG_INFO = NO;
				MTL_FAST_MATH = YES;
				SDKROOT = iphoneos;
				SWIFT_COMPILATION_MODE = wholemodule;
				SWIFT_OPTIMIZATION_LEVEL = "-O";
				VALIDATE_PRODUCT = YES;
			};
			name = Release;
		};
		6A79364B2A80969500316F2F /* Debug */ = {
			isa = XCBuildConfiguration;
			buildSettings = {
				ASSETCATALOG_COMPILER_APPICON_NAME = AppIcon;
				ASSETCATALOG_COMPILER_GLOBAL_ACCENT_COLOR_NAME = AccentColor;
				CODE_SIGN_STYLE = Automatic;
				CURRENT_PROJECT_VERSION = 1;
				DEVELOPMENT_TEAM = 3H85AXMVD3;
				GENERATE_INFOPLIST_FILE = YES;
				INFOPLIST_FILE = SeSAC3Week4/Info.plist;
				INFOPLIST_KEY_UIApplicationSupportsIndirectInputEvents = YES;
				INFOPLIST_KEY_UILaunchStoryboardName = LaunchScreen;
				INFOPLIST_KEY_UIMainStoryboardFile = Main;
				INFOPLIST_KEY_UISupportedInterfaceOrientations_iPad = "UIInterfaceOrientationPortrait UIInterfaceOrientationPortraitUpsideDown UIInterfaceOrientationLandscapeLeft UIInterfaceOrientationLandscapeRight";
				INFOPLIST_KEY_UISupportedInterfaceOrientations_iPhone = "UIInterfaceOrientationPortrait UIInterfaceOrientationLandscapeLeft UIInterfaceOrientationLandscapeRight";
				LD_RUNPATH_SEARCH_PATHS = (
					"$(inherited)",
					"@executable_path/Frameworks",
				);
				MARKETING_VERSION = 1.0;
				PRODUCT_BUNDLE_IDENTIFIER = com.yujinnee.SeSAC3Week4;
				PRODUCT_NAME = "$(TARGET_NAME)";
				SWIFT_EMIT_LOC_STRINGS = YES;
				SWIFT_VERSION = 5.0;
				TARGETED_DEVICE_FAMILY = "1,2";
			};
			name = Debug;
		};
		6A79364C2A80969500316F2F /* Release */ = {
			isa = XCBuildConfiguration;
			buildSettings = {
				ASSETCATALOG_COMPILER_APPICON_NAME = AppIcon;
				ASSETCATALOG_COMPILER_GLOBAL_ACCENT_COLOR_NAME = AccentColor;
				CODE_SIGN_STYLE = Automatic;
				CURRENT_PROJECT_VERSION = 1;
				DEVELOPMENT_TEAM = 3H85AXMVD3;
				GENERATE_INFOPLIST_FILE = YES;
				INFOPLIST_FILE = SeSAC3Week4/Info.plist;
				INFOPLIST_KEY_UIApplicationSupportsIndirectInputEvents = YES;
				INFOPLIST_KEY_UILaunchStoryboardName = LaunchScreen;
				INFOPLIST_KEY_UIMainStoryboardFile = Main;
				INFOPLIST_KEY_UISupportedInterfaceOrientations_iPad = "UIInterfaceOrientationPortrait UIInterfaceOrientationPortraitUpsideDown UIInterfaceOrientationLandscapeLeft UIInterfaceOrientationLandscapeRight";
				INFOPLIST_KEY_UISupportedInterfaceOrientations_iPhone = "UIInterfaceOrientationPortrait UIInterfaceOrientationLandscapeLeft UIInterfaceOrientationLandscapeRight";
				LD_RUNPATH_SEARCH_PATHS = (
					"$(inherited)",
					"@executable_path/Frameworks",
				);
				MARKETING_VERSION = 1.0;
				PRODUCT_BUNDLE_IDENTIFIER = com.yujinnee.SeSAC3Week4;
				PRODUCT_NAME = "$(TARGET_NAME)";
				SWIFT_EMIT_LOC_STRINGS = YES;
				SWIFT_VERSION = 5.0;
				TARGETED_DEVICE_FAMILY = "1,2";
			};
			name = Release;
		};
/* End XCBuildConfiguration section */

/* Begin XCConfigurationList section */
		6A7936312A80969200316F2F /* Build configuration list for PBXProject "SeSAC3Week4" */ = {
			isa = XCConfigurationList;
			buildConfigurations = (
				6A7936482A80969500316F2F /* Debug */,
				6A7936492A80969500316F2F /* Release */,
			);
			defaultConfigurationIsVisible = 0;
			defaultConfigurationName = Release;
		};
		6A79364A2A80969500316F2F /* Build configuration list for PBXNativeTarget "SeSAC3Week4" */ = {
			isa = XCConfigurationList;
			buildConfigurations = (
				6A79364B2A80969500316F2F /* Debug */,
				6A79364C2A80969500316F2F /* Release */,
			);
			defaultConfigurationIsVisible = 0;
			defaultConfigurationName = Release;
		};
/* End XCConfigurationList section */

/* Begin XCRemoteSwiftPackageReference section */
		6A79364D2A8096C100316F2F /* XCRemoteSwiftPackageReference "Alamofire" */ = {
			isa = XCRemoteSwiftPackageReference;
			repositoryURL = "https://github.com/Alamofire/Alamofire.git";
			requirement = {
				kind = upToNextMajorVersion;
				minimumVersion = 5.0.0;
			};
		};
		6A7936502A8096CB00316F2F /* XCRemoteSwiftPackageReference "SwiftyJSON" */ = {
			isa = XCRemoteSwiftPackageReference;
			repositoryURL = "https://github.com/SwiftyJSON/SwiftyJSON.git";
			requirement = {
				kind = upToNextMajorVersion;
				minimumVersion = 5.0.0;
			};
		};
		6A7936532A80972700316F2F /* XCRemoteSwiftPackageReference "Kingfisher" */ = {
			isa = XCRemoteSwiftPackageReference;
			repositoryURL = "https://github.com/onevcat/Kingfisher.git";
			requirement = {
				kind = upToNextMajorVersion;
				minimumVersion = 7.0.0;
			};
		};
/* End XCRemoteSwiftPackageReference section */

/* Begin XCSwiftPackageProductDependency section */
		6A79364E2A8096C100316F2F /* Alamofire */ = {
			isa = XCSwiftPackageProductDependency;
			package = 6A79364D2A8096C100316F2F /* XCRemoteSwiftPackageReference "Alamofire" */;
			productName = Alamofire;
		};
		6A7936512A8096CB00316F2F /* SwiftyJSON */ = {
			isa = XCSwiftPackageProductDependency;
			package = 6A7936502A8096CB00316F2F /* XCRemoteSwiftPackageReference "SwiftyJSON" */;
			productName = SwiftyJSON;
		};
		6A7936542A80972700316F2F /* Kingfisher */ = {
			isa = XCSwiftPackageProductDependency;
			package = 6A7936532A80972700316F2F /* XCRemoteSwiftPackageReference "Kingfisher" */;
			productName = Kingfisher;
		};
/* End XCSwiftPackageProductDependency section */
	};
	rootObject = 6A79362E2A80969200316F2F /* Project object */;
}
