// !$*UTF8*$!
{
	archiveVersion = 1;
	classes = {
	};
	objectVersion = 56;
	objects = {

/* Begin PBXBuildFile section */
		049603862A7C6B7F00C9C22E /* AppDelegate.swift in Sources */ = {isa = PBXBuildFile; fileRef = 049603852A7C6B7F00C9C22E /* AppDelegate.swift */; };
		049603882A7C6B7F00C9C22E /* SceneDelegate.swift in Sources */ = {isa = PBXBuildFile; fileRef = 049603872A7C6B7F00C9C22E /* SceneDelegate.swift */; };
		0496038A2A7C6B7F00C9C22E /* LibraryCollectionViewController.swift in Sources */ = {isa = PBXBuildFile; fileRef = 049603892A7C6B7F00C9C22E /* LibraryCollectionViewController.swift */; };
		0496038D2A7C6B7F00C9C22E /* Main.storyboard in Resources */ = {isa = PBXBuildFile; fileRef = 0496038B2A7C6B7F00C9C22E /* Main.storyboard */; };
		0496038F2A7C6B8000C9C22E /* Assets.xcassets in Resources */ = {isa = PBXBuildFile; fileRef = 0496038E2A7C6B8000C9C22E /* Assets.xcassets */; };
		049603922A7C6B8000C9C22E /* LaunchScreen.storyboard in Resources */ = {isa = PBXBuildFile; fileRef = 049603902A7C6B8000C9C22E /* LaunchScreen.storyboard */; };
		0496039C2A7C6BF900C9C22E /* MovieInfo.swift in Sources */ = {isa = PBXBuildFile; fileRef = 0496039B2A7C6BF900C9C22E /* MovieInfo.swift */; };
		0496039E2A7C6C3700C9C22E /* LibraryCollectionViewCell.swift in Sources */ = {isa = PBXBuildFile; fileRef = 0496039D2A7C6C3700C9C22E /* LibraryCollectionViewCell.swift */; };
		6AD0BC102A7C8BCD00A0B41E /* FirstViewController.swift in Sources */ = {isa = PBXBuildFile; fileRef = 6AD0BC0F2A7C8BCD00A0B41E /* FirstViewController.swift */; };
/* End PBXBuildFile section */

/* Begin PBXFileReference section */
		049603822A7C6B7F00C9C22E /* SearchExample.app */ = {isa = PBXFileReference; explicitFileType = wrapper.application; includeInIndex = 0; path = SearchExample.app; sourceTree = BUILT_PRODUCTS_DIR; };
		049603852A7C6B7F00C9C22E /* AppDelegate.swift */ = {isa = PBXFileReference; lastKnownFileType = sourcecode.swift; path = AppDelegate.swift; sourceTree = "<group>"; };
		049603872A7C6B7F00C9C22E /* SceneDelegate.swift */ = {isa = PBXFileReference; lastKnownFileType = sourcecode.swift; path = SceneDelegate.swift; sourceTree = "<group>"; };
		049603892A7C6B7F00C9C22E /* LibraryCollectionViewController.swift */ = {isa = PBXFileReference; lastKnownFileType = sourcecode.swift; path = LibraryCollectionViewController.swift; sourceTree = "<group>"; };
		0496038C2A7C6B7F00C9C22E /* Base */ = {isa = PBXFileReference; lastKnownFileType = file.storyboard; name = Base; path = Base.lproj/Main.storyboard; sourceTree = "<group>"; };
		0496038E2A7C6B8000C9C22E /* Assets.xcassets */ = {isa = PBXFileReference; lastKnownFileType = folder.assetcatalog; path = Assets.xcassets; sourceTree = "<group>"; };
		049603912A7C6B8000C9C22E /* Base */ = {isa = PBXFileReference; lastKnownFileType = file.storyboard; name = Base; path = Base.lproj/LaunchScreen.storyboard; sourceTree = "<group>"; };
		049603932A7C6B8000C9C22E /* Info.plist */ = {isa = PBXFileReference; lastKnownFileType = text.plist.xml; path = Info.plist; sourceTree = "<group>"; };
		0496039B2A7C6BF900C9C22E /* MovieInfo.swift */ = {isa = PBXFileReference; lastKnownFileType = sourcecode.swift; path = MovieInfo.swift; sourceTree = "<group>"; };
		0496039D2A7C6C3700C9C22E /* LibraryCollectionViewCell.swift */ = {isa = PBXFileReference; lastKnownFileType = sourcecode.swift; path = LibraryCollectionViewCell.swift; sourceTree = "<group>"; };
		6AD0BC0F2A7C8BCD00A0B41E /* FirstViewController.swift */ = {isa = PBXFileReference; lastKnownFileType = sourcecode.swift; path = FirstViewController.swift; sourceTree = "<group>"; };
/* End PBXFileReference section */

/* Begin PBXFrameworksBuildPhase section */
		0496037F2A7C6B7F00C9C22E /* Frameworks */ = {
			isa = PBXFrameworksBuildPhase;
			buildActionMask = 2147483647;
			files = (
			);
			runOnlyForDeploymentPostprocessing = 0;
		};
/* End PBXFrameworksBuildPhase section */

/* Begin PBXGroup section */
		049603792A7C6B7F00C9C22E = {
			isa = PBXGroup;
			children = (
				049603842A7C6B7F00C9C22E /* SearchExample */,
				049603832A7C6B7F00C9C22E /* Products */,
			);
			sourceTree = "<group>";
		};
		049603832A7C6B7F00C9C22E /* Products */ = {
			isa = PBXGroup;
			children = (
				049603822A7C6B7F00C9C22E /* SearchExample.app */,
			);
			name = Products;
			sourceTree = "<group>";
		};
		049603842A7C6B7F00C9C22E /* SearchExample */ = {
			isa = PBXGroup;
			children = (
				049603852A7C6B7F00C9C22E /* AppDelegate.swift */,
				049603872A7C6B7F00C9C22E /* SceneDelegate.swift */,
				049603892A7C6B7F00C9C22E /* LibraryCollectionViewController.swift */,
				0496039D2A7C6C3700C9C22E /* LibraryCollectionViewCell.swift */,
				0496039B2A7C6BF900C9C22E /* MovieInfo.swift */,
				0496038B2A7C6B7F00C9C22E /* Main.storyboard */,
				6AD0BC0F2A7C8BCD00A0B41E /* FirstViewController.swift */,
				0496038E2A7C6B8000C9C22E /* Assets.xcassets */,
				049603902A7C6B8000C9C22E /* LaunchScreen.storyboard */,
				049603932A7C6B8000C9C22E /* Info.plist */,
			);
			path = SearchExample;
			sourceTree = "<group>";
		};
/* End PBXGroup section */

/* Begin PBXNativeTarget section */
		049603812A7C6B7F00C9C22E /* SearchExample */ = {
			isa = PBXNativeTarget;
			buildConfigurationList = 049603962A7C6B8000C9C22E /* Build configuration list for PBXNativeTarget "SearchExample" */;
			buildPhases = (
				0496037E2A7C6B7F00C9C22E /* Sources */,
				0496037F2A7C6B7F00C9C22E /* Frameworks */,
				049603802A7C6B7F00C9C22E /* Resources */,
			);
			buildRules = (
			);
			dependencies = (
			);
			name = SearchExample;
			productName = SearchExample;
			productReference = 049603822A7C6B7F00C9C22E /* SearchExample.app */;
			productType = "com.apple.product-type.application";
		};
/* End PBXNativeTarget section */

/* Begin PBXProject section */
		0496037A2A7C6B7F00C9C22E /* Project object */ = {
			isa = PBXProject;
			attributes = {
				BuildIndependentTargetsInParallel = 1;
				LastSwiftUpdateCheck = 1430;
				LastUpgradeCheck = 1430;
				TargetAttributes = {
					049603812A7C6B7F00C9C22E = {
						CreatedOnToolsVersion = 14.3.1;
					};
				};
			};
			buildConfigurationList = 0496037D2A7C6B7F00C9C22E /* Build configuration list for PBXProject "SearchExample" */;
			compatibilityVersion = "Xcode 14.0";
			developmentRegion = en;
			hasScannedForEncodings = 0;
			knownRegions = (
				en,
				Base,
			);
			mainGroup = 049603792A7C6B7F00C9C22E;
			productRefGroup = 049603832A7C6B7F00C9C22E /* Products */;
			projectDirPath = "";
			projectRoot = "";
			targets = (
				049603812A7C6B7F00C9C22E /* SearchExample */,
			);
		};
/* End PBXProject section */

/* Begin PBXResourcesBuildPhase section */
		049603802A7C6B7F00C9C22E /* Resources */ = {
			isa = PBXResourcesBuildPhase;
			buildActionMask = 2147483647;
			files = (
				049603922A7C6B8000C9C22E /* LaunchScreen.storyboard in Resources */,
				0496038F2A7C6B8000C9C22E /* Assets.xcassets in Resources */,
				0496038D2A7C6B7F00C9C22E /* Main.storyboard in Resources */,
			);
			runOnlyForDeploymentPostprocessing = 0;
		};
/* End PBXResourcesBuildPhase section */

/* Begin PBXSourcesBuildPhase section */
		0496037E2A7C6B7F00C9C22E /* Sources */ = {
			isa = PBXSourcesBuildPhase;
			buildActionMask = 2147483647;
			files = (
				0496039E2A7C6C3700C9C22E /* LibraryCollectionViewCell.swift in Sources */,
				0496038A2A7C6B7F00C9C22E /* LibraryCollectionViewController.swift in Sources */,
				049603862A7C6B7F00C9C22E /* AppDelegate.swift in Sources */,
				6AD0BC102A7C8BCD00A0B41E /* FirstViewController.swift in Sources */,
				0496039C2A7C6BF900C9C22E /* MovieInfo.swift in Sources */,
				049603882A7C6B7F00C9C22E /* SceneDelegate.swift in Sources */,
			);
			runOnlyForDeploymentPostprocessing = 0;
		};
/* End PBXSourcesBuildPhase section */

/* Begin PBXVariantGroup section */
		0496038B2A7C6B7F00C9C22E /* Main.storyboard */ = {
			isa = PBXVariantGroup;
			children = (
				0496038C2A7C6B7F00C9C22E /* Base */,
			);
			name = Main.storyboard;
			sourceTree = "<group>";
		};
		049603902A7C6B8000C9C22E /* LaunchScreen.storyboard */ = {
			isa = PBXVariantGroup;
			children = (
				049603912A7C6B8000C9C22E /* Base */,
			);
			name = LaunchScreen.storyboard;
			sourceTree = "<group>";
		};
/* End PBXVariantGroup section */

/* Begin XCBuildConfiguration section */
		049603942A7C6B8000C9C22E /* Debug */ = {
			isa = XCBuildConfiguration;
			buildSettings = {
				ALWAYS_SEARCH_USER_PATHS = NO;
				CLANG_ANALYZER_NONNULL = YES;
				CLANG_ANALYZER_NUMBER_OBJECT_CONVERSION = YES_AGGRESSIVE;
				CLANG_CXX_LANGUAGE_STANDARD = "gnu++20";
				CLANG_ENABLE_MODULES = YES;
				CLANG_ENABLE_OBJC_ARC = YES;
				CLANG_ENABLE_OBJC_WEAK = YES;
				CLANG_WARN_BLOCK_CAPTURE_AUTORELEASING = YES;
				CLANG_WARN_BOOL_CONVERSION = YES;
				CLANG_WARN_COMMA = YES;
				CLANG_WARN_CONSTANT_CONVERSION = YES;
				CLANG_WARN_DEPRECATED_OBJC_IMPLEMENTATIONS = YES;
				CLANG_WARN_DIRECT_OBJC_ISA_USAGE = YES_ERROR;
				CLANG_WARN_DOCUMENTATION_COMMENTS = YES;
				CLANG_WARN_EMPTY_BODY = YES;
				CLANG_WARN_ENUM_CONVERSION = YES;
				CLANG_WARN_INFINITE_RECURSION = YES;
				CLANG_WARN_INT_CONVERSION = YES;
				CLANG_WARN_NON_LITERAL_NULL_CONVERSION = YES;
				CLANG_WARN_OBJC_IMPLICIT_RETAIN_SELF = YES;
				CLANG_WARN_OBJC_LITERAL_CONVERSION = YES;
				CLANG_WARN_OBJC_ROOT_CLASS = YES_ERROR;
				CLANG_WARN_QUOTED_INCLUDE_IN_FRAMEWORK_HEADER = YES;
				CLANG_WARN_RANGE_LOOP_ANALYSIS = YES;
				CLANG_WARN_STRICT_PROTOTYPES = YES;
				CLANG_WARN_SUSPICIOUS_MOVE = YES;
				CLANG_WARN_UNGUARDED_AVAILABILITY = YES_AGGRESSIVE;
				CLANG_WARN_UNREACHABLE_CODE = YES;
				CLANG_WARN__DUPLICATE_METHOD_MATCH = YES;
				COPY_PHASE_STRIP = NO;
				DEBUG_INFORMATION_FORMAT = dwarf;
				ENABLE_STRICT_OBJC_MSGSEND = YES;
				ENABLE_TESTABILITY = YES;
				GCC_C_LANGUAGE_STANDARD = gnu11;
				GCC_DYNAMIC_NO_PIC = NO;
				GCC_NO_COMMON_BLOCKS = YES;
				GCC_OPTIMIZATION_LEVEL = 0;
				GCC_PREPROCESSOR_DEFINITIONS = (
					"DEBUG=1",
					"$(inherited)",
				);
				GCC_WARN_64_TO_32_BIT_CONVERSION = YES;
				GCC_WARN_ABOUT_RETURN_TYPE = YES_ERROR;
				GCC_WARN_UNDECLARED_SELECTOR = YES;
				GCC_WARN_UNINITIALIZED_AUTOS = YES_AGGRESSIVE;
				GCC_WARN_UNUSED_FUNCTION = YES;
				GCC_WARN_UNUSED_VARIABLE = YES;
				IPHONEOS_DEPLOYMENT_TARGET = 16.4;
				MTL_ENABLE_DEBUG_INFO = INCLUDE_SOURCE;
				MTL_FAST_MATH = YES;
				ONLY_ACTIVE_ARCH = YES;
				SDKROOT = iphoneos;
				SWIFT_ACTIVE_COMPILATION_CONDITIONS = DEBUG;
				SWIFT_OPTIMIZATION_LEVEL = "-Onone";
			};
			name = Debug;
		};
		049603952A7C6B8000C9C22E /* Release */ = {
			isa = XCBuildConfiguration;
			buildSettings = {
				ALWAYS_SEARCH_USER_PATHS = NO;
				CLANG_ANALYZER_NONNULL = YES;
				CLANG_ANALYZER_NUMBER_OBJECT_CONVERSION = YES_AGGRESSIVE;
				CLANG_CXX_LANGUAGE_STANDARD = "gnu++20";
				CLANG_ENABLE_MODULES = YES;
				CLANG_ENABLE_OBJC_ARC = YES;
				CLANG_ENABLE_OBJC_WEAK = YES;
				CLANG_WARN_BLOCK_CAPTURE_AUTORELEASING = YES;
				CLANG_WARN_BOOL_CONVERSION = YES;
				CLANG_WARN_COMMA = YES;
				CLANG_WARN_CONSTANT_CONVERSION = YES;
				CLANG_WARN_DEPRECATED_OBJC_IMPLEMENTATIONS = YES;
				CLANG_WARN_DIRECT_OBJC_ISA_USAGE = YES_ERROR;
				CLANG_WARN_DOCUMENTATION_COMMENTS = YES;
				CLANG_WARN_EMPTY_BODY = YES;
				CLANG_WARN_ENUM_CONVERSION = YES;
				CLANG_WARN_INFINITE_RECURSION = YES;
				CLANG_WARN_INT_CONVERSION = YES;
				CLANG_WARN_NON_LITERAL_NULL_CONVERSION = YES;
				CLANG_WARN_OBJC_IMPLICIT_RETAIN_SELF = YES;
				CLANG_WARN_OBJC_LITERAL_CONVERSION = YES;
				CLANG_WARN_OBJC_ROOT_CLASS = YES_ERROR;
				CLANG_WARN_QUOTED_INCLUDE_IN_FRAMEWORK_HEADER = YES;
				CLANG_WARN_RANGE_LOOP_ANALYSIS = YES;
				CLANG_WARN_STRICT_PROTOTYPES = YES;
				CLANG_WARN_SUSPICIOUS_MOVE = YES;
				CLANG_WARN_UNGUARDED_AVAILABILITY = YES_AGGRESSIVE;
				CLANG_WARN_UNREACHABLE_CODE = YES;
				CLANG_WARN__DUPLICATE_METHOD_MATCH = YES;
				COPY_PHASE_STRIP = NO;
				DEBUG_INFORMATION_FORMAT = "dwarf-with-dsym";
				ENABLE_NS_ASSERTIONS = NO;
				ENABLE_STRICT_OBJC_MSGSEND = YES;
				GCC_C_LANGUAGE_STANDARD = gnu11;
				GCC_NO_COMMON_BLOCKS = YES;
				GCC_WARN_64_TO_32_BIT_CONVERSION = YES;
				GCC_WARN_ABOUT_RETURN_TYPE = YES_ERROR;
				GCC_WARN_UNDECLARED_SELECTOR = YES;
				GCC_WARN_UNINITIALIZED_AUTOS = YES_AGGRESSIVE;
				GCC_WARN_UNUSED_FUNCTION = YES;
				GCC_WARN_UNUSED_VARIABLE = YES;
				IPHONEOS_DEPLOYMENT_TARGET = 16.4;
				MTL_ENABLE_DEBUG_INFO = NO;
				MTL_FAST_MATH = YES;
				SDKROOT = iphoneos;
				SWIFT_COMPILATION_MODE = wholemodule;
				SWIFT_OPTIMIZATION_LEVEL = "-O";
				VALIDATE_PRODUCT = YES;
			};
			name = Release;
		};
		049603972A7C6B8000C9C22E /* Debug */ = {
			isa = XCBuildConfiguration;
			buildSettings = {
				ASSETCATALOG_COMPILER_APPICON_NAME = AppIcon;
				ASSETCATALOG_COMPILER_GLOBAL_ACCENT_COLOR_NAME = AccentColor;
				CODE_SIGN_STYLE = Automatic;
				CURRENT_PROJECT_VERSION = 1;
				DEVELOPMENT_TEAM = 3H85AXMVD3;
				GENERATE_INFOPLIST_FILE = YES;
				INFOPLIST_FILE = SearchExample/Info.plist;
				INFOPLIST_KEY_UIApplicationSupportsIndirectInputEvents = YES;
				INFOPLIST_KEY_UILaunchStoryboardName = LaunchScreen;
				INFOPLIST_KEY_UIMainStoryboardFile = Main;
				INFOPLIST_KEY_UISupportedInterfaceOrientations_iPad = "UIInterfaceOrientationPortrait UIInterfaceOrientationPortraitUpsideDown UIInterfaceOrientationLandscapeLeft UIInterfaceOrientationLandscapeRight";
				INFOPLIST_KEY_UISupportedInterfaceOrientations_iPhone = "UIInterfaceOrientationPortrait UIInterfaceOrientationLandscapeLeft UIInterfaceOrientationLandscapeRight";
				LD_RUNPATH_SEARCH_PATHS = (
					"$(inherited)",
					"@executable_path/Frameworks",
				);
				MARKETING_VERSION = 1.0;
				PRODUCT_BUNDLE_IDENTIFIER = com.sesac.SearchExample;
				PRODUCT_NAME = "$(TARGET_NAME)";
				SWIFT_EMIT_LOC_STRINGS = YES;
				SWIFT_VERSION = 5.0;
				TARGETED_DEVICE_FAMILY = "1,2";
			};
			name = Debug;
		};
		049603982A7C6B8000C9C22E /* Release */ = {
			isa = XCBuildConfiguration;
			buildSettings = {
				ASSETCATALOG_COMPILER_APPICON_NAME = AppIcon;
				ASSETCATALOG_COMPILER_GLOBAL_ACCENT_COLOR_NAME = AccentColor;
				CODE_SIGN_STYLE = Automatic;
				CURRENT_PROJECT_VERSION = 1;
				DEVELOPMENT_TEAM = 3H85AXMVD3;
				GENERATE_INFOPLIST_FILE = YES;
				INFOPLIST_FILE = SearchExample/Info.plist;
				INFOPLIST_KEY_UIApplicationSupportsIndirectInputEvents = YES;
				INFOPLIST_KEY_UILaunchStoryboardName = LaunchScreen;
				INFOPLIST_KEY_UIMainStoryboardFile = Main;
				INFOPLIST_KEY_UISupportedInterfaceOrientations_iPad = "UIInterfaceOrientationPortrait UIInterfaceOrientationPortraitUpsideDown UIInterfaceOrientationLandscapeLeft UIInterfaceOrientationLandscapeRight";
				INFOPLIST_KEY_UISupportedInterfaceOrientations_iPhone = "UIInterfaceOrientationPortrait UIInterfaceOrientationLandscapeLeft UIInterfaceOrientationLandscapeRight";
				LD_RUNPATH_SEARCH_PATHS = (
					"$(inherited)",
					"@executable_path/Frameworks",
				);
				MARKETING_VERSION = 1.0;
				PRODUCT_BUNDLE_IDENTIFIER = com.sesac.SearchExample;
				PRODUCT_NAME = "$(TARGET_NAME)";
				SWIFT_EMIT_LOC_STRINGS = YES;
				SWIFT_VERSION = 5.0;
				TARGETED_DEVICE_FAMILY = "1,2";
			};
			name = Release;
		};
/* End XCBuildConfiguration section */

/* Begin XCConfigurationList section */
		0496037D2A7C6B7F00C9C22E /* Build configuration list for PBXProject "SearchExample" */ = {
			isa = XCConfigurationList;
			buildConfigurations = (
				049603942A7C6B8000C9C22E /* Debug */,
				049603952A7C6B8000C9C22E /* Release */,
			);
			defaultConfigurationIsVisible = 0;
			defaultConfigurationName = Release;
		};
		049603962A7C6B8000C9C22E /* Build configuration list for PBXNativeTarget "SearchExample" */ = {
			isa = XCConfigurationList;
			buildConfigurations = (
				049603972A7C6B8000C9C22E /* Debug */,
				049603982A7C6B8000C9C22E /* Release */,
			);
			defaultConfigurationIsVisible = 0;
			defaultConfigurationName = Release;
		};
/* End XCConfigurationList section */
	};
	rootObject = 0496037A2A7C6B7F00C9C22E /* Project object */;
}
