// !$*UTF8*$!
{
	archiveVersion = 1;
	classes = {
	};
	objectVersion = 56;
	objects = {

/* Begin PBXBuildFile section */
		6A8329302A720008006A2272 /* AppDelegate.swift in Sources */ = {isa = PBXBuildFile; fileRef = 6A83292F2A720008006A2272 /* AppDelegate.swift */; };
		6A8329322A720008006A2272 /* SceneDelegate.swift in Sources */ = {isa = PBXBuildFile; fileRef = 6A8329312A720008006A2272 /* SceneDelegate.swift */; };
		6A8329342A720008006A2272 /* ViewController.swift in Sources */ = {isa = PBXBuildFile; fileRef = 6A8329332A720008006A2272 /* ViewController.swift */; };
		6A8329372A720008006A2272 /* Main.storyboard in Resources */ = {isa = PBXBuildFile; fileRef = 6A8329352A720008006A2272 /* Main.storyboard */; };
		6A8329392A72000D006A2272 /* Assets.xcassets in Resources */ = {isa = PBXBuildFile; fileRef = 6A8329382A72000D006A2272 /* Assets.xcassets */; };
		6A83293C2A72000D006A2272 /* LaunchScreen.storyboard in Resources */ = {isa = PBXBuildFile; fileRef = 6A83293A2A72000D006A2272 /* LaunchScreen.storyboard */; };
		6A8329442A720FEF006A2272 /* TodoTableViewController.swift in Sources */ = {isa = PBXBuildFile; fileRef = 6A8329432A720FEF006A2272 /* TodoTableViewController.swift */; };
		6A8FCE242A7653840061BF84 /* Movie.storyboard in Resources */ = {isa = PBXBuildFile; fileRef = 6A8FCE232A7653840061BF84 /* Movie.storyboard */; };
		6A8FCE262A7654FA0061BF84 /* MovieTableViewCell.swift in Sources */ = {isa = PBXBuildFile; fileRef = 6A8FCE252A7654FA0061BF84 /* MovieTableViewCell.swift */; };
		6A8FCE282A7655990061BF84 /* ShoppingStruct.swift in Sources */ = {isa = PBXBuildFile; fileRef = 6A8FCE272A7655990061BF84 /* ShoppingStruct.swift */; };
		6A8FCE2A2A7655C30061BF84 /* MovieStruct.swift in Sources */ = {isa = PBXBuildFile; fileRef = 6A8FCE292A7655C30061BF84 /* MovieStruct.swift */; };
		6A8FCE2C2A7659F00061BF84 /* MovieTableViewController.swift in Sources */ = {isa = PBXBuildFile; fileRef = 6A8FCE2B2A7659F00061BF84 /* MovieTableViewController.swift */; };
		6A99734E2A73E6EB0098015B /* ShoppingTableViewCell.swift in Sources */ = {isa = PBXBuildFile; fileRef = 6A99734D2A73E6EB0098015B /* ShoppingTableViewCell.swift */; };
		6A9E8ECE2A7232DB00A8102C /* StudyTableViewController.swift in Sources */ = {isa = PBXBuildFile; fileRef = 6A9E8ECD2A7232DB00A8102C /* StudyTableViewController.swift */; };
		6A9E8ED22A72B71900A8102C /* Setting.storyboard in Resources */ = {isa = PBXBuildFile; fileRef = 6A9E8ED12A72B71900A8102C /* Setting.storyboard */; };
		6A9E8ED42A72BF3500A8102C /* SettingTableViewController.swift in Sources */ = {isa = PBXBuildFile; fileRef = 6A9E8ED32A72BF3500A8102C /* SettingTableViewController.swift */; };
		6A9E8ED62A72C30900A8102C /* ShoppingTableViewController.swift in Sources */ = {isa = PBXBuildFile; fileRef = 6A9E8ED52A72C30900A8102C /* ShoppingTableViewController.swift */; };
		6A9E8ED82A73505A00A8102C /* CustomTableViewController.swift in Sources */ = {isa = PBXBuildFile; fileRef = 6A9E8ED72A73505A00A8102C /* CustomTableViewController.swift */; };
		6A9E8EDA2A73529200A8102C /* CustomTableViewCell.swift in Sources */ = {isa = PBXBuildFile; fileRef = 6A9E8ED92A73529200A8102C /* CustomTableViewCell.swift */; };
		6A9E8EE12A73552700A8102C /* TableView++.swift in Sources */ = {isa = PBXBuildFile; fileRef = 6A9E8EE02A73552700A8102C /* TableView++.swift */; };
		6A9E8EE32A73553C00A8102C /* Label++.swift in Sources */ = {isa = PBXBuildFile; fileRef = 6A9E8EE22A73553C00A8102C /* Label++.swift */; };
		6AD079DE2A738A2200B5ED18 /* ToDoInformation.swift in Sources */ = {isa = PBXBuildFile; fileRef = 6AD079DD2A738A2200B5ED18 /* ToDoInformation.swift */; };
		6AD079E02A738A2F00B5ED18 /* ToDo.swift in Sources */ = {isa = PBXBuildFile; fileRef = 6AD079DF2A738A2F00B5ED18 /* ToDo.swift */; };
/* End PBXBuildFile section */

/* Begin PBXFileReference section */
		6A83292C2A720008006A2272 /* SeSAC3Week3.app */ = {isa = PBXFileReference; explicitFileType = wrapper.application; includeInIndex = 0; path = SeSAC3Week3.app; sourceTree = BUILT_PRODUCTS_DIR; };
		6A83292F2A720008006A2272 /* AppDelegate.swift */ = {isa = PBXFileReference; lastKnownFileType = sourcecode.swift; path = AppDelegate.swift; sourceTree = "<group>"; };
		6A8329312A720008006A2272 /* SceneDelegate.swift */ = {isa = PBXFileReference; lastKnownFileType = sourcecode.swift; path = SceneDelegate.swift; sourceTree = "<group>"; };
		6A8329332A720008006A2272 /* ViewController.swift */ = {isa = PBXFileReference; lastKnownFileType = sourcecode.swift; path = ViewController.swift; sourceTree = "<group>"; };
		6A8329362A720008006A2272 /* Base */ = {isa = PBXFileReference; lastKnownFileType = file.storyboard; name = Base; path = Base.lproj/Main.storyboard; sourceTree = "<group>"; };
		6A8329382A72000D006A2272 /* Assets.xcassets */ = {isa = PBXFileReference; lastKnownFileType = folder.assetcatalog; path = Assets.xcassets; sourceTree = "<group>"; };
		6A83293B2A72000D006A2272 /* Base */ = {isa = PBXFileReference; lastKnownFileType = file.storyboard; name = Base; path = Base.lproj/LaunchScreen.storyboard; sourceTree = "<group>"; };
		6A83293D2A72000D006A2272 /* Info.plist */ = {isa = PBXFileReference; lastKnownFileType = text.plist.xml; path = Info.plist; sourceTree = "<group>"; };
		6A8329432A720FEF006A2272 /* TodoTableViewController.swift */ = {isa = PBXFileReference; lastKnownFileType = sourcecode.swift; path = TodoTableViewController.swift; sourceTree = "<group>"; };
		6A8FCE232A7653840061BF84 /* Movie.storyboard */ = {isa = PBXFileReference; fileEncoding = 4; lastKnownFileType = file.storyboard; path = Movie.storyboard; sourceTree = "<group>"; };
		6A8FCE252A7654FA0061BF84 /* MovieTableViewCell.swift */ = {isa = PBXFileReference; lastKnownFileType = sourcecode.swift; path = MovieTableViewCell.swift; sourceTree = "<group>"; };
		6A8FCE272A7655990061BF84 /* ShoppingStruct.swift */ = {isa = PBXFileReference; lastKnownFileType = sourcecode.swift; path = ShoppingStruct.swift; sourceTree = "<group>"; };
		6A8FCE292A7655C30061BF84 /* MovieStruct.swift */ = {isa = PBXFileReference; lastKnownFileType = sourcecode.swift; path = MovieStruct.swift; sourceTree = "<group>"; };
		6A8FCE2B2A7659F00061BF84 /* MovieTableViewController.swift */ = {isa = PBXFileReference; lastKnownFileType = sourcecode.swift; path = MovieTableViewController.swift; sourceTree = "<group>"; };
		6A99734D2A73E6EB0098015B /* ShoppingTableViewCell.swift */ = {isa = PBXFileReference; lastKnownFileType = sourcecode.swift; path = ShoppingTableViewCell.swift; sourceTree = "<group>"; };
		6A9E8ECD2A7232DB00A8102C /* StudyTableViewController.swift */ = {isa = PBXFileReference; lastKnownFileType = sourcecode.swift; path = StudyTableViewController.swift; sourceTree = "<group>"; };
		6A9E8ED12A72B71900A8102C /* Setting.storyboard */ = {isa = PBXFileReference; lastKnownFileType = file.storyboard; path = Setting.storyboard; sourceTree = "<group>"; };
		6A9E8ED32A72BF3500A8102C /* SettingTableViewController.swift */ = {isa = PBXFileReference; lastKnownFileType = sourcecode.swift; path = SettingTableViewController.swift; sourceTree = "<group>"; };
		6A9E8ED52A72C30900A8102C /* ShoppingTableViewController.swift */ = {isa = PBXFileReference; lastKnownFileType = sourcecode.swift; path = ShoppingTableViewController.swift; sourceTree = "<group>"; };
		6A9E8ED72A73505A00A8102C /* CustomTableViewController.swift */ = {isa = PBXFileReference; lastKnownFileType = sourcecode.swift; path = CustomTableViewController.swift; sourceTree = "<group>"; };
		6A9E8ED92A73529200A8102C /* CustomTableViewCell.swift */ = {isa = PBXFileReference; lastKnownFileType = sourcecode.swift; path = CustomTableViewCell.swift; sourceTree = "<group>"; };
		6A9E8EE02A73552700A8102C /* TableView++.swift */ = {isa = PBXFileReference; lastKnownFileType = sourcecode.swift; path = "TableView++.swift"; sourceTree = "<group>"; };
		6A9E8EE22A73553C00A8102C /* Label++.swift */ = {isa = PBXFileReference; lastKnownFileType = sourcecode.swift; path = "Label++.swift"; sourceTree = "<group>"; };
		6AD079DD2A738A2200B5ED18 /* ToDoInformation.swift */ = {isa = PBXFileReference; lastKnownFileType = sourcecode.swift; path = ToDoInformation.swift; sourceTree = "<group>"; };
		6AD079DF2A738A2F00B5ED18 /* ToDo.swift */ = {isa = PBXFileReference; lastKnownFileType = sourcecode.swift; path = ToDo.swift; sourceTree = "<group>"; };
/* End PBXFileReference section */

/* Begin PBXFrameworksBuildPhase section */
		6A8329292A720008006A2272 /* Frameworks */ = {
			isa = PBXFrameworksBuildPhase;
			buildActionMask = 2147483647;
			files = (
			);
			runOnlyForDeploymentPostprocessing = 0;
		};
/* End PBXFrameworksBuildPhase section */

/* Begin PBXGroup section */
		6A8329232A720008006A2272 = {
			isa = PBXGroup;
			children = (
				6A83292E2A720008006A2272 /* SeSAC3Week3 */,
				6A83292D2A720008006A2272 /* Products */,
			);
			sourceTree = "<group>";
		};
		6A83292D2A720008006A2272 /* Products */ = {
			isa = PBXGroup;
			children = (
				6A83292C2A720008006A2272 /* SeSAC3Week3.app */,
			);
			name = Products;
			sourceTree = "<group>";
		};
		6A83292E2A720008006A2272 /* SeSAC3Week3 */ = {
			isa = PBXGroup;
			children = (
				6A9E8EDB2A73546700A8102C /* ViewControllers */,
				6AD079DC2A738A0000B5ED18 /* Model */,
				6A83293D2A72000D006A2272 /* Info.plist */,
				6A9E8EDF2A7354DC00A8102C /* Storyboard */,
				6A9E8EDE2A7354C700A8102C /* Resource */,
				6A9E8EDD2A7354AF00A8102C /* Extension */,
				6A9E8EDC2A73548F00A8102C /* TableViewCell */,
			);
			path = SeSAC3Week3;
			sourceTree = "<group>";
		};
		6A9E8EDB2A73546700A8102C /* ViewControllers */ = {
			isa = PBXGroup;
			children = (
				6A8329332A720008006A2272 /* ViewController.swift */,
				6A9E8ECD2A7232DB00A8102C /* StudyTableViewController.swift */,
				6A8329432A720FEF006A2272 /* TodoTableViewController.swift */,
				6A9E8ED52A72C30900A8102C /* ShoppingTableViewController.swift */,
				6A9E8ED32A72BF3500A8102C /* SettingTableViewController.swift */,
				6A9E8ED72A73505A00A8102C /* CustomTableViewController.swift */,
				6A8FCE2B2A7659F00061BF84 /* MovieTableViewController.swift */,
			);
			path = ViewControllers;
			sourceTree = "<group>";
		};
		6A9E8EDC2A73548F00A8102C /* TableViewCell */ = {
			isa = PBXGroup;
			children = (
				6A9E8ED92A73529200A8102C /* CustomTableViewCell.swift */,
				6A99734D2A73E6EB0098015B /* ShoppingTableViewCell.swift */,
				6A8FCE252A7654FA0061BF84 /* MovieTableViewCell.swift */,
			);
			path = TableViewCell;
			sourceTree = "<group>";
		};
		6A9E8EDD2A7354AF00A8102C /* Extension */ = {
			isa = PBXGroup;
			children = (
				6A9E8EE02A73552700A8102C /* TableView++.swift */,
				6A9E8EE22A73553C00A8102C /* Label++.swift */,
			);
			path = Extension;
			sourceTree = "<group>";
		};
		6A9E8EDE2A7354C700A8102C /* Resource */ = {
			isa = PBXGroup;
			children = (
				6A83292F2A720008006A2272 /* AppDelegate.swift */,
				6A8329312A720008006A2272 /* SceneDelegate.swift */,
				6A8329382A72000D006A2272 /* Assets.xcassets */,
			);
			path = Resource;
			sourceTree = "<group>";
		};
		6A9E8EDF2A7354DC00A8102C /* Storyboard */ = {
			isa = PBXGroup;
			children = (
				6A83293A2A72000D006A2272 /* LaunchScreen.storyboard */,
				6A9E8ED12A72B71900A8102C /* Setting.storyboard */,
				6A8FCE232A7653840061BF84 /* Movie.storyboard */,
				6A8329352A720008006A2272 /* Main.storyboard */,
			);
			path = Storyboard;
			sourceTree = "<group>";
		};
		6AD079DC2A738A0000B5ED18 /* Model */ = {
			isa = PBXGroup;
			children = (
				6AD079DD2A738A2200B5ED18 /* ToDoInformation.swift */,
				6AD079DF2A738A2F00B5ED18 /* ToDo.swift */,
				6A8FCE272A7655990061BF84 /* ShoppingStruct.swift */,
				6A8FCE292A7655C30061BF84 /* MovieStruct.swift */,
			);
			path = Model;
			sourceTree = "<group>";
		};
/* End PBXGroup section */

/* Begin PBXNativeTarget section */
		6A83292B2A720008006A2272 /* SeSAC3Week3 */ = {
			isa = PBXNativeTarget;
			buildConfigurationList = 6A8329402A72000D006A2272 /* Build configuration list for PBXNativeTarget "SeSAC3Week3" */;
			buildPhases = (
				6A8329282A720008006A2272 /* Sources */,
				6A8329292A720008006A2272 /* Frameworks */,
				6A83292A2A720008006A2272 /* Resources */,
			);
			buildRules = (
			);
			dependencies = (
			);
			name = SeSAC3Week3;
			productName = SeSAC3Week3;
			productReference = 6A83292C2A720008006A2272 /* SeSAC3Week3.app */;
			productType = "com.apple.product-type.application";
		};
/* End PBXNativeTarget section */

/* Begin PBXProject section */
		6A8329242A720008006A2272 /* Project object */ = {
			isa = PBXProject;
			attributes = {
				BuildIndependentTargetsInParallel = 1;
				LastSwiftUpdateCheck = 1430;
				LastUpgradeCheck = 1430;
				TargetAttributes = {
					6A83292B2A720008006A2272 = {
						CreatedOnToolsVersion = 14.3.1;
					};
				};
			};
			buildConfigurationList = 6A8329272A720008006A2272 /* Build configuration list for PBXProject "SeSAC3Week3" */;
			compatibilityVersion = "Xcode 14.0";
			developmentRegion = en;
			hasScannedForEncodings = 0;
			knownRegions = (
				en,
				Base,
			);
			mainGroup = 6A8329232A720008006A2272;
			productRefGroup = 6A83292D2A720008006A2272 /* Products */;
			projectDirPath = "";
			projectRoot = "";
			targets = (
				6A83292B2A720008006A2272 /* SeSAC3Week3 */,
			);
		};
/* End PBXProject section */

/* Begin PBXResourcesBuildPhase section */
		6A83292A2A720008006A2272 /* Resources */ = {
			isa = PBXResourcesBuildPhase;
			buildActionMask = 2147483647;
			files = (
				6A8FCE242A7653840061BF84 /* Movie.storyboard in Resources */,
				6A83293C2A72000D006A2272 /* LaunchScreen.storyboard in Resources */,
				6A8329392A72000D006A2272 /* Assets.xcassets in Resources */,
				6A9E8ED22A72B71900A8102C /* Setting.storyboard in Resources */,
				6A8329372A720008006A2272 /* Main.storyboard in Resources */,
			);
			runOnlyForDeploymentPostprocessing = 0;
		};
/* End PBXResourcesBuildPhase section */

/* Begin PBXSourcesBuildPhase section */
		6A8329282A720008006A2272 /* Sources */ = {
			isa = PBXSourcesBuildPhase;
			buildActionMask = 2147483647;
			files = (
				6A9E8ED42A72BF3500A8102C /* SettingTableViewController.swift in Sources */,
				6A9E8ED62A72C30900A8102C /* ShoppingTableViewController.swift in Sources */,
				6A8329342A720008006A2272 /* ViewController.swift in Sources */,
				6A9E8ECE2A7232DB00A8102C /* StudyTableViewController.swift in Sources */,
				6AD079DE2A738A2200B5ED18 /* ToDoInformation.swift in Sources */,
				6A8FCE2A2A7655C30061BF84 /* MovieStruct.swift in Sources */,
				6A8FCE262A7654FA0061BF84 /* MovieTableViewCell.swift in Sources */,
				6A99734E2A73E6EB0098015B /* ShoppingTableViewCell.swift in Sources */,
				6A8329302A720008006A2272 /* AppDelegate.swift in Sources */,
				6A9E8EE32A73553C00A8102C /* Label++.swift in Sources */,
				6A9E8EDA2A73529200A8102C /* CustomTableViewCell.swift in Sources */,
				6A8329442A720FEF006A2272 /* TodoTableViewController.swift in Sources */,
				6A9E8ED82A73505A00A8102C /* CustomTableViewController.swift in Sources */,
				6A8FCE282A7655990061BF84 /* ShoppingStruct.swift in Sources */,
				6A8FCE2C2A7659F00061BF84 /* MovieTableViewController.swift in Sources */,
				6A8329322A720008006A2272 /* SceneDelegate.swift in Sources */,
				6AD079E02A738A2F00B5ED18 /* ToDo.swift in Sources */,
				6A9E8EE12A73552700A8102C /* TableView++.swift in Sources */,
			);
			runOnlyForDeploymentPostprocessing = 0;
		};
/* End PBXSourcesBuildPhase section */

/* Begin PBXVariantGroup section */
		6A8329352A720008006A2272 /* Main.storyboard */ = {
			isa = PBXVariantGroup;
			children = (
				6A8329362A720008006A2272 /* Base */,
			);
			name = Main.storyboard;
			sourceTree = "<group>";
		};
		6A83293A2A72000D006A2272 /* LaunchScreen.storyboard */ = {
			isa = PBXVariantGroup;
			children = (
				6A83293B2A72000D006A2272 /* Base */,
			);
			name = LaunchScreen.storyboard;
			sourceTree = "<group>";
		};
/* End PBXVariantGroup section */

/* Begin XCBuildConfiguration section */
		6A83293E2A72000D006A2272 /* Debug */ = {
			isa = XCBuildConfiguration;
			buildSettings = {
				ALWAYS_SEARCH_USER_PATHS = NO;
				CLANG_ANALYZER_NONNULL = YES;
				CLANG_ANALYZER_NUMBER_OBJECT_CONVERSION = YES_AGGRESSIVE;
				CLANG_CXX_LANGUAGE_STANDARD = "gnu++20";
				CLANG_ENABLE_MODULES = YES;
				CLANG_ENABLE_OBJC_ARC = YES;
				CLANG_ENABLE_OBJC_WEAK = YES;
				CLANG_WARN_BLOCK_CAPTURE_AUTORELEASING = YES;
				CLANG_WARN_BOOL_CONVERSION = YES;
				CLANG_WARN_COMMA = YES;
				CLANG_WARN_CONSTANT_CONVERSION = YES;
				CLANG_WARN_DEPRECATED_OBJC_IMPLEMENTATIONS = YES;
				CLANG_WARN_DIRECT_OBJC_ISA_USAGE = YES_ERROR;
				CLANG_WARN_DOCUMENTATION_COMMENTS = YES;
				CLANG_WARN_EMPTY_BODY = YES;
				CLANG_WARN_ENUM_CONVERSION = YES;
				CLANG_WARN_INFINITE_RECURSION = YES;
				CLANG_WARN_INT_CONVERSION = YES;
				CLANG_WARN_NON_LITERAL_NULL_CONVERSION = YES;
				CLANG_WARN_OBJC_IMPLICIT_RETAIN_SELF = YES;
				CLANG_WARN_OBJC_LITERAL_CONVERSION = YES;
				CLANG_WARN_OBJC_ROOT_CLASS = YES_ERROR;
				CLANG_WARN_QUOTED_INCLUDE_IN_FRAMEWORK_HEADER = YES;
				CLANG_WARN_RANGE_LOOP_ANALYSIS = YES;
				CLANG_WARN_STRICT_PROTOTYPES = YES;
				CLANG_WARN_SUSPICIOUS_MOVE = YES;
				CLANG_WARN_UNGUARDED_AVAILABILITY = YES_AGGRESSIVE;
				CLANG_WARN_UNREACHABLE_CODE = YES;
				CLANG_WARN__DUPLICATE_METHOD_MATCH = YES;
				COPY_PHASE_STRIP = NO;
				DEBUG_INFORMATION_FORMAT = dwarf;
				ENABLE_STRICT_OBJC_MSGSEND = YES;
				ENABLE_TESTABILITY = YES;
				GCC_C_LANGUAGE_STANDARD = gnu11;
				GCC_DYNAMIC_NO_PIC = NO;
				GCC_NO_COMMON_BLOCKS = YES;
				GCC_OPTIMIZATION_LEVEL = 0;
				GCC_PREPROCESSOR_DEFINITIONS = (
					"DEBUG=1",
					"$(inherited)",
				);
				GCC_WARN_64_TO_32_BIT_CONVERSION = YES;
				GCC_WARN_ABOUT_RETURN_TYPE = YES_ERROR;
				GCC_WARN_UNDECLARED_SELECTOR = YES;
				GCC_WARN_UNINITIALIZED_AUTOS = YES_AGGRESSIVE;
				GCC_WARN_UNUSED_FUNCTION = YES;
				GCC_WARN_UNUSED_VARIABLE = YES;
				IPHONEOS_DEPLOYMENT_TARGET = 16.4;
				MTL_ENABLE_DEBUG_INFO = INCLUDE_SOURCE;
				MTL_FAST_MATH = YES;
				ONLY_ACTIVE_ARCH = YES;
				SDKROOT = iphoneos;
				SWIFT_ACTIVE_COMPILATION_CONDITIONS = DEBUG;
				SWIFT_OPTIMIZATION_LEVEL = "-Onone";
			};
			name = Debug;
		};
		6A83293F2A72000D006A2272 /* Release */ = {
			isa = XCBuildConfiguration;
			buildSettings = {
				ALWAYS_SEARCH_USER_PATHS = NO;
				CLANG_ANALYZER_NONNULL = YES;
				CLANG_ANALYZER_NUMBER_OBJECT_CONVERSION = YES_AGGRESSIVE;
				CLANG_CXX_LANGUAGE_STANDARD = "gnu++20";
				CLANG_ENABLE_MODULES = YES;
				CLANG_ENABLE_OBJC_ARC = YES;
				CLANG_ENABLE_OBJC_WEAK = YES;
				CLANG_WARN_BLOCK_CAPTURE_AUTORELEASING = YES;
				CLANG_WARN_BOOL_CONVERSION = YES;
				CLANG_WARN_COMMA = YES;
				CLANG_WARN_CONSTANT_CONVERSION = YES;
				CLANG_WARN_DEPRECATED_OBJC_IMPLEMENTATIONS = YES;
				CLANG_WARN_DIRECT_OBJC_ISA_USAGE = YES_ERROR;
				CLANG_WARN_DOCUMENTATION_COMMENTS = YES;
				CLANG_WARN_EMPTY_BODY = YES;
				CLANG_WARN_ENUM_CONVERSION = YES;
				CLANG_WARN_INFINITE_RECURSION = YES;
				CLANG_WARN_INT_CONVERSION = YES;
				CLANG_WARN_NON_LITERAL_NULL_CONVERSION = YES;
				CLANG_WARN_OBJC_IMPLICIT_RETAIN_SELF = YES;
				CLANG_WARN_OBJC_LITERAL_CONVERSION = YES;
				CLANG_WARN_OBJC_ROOT_CLASS = YES_ERROR;
				CLANG_WARN_QUOTED_INCLUDE_IN_FRAMEWORK_HEADER = YES;
				CLANG_WARN_RANGE_LOOP_ANALYSIS = YES;
				CLANG_WARN_STRICT_PROTOTYPES = YES;
				CLANG_WARN_SUSPICIOUS_MOVE = YES;
				CLANG_WARN_UNGUARDED_AVAILABILITY = YES_AGGRESSIVE;
				CLANG_WARN_UNREACHABLE_CODE = YES;
				CLANG_WARN__DUPLICATE_METHOD_MATCH = YES;
				COPY_PHASE_STRIP = NO;
				DEBUG_INFORMATION_FORMAT = "dwarf-with-dsym";
				ENABLE_NS_ASSERTIONS = NO;
				ENABLE_STRICT_OBJC_MSGSEND = YES;
				GCC_C_LANGUAGE_STANDARD = gnu11;
				GCC_NO_COMMON_BLOCKS = YES;
				GCC_WARN_64_TO_32_BIT_CONVERSION = YES;
				GCC_WARN_ABOUT_RETURN_TYPE = YES_ERROR;
				GCC_WARN_UNDECLARED_SELECTOR = YES;
				GCC_WARN_UNINITIALIZED_AUTOS = YES_AGGRESSIVE;
				GCC_WARN_UNUSED_FUNCTION = YES;
				GCC_WARN_UNUSED_VARIABLE = YES;
				IPHONEOS_DEPLOYMENT_TARGET = 16.4;
				MTL_ENABLE_DEBUG_INFO = NO;
				MTL_FAST_MATH = YES;
				SDKROOT = iphoneos;
				SWIFT_COMPILATION_MODE = wholemodule;
				SWIFT_OPTIMIZATION_LEVEL = "-O";
				VALIDATE_PRODUCT = YES;
			};
			name = Release;
		};
		6A8329412A72000D006A2272 /* Debug */ = {
			isa = XCBuildConfiguration;
			buildSettings = {
				ASSETCATALOG_COMPILER_APPICON_NAME = AppIcon;
				ASSETCATALOG_COMPILER_GLOBAL_ACCENT_COLOR_NAME = AccentColor;
				CODE_SIGN_STYLE = Automatic;
				CURRENT_PROJECT_VERSION = 1;
				DEVELOPMENT_TEAM = 3H85AXMVD3;
				GENERATE_INFOPLIST_FILE = YES;
				INFOPLIST_FILE = SeSAC3Week3/Info.plist;
				INFOPLIST_KEY_UIApplicationSupportsIndirectInputEvents = YES;
				INFOPLIST_KEY_UILaunchStoryboardName = LaunchScreen;
				INFOPLIST_KEY_UIMainStoryboardFile = Main;
				INFOPLIST_KEY_UISupportedInterfaceOrientations_iPad = "UIInterfaceOrientationPortrait UIInterfaceOrientationPortraitUpsideDown UIInterfaceOrientationLandscapeLeft UIInterfaceOrientationLandscapeRight";
				INFOPLIST_KEY_UISupportedInterfaceOrientations_iPhone = "UIInterfaceOrientationPortrait UIInterfaceOrientationLandscapeLeft UIInterfaceOrientationLandscapeRight";
				LD_RUNPATH_SEARCH_PATHS = (
					"$(inherited)",
					"@executable_path/Frameworks",
				);
				MARKETING_VERSION = 1.0;
				PRODUCT_BUNDLE_IDENTIFIER = com.yujinnee.SeSAC3Week3;
				PRODUCT_NAME = "$(TARGET_NAME)";
				SWIFT_EMIT_LOC_STRINGS = YES;
				SWIFT_VERSION = 5.0;
				TARGETED_DEVICE_FAMILY = "1,2";
			};
			name = Debug;
		};
		6A8329422A72000D006A2272 /* Release */ = {
			isa = XCBuildConfiguration;
			buildSettings = {
				ASSETCATALOG_COMPILER_APPICON_NAME = AppIcon;
				ASSETCATALOG_COMPILER_GLOBAL_ACCENT_COLOR_NAME = AccentColor;
				CODE_SIGN_STYLE = Automatic;
				CURRENT_PROJECT_VERSION = 1;
				DEVELOPMENT_TEAM = 3H85AXMVD3;
				GENERATE_INFOPLIST_FILE = YES;
				INFOPLIST_FILE = SeSAC3Week3/Info.plist;
				INFOPLIST_KEY_UIApplicationSupportsIndirectInputEvents = YES;
				INFOPLIST_KEY_UILaunchStoryboardName = LaunchScreen;
				INFOPLIST_KEY_UIMainStoryboardFile = Main;
				INFOPLIST_KEY_UISupportedInterfaceOrientations_iPad = "UIInterfaceOrientationPortrait UIInterfaceOrientationPortraitUpsideDown UIInterfaceOrientationLandscapeLeft UIInterfaceOrientationLandscapeRight";
				INFOPLIST_KEY_UISupportedInterfaceOrientations_iPhone = "UIInterfaceOrientationPortrait UIInterfaceOrientationLandscapeLeft UIInterfaceOrientationLandscapeRight";
				LD_RUNPATH_SEARCH_PATHS = (
					"$(inherited)",
					"@executable_path/Frameworks",
				);
				MARKETING_VERSION = 1.0;
				PRODUCT_BUNDLE_IDENTIFIER = com.yujinnee.SeSAC3Week3;
				PRODUCT_NAME = "$(TARGET_NAME)";
				SWIFT_EMIT_LOC_STRINGS = YES;
				SWIFT_VERSION = 5.0;
				TARGETED_DEVICE_FAMILY = "1,2";
			};
			name = Release;
		};
/* End XCBuildConfiguration section */

/* Begin XCConfigurationList section */
		6A8329272A720008006A2272 /* Build configuration list for PBXProject "SeSAC3Week3" */ = {
			isa = XCConfigurationList;
			buildConfigurations = (
				6A83293E2A72000D006A2272 /* Debug */,
				6A83293F2A72000D006A2272 /* Release */,
			);
			defaultConfigurationIsVisible = 0;
			defaultConfigurationName = Release;
		};
		6A8329402A72000D006A2272 /* Build configuration list for PBXNativeTarget "SeSAC3Week3" */ = {
			isa = XCConfigurationList;
			buildConfigurations = (
				6A8329412A72000D006A2272 /* Debug */,
				6A8329422A72000D006A2272 /* Release */,
			);
			defaultConfigurationIsVisible = 0;
			defaultConfigurationName = Release;
		};
/* End XCConfigurationList section */
	};
	rootObject = 6A8329242A720008006A2272 /* Project object */;
}
