// !$*UTF8*$!
{
	archiveVersion = 1;
	classes = {
	};
	objectVersion = 56;
	objects = {

/* Begin PBXBuildFile section */
		6A210E602AB2A0E4007C4DE6 /* NewSimpleCollectionViewController.swift in Sources */ = {isa = PBXBuildFile; fileRef = 6A210E5F2AB2A0E4007C4DE6 /* NewSimpleCollectionViewController.swift */; };
		6A210E632AB2A9F0007C4DE6 /* SnapKit in Frameworks */ = {isa = PBXBuildFile; productRef = 6A210E622AB2A9F0007C4DE6 /* SnapKit */; };
		6A5B3B4B2AAFFE39005DE44A /* SampleViewController.swift in Sources */ = {isa = PBXBuildFile; fileRef = 6A5B3B4A2AAFFE39005DE44A /* SampleViewController.swift */; };
		6A5B3B4D2AB00168005DE44A /* SampleViewModel.swift in Sources */ = {isa = PBXBuildFile; fileRef = 6A5B3B4C2AB00168005DE44A /* SampleViewModel.swift */; };
		6A5B3B4F2AB00E47005DE44A /* LoginViewModel.swift in Sources */ = {isa = PBXBuildFile; fileRef = 6A5B3B4E2AB00E47005DE44A /* LoginViewModel.swift */; };
		6A5B3B522AB02A61005DE44A /* Photo.swift in Sources */ = {isa = PBXBuildFile; fileRef = 6A5B3B512AB02A61005DE44A /* Photo.swift */; };
		6A5B3B542AB02A6E005DE44A /* APIService.swift in Sources */ = {isa = PBXBuildFile; fileRef = 6A5B3B532AB02A6E005DE44A /* APIService.swift */; };
		6A5B3B562AB02B58005DE44A /* PhotoViewController.swift in Sources */ = {isa = PBXBuildFile; fileRef = 6A5B3B552AB02B58005DE44A /* PhotoViewController.swift */; };
		6A8BA3C22AB02C8E00FC88D7 /* .gitignore in Resources */ = {isa = PBXBuildFile; fileRef = 6A8BA3C12AB02C8E00FC88D7 /* .gitignore */; };
		6A8BA3C42AB02CAA00FC88D7 /* APIKeys.swift in Sources */ = {isa = PBXBuildFile; fileRef = 6A8BA3C32AB02CAA00FC88D7 /* APIKeys.swift */; };
		6A8BA3C62AB02DA600FC88D7 /* PhotoViewModel.swift in Sources */ = {isa = PBXBuildFile; fileRef = 6A8BA3C52AB02DA600FC88D7 /* PhotoViewModel.swift */; };
		6A8BA3C92AB0965100FC88D7 /* Kingfisher in Frameworks */ = {isa = PBXBuildFile; productRef = 6A8BA3C82AB0965100FC88D7 /* Kingfisher */; };
		6A8BA3D42AB139E500FC88D7 /* CalculateViewController.swift in Sources */ = {isa = PBXBuildFile; fileRef = 6A8BA3D32AB139E500FC88D7 /* CalculateViewController.swift */; };
		6A8BA3D62AB13AA700FC88D7 /* CalculateViewModel.swift in Sources */ = {isa = PBXBuildFile; fileRef = 6A8BA3D52AB13AA700FC88D7 /* CalculateViewModel.swift */; };
		6A8BA3D82AB13DAA00FC88D7 /* JackObservable.swift in Sources */ = {isa = PBXBuildFile; fileRef = 6A8BA3D72AB13DAA00FC88D7 /* JackObservable.swift */; };
		6A8BA3DA2AB1C52600FC88D7 /* String+Extension.swift in Sources */ = {isa = PBXBuildFile; fileRef = 6A8BA3D92AB1C52600FC88D7 /* String+Extension.swift */; };
		6A8BA3DD2AB1C61000FC88D7 /* Localizable.strings in Resources */ = {isa = PBXBuildFile; fileRef = 6A8BA3DF2AB1C61000FC88D7 /* Localizable.strings */; };
		6A8BA3E42AB1C6D900FC88D7 /* InfoPlist.strings in Resources */ = {isa = PBXBuildFile; fileRef = 6A8BA3E62AB1C6D900FC88D7 /* InfoPlist.strings */; };
		6AC02D452AAE991900AED23F /* AppDelegate.swift in Sources */ = {isa = PBXBuildFile; fileRef = 6AC02D442AAE991900AED23F /* AppDelegate.swift */; };
		6AC02D472AAE991900AED23F /* SceneDelegate.swift in Sources */ = {isa = PBXBuildFile; fileRef = 6AC02D462AAE991900AED23F /* SceneDelegate.swift */; };
		6AC02D492AAE991900AED23F /* ViewController.swift in Sources */ = {isa = PBXBuildFile; fileRef = 6AC02D482AAE991900AED23F /* ViewController.swift */; };
		6AC02D4C2AAE991900AED23F /* Main.storyboard in Resources */ = {isa = PBXBuildFile; fileRef = 6AC02D4A2AAE991900AED23F /* Main.storyboard */; };
		6AC02D4E2AAE991E00AED23F /* Assets.xcassets in Resources */ = {isa = PBXBuildFile; fileRef = 6AC02D4D2AAE991E00AED23F /* Assets.xcassets */; };
		6AC02D512AAE991E00AED23F /* LaunchScreen.storyboard in Resources */ = {isa = PBXBuildFile; fileRef = 6AC02D4F2AAE991E00AED23F /* LaunchScreen.storyboard */; };
		6AC02D6B2AAFED6200AED23F /* LoginViewController.swift in Sources */ = {isa = PBXBuildFile; fileRef = 6AC02D6A2AAFED6200AED23F /* LoginViewController.swift */; };
		6AC02D6D2AAFF2F700AED23F /* Observable.swift in Sources */ = {isa = PBXBuildFile; fileRef = 6AC02D6C2AAFF2F700AED23F /* Observable.swift */; };
		6AE2C0812AB29703006F1CBE /* NewSimpleTableViewController.swift in Sources */ = {isa = PBXBuildFile; fileRef = 6AE2C0802AB29703006F1CBE /* NewSimpleTableViewController.swift */; };
/* End PBXBuildFile section */

/* Begin PBXFileReference section */
		6A210E5F2AB2A0E4007C4DE6 /* NewSimpleCollectionViewController.swift */ = {isa = PBXFileReference; lastKnownFileType = sourcecode.swift; path = NewSimpleCollectionViewController.swift; sourceTree = "<group>"; };
		6A5B3B4A2AAFFE39005DE44A /* SampleViewController.swift */ = {isa = PBXFileReference; lastKnownFileType = sourcecode.swift; path = SampleViewController.swift; sourceTree = "<group>"; };
		6A5B3B4C2AB00168005DE44A /* SampleViewModel.swift */ = {isa = PBXFileReference; lastKnownFileType = sourcecode.swift; path = SampleViewModel.swift; sourceTree = "<group>"; };
		6A5B3B4E2AB00E47005DE44A /* LoginViewModel.swift */ = {isa = PBXFileReference; lastKnownFileType = sourcecode.swift; path = LoginViewModel.swift; sourceTree = "<group>"; };
		6A5B3B512AB02A61005DE44A /* Photo.swift */ = {isa = PBXFileReference; lastKnownFileType = sourcecode.swift; path = Photo.swift; sourceTree = "<group>"; };
		6A5B3B532AB02A6E005DE44A /* APIService.swift */ = {isa = PBXFileReference; lastKnownFileType = sourcecode.swift; path = APIService.swift; sourceTree = "<group>"; };
		6A5B3B552AB02B58005DE44A /* PhotoViewController.swift */ = {isa = PBXFileReference; lastKnownFileType = sourcecode.swift; path = PhotoViewController.swift; sourceTree = "<group>"; };
		6A8BA3C12AB02C8E00FC88D7 /* .gitignore */ = {isa = PBXFileReference; lastKnownFileType = text; path = .gitignore; sourceTree = "<group>"; };
		6A8BA3C32AB02CAA00FC88D7 /* APIKeys.swift */ = {isa = PBXFileReference; lastKnownFileType = sourcecode.swift; path = APIKeys.swift; sourceTree = "<group>"; };
		6A8BA3C52AB02DA600FC88D7 /* PhotoViewModel.swift */ = {isa = PBXFileReference; lastKnownFileType = sourcecode.swift; path = PhotoViewModel.swift; sourceTree = "<group>"; };
		6A8BA3D32AB139E500FC88D7 /* CalculateViewController.swift */ = {isa = PBXFileReference; lastKnownFileType = sourcecode.swift; path = CalculateViewController.swift; sourceTree = "<group>"; };
		6A8BA3D52AB13AA700FC88D7 /* CalculateViewModel.swift */ = {isa = PBXFileReference; lastKnownFileType = sourcecode.swift; path = CalculateViewModel.swift; sourceTree = "<group>"; };
		6A8BA3D72AB13DAA00FC88D7 /* JackObservable.swift */ = {isa = PBXFileReference; lastKnownFileType = sourcecode.swift; path = JackObservable.swift; sourceTree = "<group>"; };
		6A8BA3D92AB1C52600FC88D7 /* String+Extension.swift */ = {isa = PBXFileReference; lastKnownFileType = sourcecode.swift; path = "String+Extension.swift"; sourceTree = "<group>"; };
		6A8BA3DE2AB1C61000FC88D7 /* en */ = {isa = PBXFileReference; lastKnownFileType = text.plist.strings; name = en; path = en.lproj/Localizable.strings; sourceTree = "<group>"; };
		6A8BA3E02AB1C61400FC88D7 /* ja */ = {isa = PBXFileReference; lastKnownFileType = text.plist.strings; name = ja; path = ja.lproj/Localizable.strings; sourceTree = "<group>"; };
		6A8BA3E12AB1C61400FC88D7 /* ko */ = {isa = PBXFileReference; lastKnownFileType = text.plist.strings; name = ko; path = ko.lproj/Localizable.strings; sourceTree = "<group>"; };
		6A8BA3E52AB1C6D900FC88D7 /* en */ = {isa = PBXFileReference; lastKnownFileType = text.plist.strings; name = en; path = en.lproj/InfoPlist.strings; sourceTree = "<group>"; };
		6A8BA3E72AB1C6E500FC88D7 /* ja */ = {isa = PBXFileReference; lastKnownFileType = text.plist.strings; name = ja; path = ja.lproj/InfoPlist.strings; sourceTree = "<group>"; };
		6A8BA3E82AB1C6E600FC88D7 /* ko */ = {isa = PBXFileReference; lastKnownFileType = text.plist.strings; name = ko; path = ko.lproj/InfoPlist.strings; sourceTree = "<group>"; };
		6AC02D412AAE991900AED23F /* UnsplashProject.app */ = {isa = PBXFileReference; explicitFileType = wrapper.application; includeInIndex = 0; path = UnsplashProject.app; sourceTree = BUILT_PRODUCTS_DIR; };
		6AC02D442AAE991900AED23F /* AppDelegate.swift */ = {isa = PBXFileReference; lastKnownFileType = sourcecode.swift; path = AppDelegate.swift; sourceTree = "<group>"; };
		6AC02D462AAE991900AED23F /* SceneDelegate.swift */ = {isa = PBXFileReference; lastKnownFileType = sourcecode.swift; path = SceneDelegate.swift; sourceTree = "<group>"; };
		6AC02D482AAE991900AED23F /* ViewController.swift */ = {isa = PBXFileReference; lastKnownFileType = sourcecode.swift; path = ViewController.swift; sourceTree = "<group>"; };
		6AC02D4B2AAE991900AED23F /* Base */ = {isa = PBXFileReference; lastKnownFileType = file.storyboard; name = Base; path = Base.lproj/Main.storyboard; sourceTree = "<group>"; };
		6AC02D4D2AAE991E00AED23F /* Assets.xcassets */ = {isa = PBXFileReference; lastKnownFileType = folder.assetcatalog; path = Assets.xcassets; sourceTree = "<group>"; };
		6AC02D502AAE991E00AED23F /* Base */ = {isa = PBXFileReference; lastKnownFileType = file.storyboard; name = Base; path = Base.lproj/LaunchScreen.storyboard; sourceTree = "<group>"; };
		6AC02D522AAE991E00AED23F /* Info.plist */ = {isa = PBXFileReference; lastKnownFileType = text.plist.xml; path = Info.plist; sourceTree = "<group>"; };
		6AC02D582AAE9CCA00AED23F /* ja */ = {isa = PBXFileReference; lastKnownFileType = text.plist.strings; name = ja; path = ja.lproj/Main.strings; sourceTree = "<group>"; };
		6AC02D592AAE9CCB00AED23F /* ja */ = {isa = PBXFileReference; lastKnownFileType = text.plist.strings; name = ja; path = ja.lproj/LaunchScreen.strings; sourceTree = "<group>"; };
		6AC02D5A2AAE9CD200AED23F /* ko */ = {isa = PBXFileReference; lastKnownFileType = text.plist.strings; name = ko; path = ko.lproj/Main.strings; sourceTree = "<group>"; };
		6AC02D5B2AAE9CD200AED23F /* ko */ = {isa = PBXFileReference; lastKnownFileType = text.plist.strings; name = ko; path = ko.lproj/LaunchScreen.strings; sourceTree = "<group>"; };
		6AC02D5D2AAE9DDB00AED23F /* en */ = {isa = PBXFileReference; lastKnownFileType = text.plist.strings; name = en; path = en.lproj/Main.strings; sourceTree = "<group>"; };
		6AC02D6A2AAFED6200AED23F /* LoginViewController.swift */ = {isa = PBXFileReference; lastKnownFileType = sourcecode.swift; path = LoginViewController.swift; sourceTree = "<group>"; };
		6AC02D6C2AAFF2F700AED23F /* Observable.swift */ = {isa = PBXFileReference; lastKnownFileType = sourcecode.swift; path = Observable.swift; sourceTree = "<group>"; };
		6AE2C0802AB29703006F1CBE /* NewSimpleTableViewController.swift */ = {isa = PBXFileReference; lastKnownFileType = sourcecode.swift; path = NewSimpleTableViewController.swift; sourceTree = "<group>"; };
/* End PBXFileReference section */

/* Begin PBXFrameworksBuildPhase section */
		6AC02D3E2AAE991900AED23F /* Frameworks */ = {
			isa = PBXFrameworksBuildPhase;
			buildActionMask = 2147483647;
			files = (
				6A8BA3C92AB0965100FC88D7 /* Kingfisher in Frameworks */,
				6A210E632AB2A9F0007C4DE6 /* SnapKit in Frameworks */,
			);
			runOnlyForDeploymentPostprocessing = 0;
		};
/* End PBXFrameworksBuildPhase section */

/* Begin PBXGroup section */
		6A5B3B502AB02A51005DE44A /* Photo */ = {
			isa = PBXGroup;
			children = (
				6A5B3B512AB02A61005DE44A /* Photo.swift */,
				6A5B3B532AB02A6E005DE44A /* APIService.swift */,
				6A5B3B552AB02B58005DE44A /* PhotoViewController.swift */,
				6A8BA3C52AB02DA600FC88D7 /* PhotoViewModel.swift */,
			);
			path = Photo;
			sourceTree = "<group>";
		};
		6A8BA3D22AB139B400FC88D7 /* Calculate */ = {
			isa = PBXGroup;
			children = (
				6A8BA3D32AB139E500FC88D7 /* CalculateViewController.swift */,
				6A8BA3D52AB13AA700FC88D7 /* CalculateViewModel.swift */,
				6A8BA3D72AB13DAA00FC88D7 /* JackObservable.swift */,
			);
			path = Calculate;
			sourceTree = "<group>";
		};
		6AC02D382AAE991900AED23F = {
			isa = PBXGroup;
			children = (
				6AC02D432AAE991900AED23F /* UnsplashProject */,
				6AC02D422AAE991900AED23F /* Products */,
			);
			sourceTree = "<group>";
		};
		6AC02D422AAE991900AED23F /* Products */ = {
			isa = PBXGroup;
			children = (
				6AC02D412AAE991900AED23F /* UnsplashProject.app */,
			);
			name = Products;
			sourceTree = "<group>";
		};
		6AC02D432AAE991900AED23F /* UnsplashProject */ = {
			isa = PBXGroup;
			children = (
				6AE2C07F2AB296E5006F1CBE /* New */,
				6A8BA3D22AB139B400FC88D7 /* Calculate */,
				6A5B3B502AB02A51005DE44A /* Photo */,
				6AC02D692AAFED4100AED23F /* Login */,
				6AC02D442AAE991900AED23F /* AppDelegate.swift */,
				6AC02D462AAE991900AED23F /* SceneDelegate.swift */,
				6AC02D482AAE991900AED23F /* ViewController.swift */,
				6AC02D4A2AAE991900AED23F /* Main.storyboard */,
				6AC02D4D2AAE991E00AED23F /* Assets.xcassets */,
				6AC02D4F2AAE991E00AED23F /* LaunchScreen.storyboard */,
				6AC02D522AAE991E00AED23F /* Info.plist */,
				6A8BA3C12AB02C8E00FC88D7 /* .gitignore */,
				6A8BA3C32AB02CAA00FC88D7 /* APIKeys.swift */,
				6A8BA3D92AB1C52600FC88D7 /* String+Extension.swift */,
				6A8BA3DF2AB1C61000FC88D7 /* Localizable.strings */,
				6A8BA3E62AB1C6D900FC88D7 /* InfoPlist.strings */,
			);
			path = UnsplashProject;
			sourceTree = "<group>";
		};
		6AC02D692AAFED4100AED23F /* Login */ = {
			isa = PBXGroup;
			children = (
				6AC02D6A2AAFED6200AED23F /* LoginViewController.swift */,
				6AC02D6C2AAFF2F700AED23F /* Observable.swift */,
				6A5B3B4A2AAFFE39005DE44A /* SampleViewController.swift */,
				6A5B3B4C2AB00168005DE44A /* SampleViewModel.swift */,
				6A5B3B4E2AB00E47005DE44A /* LoginViewModel.swift */,
			);
			path = Login;
			sourceTree = "<group>";
		};
		6AE2C07F2AB296E5006F1CBE /* New */ = {
			isa = PBXGroup;
			children = (
				6AE2C0802AB29703006F1CBE /* NewSimpleTableViewController.swift */,
				6A210E5F2AB2A0E4007C4DE6 /* NewSimpleCollectionViewController.swift */,
			);
			path = New;
			sourceTree = "<group>";
		};
/* End PBXGroup section */

/* Begin PBXNativeTarget section */
		6AC02D402AAE991900AED23F /* UnsplashProject */ = {
			isa = PBXNativeTarget;
			buildConfigurationList = 6AC02D552AAE991E00AED23F /* Build configuration list for PBXNativeTarget "UnsplashProject" */;
			buildPhases = (
				6AC02D3D2AAE991900AED23F /* Sources */,
				6AC02D3E2AAE991900AED23F /* Frameworks */,
				6AC02D3F2AAE991900AED23F /* Resources */,
			);
			buildRules = (
			);
			dependencies = (
			);
			name = UnsplashProject;
			packageProductDependencies = (
				6A8BA3C82AB0965100FC88D7 /* Kingfisher */,
				6A210E622AB2A9F0007C4DE6 /* SnapKit */,
			);
			productName = UnsplashProject;
			productReference = 6AC02D412AAE991900AED23F /* UnsplashProject.app */;
			productType = "com.apple.product-type.application";
		};
/* End PBXNativeTarget section */

/* Begin PBXProject section */
		6AC02D392AAE991900AED23F /* Project object */ = {
			isa = PBXProject;
			attributes = {
				BuildIndependentTargetsInParallel = 1;
				LastSwiftUpdateCheck = 1430;
				LastUpgradeCheck = 1430;
				TargetAttributes = {
					6AC02D402AAE991900AED23F = {
						CreatedOnToolsVersion = 14.3.1;
					};
				};
			};
			buildConfigurationList = 6AC02D3C2AAE991900AED23F /* Build configuration list for PBXProject "UnsplashProject" */;
			compatibilityVersion = "Xcode 14.0";
			developmentRegion = en;
			hasScannedForEncodings = 0;
			knownRegions = (
				en,
				Base,
				ja,
				ko,
			);
			mainGroup = 6AC02D382AAE991900AED23F;
			packageReferences = (
				6A8BA3C72AB0965100FC88D7 /* XCRemoteSwiftPackageReference "Kingfisher" */,
				6A210E612AB2A9F0007C4DE6 /* XCRemoteSwiftPackageReference "SnapKit" */,
			);
			productRefGroup = 6AC02D422AAE991900AED23F /* Products */;
			projectDirPath = "";
			projectRoot = "";
			targets = (
				6AC02D402AAE991900AED23F /* UnsplashProject */,
			);
		};
/* End PBXProject section */

/* Begin PBXResourcesBuildPhase section */
		6AC02D3F2AAE991900AED23F /* Resources */ = {
			isa = PBXResourcesBuildPhase;
			buildActionMask = 2147483647;
			files = (
				6A8BA3DD2AB1C61000FC88D7 /* Localizable.strings in Resources */,
				6A8BA3E42AB1C6D900FC88D7 /* InfoPlist.strings in Resources */,
				6A8BA3C22AB02C8E00FC88D7 /* .gitignore in Resources */,
				6AC02D512AAE991E00AED23F /* LaunchScreen.storyboard in Resources */,
				6AC02D4E2AAE991E00AED23F /* Assets.xcassets in Resources */,
				6AC02D4C2AAE991900AED23F /* Main.storyboard in Resources */,
			);
			runOnlyForDeploymentPostprocessing = 0;
		};
/* End PBXResourcesBuildPhase section */

/* Begin PBXSourcesBuildPhase section */
		6AC02D3D2AAE991900AED23F /* Sources */ = {
			isa = PBXSourcesBuildPhase;
			buildActionMask = 2147483647;
			files = (
				6AC02D6B2AAFED6200AED23F /* LoginViewController.swift in Sources */,
				6AC02D6D2AAFF2F700AED23F /* Observable.swift in Sources */,
				6A5B3B4B2AAFFE39005DE44A /* SampleViewController.swift in Sources */,
				6A5B3B522AB02A61005DE44A /* Photo.swift in Sources */,
				6A5B3B4D2AB00168005DE44A /* SampleViewModel.swift in Sources */,
				6A5B3B4F2AB00E47005DE44A /* LoginViewModel.swift in Sources */,
				6A8BA3C42AB02CAA00FC88D7 /* APIKeys.swift in Sources */,
				6A8BA3D62AB13AA700FC88D7 /* CalculateViewModel.swift in Sources */,
				6A210E602AB2A0E4007C4DE6 /* NewSimpleCollectionViewController.swift in Sources */,
				6A8BA3DA2AB1C52600FC88D7 /* String+Extension.swift in Sources */,
				6A8BA3D42AB139E500FC88D7 /* CalculateViewController.swift in Sources */,
				6A5B3B542AB02A6E005DE44A /* APIService.swift in Sources */,
				6AC02D492AAE991900AED23F /* ViewController.swift in Sources */,
				6AC02D452AAE991900AED23F /* AppDelegate.swift in Sources */,
				6A8BA3C62AB02DA600FC88D7 /* PhotoViewModel.swift in Sources */,
				6A8BA3D82AB13DAA00FC88D7 /* JackObservable.swift in Sources */,
				6AE2C0812AB29703006F1CBE /* NewSimpleTableViewController.swift in Sources */,
				6AC02D472AAE991900AED23F /* SceneDelegate.swift in Sources */,
				6A5B3B562AB02B58005DE44A /* PhotoViewController.swift in Sources */,
			);
			runOnlyForDeploymentPostprocessing = 0;
		};
/* End PBXSourcesBuildPhase section */

/* Begin PBXVariantGroup section */
		6A8BA3DF2AB1C61000FC88D7 /* Localizable.strings */ = {
			isa = PBXVariantGroup;
			children = (
				6A8BA3DE2AB1C61000FC88D7 /* en */,
				6A8BA3E02AB1C61400FC88D7 /* ja */,
				6A8BA3E12AB1C61400FC88D7 /* ko */,
			);
			name = Localizable.strings;
			sourceTree = "<group>";
		};
		6A8BA3E62AB1C6D900FC88D7 /* InfoPlist.strings */ = {
			isa = PBXVariantGroup;
			children = (
				6A8BA3E52AB1C6D900FC88D7 /* en */,
				6A8BA3E72AB1C6E500FC88D7 /* ja */,
				6A8BA3E82AB1C6E600FC88D7 /* ko */,
			);
			name = InfoPlist.strings;
			sourceTree = "<group>";
		};
		6AC02D4A2AAE991900AED23F /* Main.storyboard */ = {
			isa = PBXVariantGroup;
			children = (
				6AC02D4B2AAE991900AED23F /* Base */,
				6AC02D582AAE9CCA00AED23F /* ja */,
				6AC02D5A2AAE9CD200AED23F /* ko */,
				6AC02D5D2AAE9DDB00AED23F /* en */,
			);
			name = Main.storyboard;
			sourceTree = "<group>";
		};
		6AC02D4F2AAE991E00AED23F /* LaunchScreen.storyboard */ = {
			isa = PBXVariantGroup;
			children = (
				6AC02D502AAE991E00AED23F /* Base */,
				6AC02D592AAE9CCB00AED23F /* ja */,
				6AC02D5B2AAE9CD200AED23F /* ko */,
			);
			name = LaunchScreen.storyboard;
			sourceTree = "<group>";
		};
/* End PBXVariantGroup section */

/* Begin XCBuildConfiguration section */
		6AC02D532AAE991E00AED23F /* Debug */ = {
			isa = XCBuildConfiguration;
			buildSettings = {
				ALWAYS_SEARCH_USER_PATHS = NO;
				CLANG_ANALYZER_LOCALIZABILITY_NONLOCALIZED = YES;
				CLANG_ANALYZER_NONNULL = YES;
				CLANG_ANALYZER_NUMBER_OBJECT_CONVERSION = YES_AGGRESSIVE;
				CLANG_CXX_LANGUAGE_STANDARD = "gnu++20";
				CLANG_ENABLE_MODULES = YES;
				CLANG_ENABLE_OBJC_ARC = YES;
				CLANG_ENABLE_OBJC_WEAK = YES;
				CLANG_WARN_BLOCK_CAPTURE_AUTORELEASING = YES;
				CLANG_WARN_BOOL_CONVERSION = YES;
				CLANG_WARN_COMMA = YES;
				CLANG_WARN_CONSTANT_CONVERSION = YES;
				CLANG_WARN_DEPRECATED_OBJC_IMPLEMENTATIONS = YES;
				CLANG_WARN_DIRECT_OBJC_ISA_USAGE = YES_ERROR;
				CLANG_WARN_DOCUMENTATION_COMMENTS = YES;
				CLANG_WARN_EMPTY_BODY = YES;
				CLANG_WARN_ENUM_CONVERSION = YES;
				CLANG_WARN_INFINITE_RECURSION = YES;
				CLANG_WARN_INT_CONVERSION = YES;
				CLANG_WARN_NON_LITERAL_NULL_CONVERSION = YES;
				CLANG_WARN_OBJC_IMPLICIT_RETAIN_SELF = YES;
				CLANG_WARN_OBJC_LITERAL_CONVERSION = YES;
				CLANG_WARN_OBJC_ROOT_CLASS = YES_ERROR;
				CLANG_WARN_QUOTED_INCLUDE_IN_FRAMEWORK_HEADER = YES;
				CLANG_WARN_RANGE_LOOP_ANALYSIS = YES;
				CLANG_WARN_STRICT_PROTOTYPES = YES;
				CLANG_WARN_SUSPICIOUS_MOVE = YES;
				CLANG_WARN_UNGUARDED_AVAILABILITY = YES_AGGRESSIVE;
				CLANG_WARN_UNREACHABLE_CODE = YES;
				CLANG_WARN__DUPLICATE_METHOD_MATCH = YES;
				COPY_PHASE_STRIP = NO;
				DEBUG_INFORMATION_FORMAT = dwarf;
				ENABLE_STRICT_OBJC_MSGSEND = YES;
				ENABLE_TESTABILITY = YES;
				GCC_C_LANGUAGE_STANDARD = gnu11;
				GCC_DYNAMIC_NO_PIC = NO;
				GCC_NO_COMMON_BLOCKS = YES;
				GCC_OPTIMIZATION_LEVEL = 0;
				GCC_PREPROCESSOR_DEFINITIONS = (
					"DEBUG=1",
					"$(inherited)",
				);
				GCC_WARN_64_TO_32_BIT_CONVERSION = YES;
				GCC_WARN_ABOUT_RETURN_TYPE = YES_ERROR;
				GCC_WARN_UNDECLARED_SELECTOR = YES;
				GCC_WARN_UNINITIALIZED_AUTOS = YES_AGGRESSIVE;
				GCC_WARN_UNUSED_FUNCTION = YES;
				GCC_WARN_UNUSED_VARIABLE = YES;
				IPHONEOS_DEPLOYMENT_TARGET = 16.4;
				MTL_ENABLE_DEBUG_INFO = INCLUDE_SOURCE;
				MTL_FAST_MATH = YES;
				ONLY_ACTIVE_ARCH = YES;
				SDKROOT = iphoneos;
				SWIFT_ACTIVE_COMPILATION_CONDITIONS = DEBUG;
				SWIFT_OPTIMIZATION_LEVEL = "-Onone";
			};
			name = Debug;
		};
		6AC02D542AAE991E00AED23F /* Release */ = {
			isa = XCBuildConfiguration;
			buildSettings = {
				ALWAYS_SEARCH_USER_PATHS = NO;
				CLANG_ANALYZER_LOCALIZABILITY_NONLOCALIZED = YES;
				CLANG_ANALYZER_NONNULL = YES;
				CLANG_ANALYZER_NUMBER_OBJECT_CONVERSION = YES_AGGRESSIVE;
				CLANG_CXX_LANGUAGE_STANDARD = "gnu++20";
				CLANG_ENABLE_MODULES = YES;
				CLANG_ENABLE_OBJC_ARC = YES;
				CLANG_ENABLE_OBJC_WEAK = YES;
				CLANG_WARN_BLOCK_CAPTURE_AUTORELEASING = YES;
				CLANG_WARN_BOOL_CONVERSION = YES;
				CLANG_WARN_COMMA = YES;
				CLANG_WARN_CONSTANT_CONVERSION = YES;
				CLANG_WARN_DEPRECATED_OBJC_IMPLEMENTATIONS = YES;
				CLANG_WARN_DIRECT_OBJC_ISA_USAGE = YES_ERROR;
				CLANG_WARN_DOCUMENTATION_COMMENTS = YES;
				CLANG_WARN_EMPTY_BODY = YES;
				CLANG_WARN_ENUM_CONVERSION = YES;
				CLANG_WARN_INFINITE_RECURSION = YES;
				CLANG_WARN_INT_CONVERSION = YES;
				CLANG_WARN_NON_LITERAL_NULL_CONVERSION = YES;
				CLANG_WARN_OBJC_IMPLICIT_RETAIN_SELF = YES;
				CLANG_WARN_OBJC_LITERAL_CONVERSION = YES;
				CLANG_WARN_OBJC_ROOT_CLASS = YES_ERROR;
				CLANG_WARN_QUOTED_INCLUDE_IN_FRAMEWORK_HEADER = YES;
				CLANG_WARN_RANGE_LOOP_ANALYSIS = YES;
				CLANG_WARN_STRICT_PROTOTYPES = YES;
				CLANG_WARN_SUSPICIOUS_MOVE = YES;
				CLANG_WARN_UNGUARDED_AVAILABILITY = YES_AGGRESSIVE;
				CLANG_WARN_UNREACHABLE_CODE = YES;
				CLANG_WARN__DUPLICATE_METHOD_MATCH = YES;
				COPY_PHASE_STRIP = NO;
				DEBUG_INFORMATION_FORMAT = "dwarf-with-dsym";
				ENABLE_NS_ASSERTIONS = NO;
				ENABLE_STRICT_OBJC_MSGSEND = YES;
				GCC_C_LANGUAGE_STANDARD = gnu11;
				GCC_NO_COMMON_BLOCKS = YES;
				GCC_WARN_64_TO_32_BIT_CONVERSION = YES;
				GCC_WARN_ABOUT_RETURN_TYPE = YES_ERROR;
				GCC_WARN_UNDECLARED_SELECTOR = YES;
				GCC_WARN_UNINITIALIZED_AUTOS = YES_AGGRESSIVE;
				GCC_WARN_UNUSED_FUNCTION = YES;
				GCC_WARN_UNUSED_VARIABLE = YES;
				IPHONEOS_DEPLOYMENT_TARGET = 16.4;
				MTL_ENABLE_DEBUG_INFO = NO;
				MTL_FAST_MATH = YES;
				SDKROOT = iphoneos;
				SWIFT_COMPILATION_MODE = wholemodule;
				SWIFT_OPTIMIZATION_LEVEL = "-O";
				VALIDATE_PRODUCT = YES;
			};
			name = Release;
		};
		6AC02D562AAE991E00AED23F /* Debug */ = {
			isa = XCBuildConfiguration;
			buildSettings = {
				ASSETCATALOG_COMPILER_APPICON_NAME = AppIcon;
				ASSETCATALOG_COMPILER_GLOBAL_ACCENT_COLOR_NAME = AccentColor;
				CODE_SIGN_STYLE = Automatic;
				CURRENT_PROJECT_VERSION = 1;
				DEVELOPMENT_TEAM = 3H85AXMVD3;
				GENERATE_INFOPLIST_FILE = YES;
				INFOPLIST_FILE = UnsplashProject/Info.plist;
				INFOPLIST_KEY_UIApplicationSupportsIndirectInputEvents = YES;
				INFOPLIST_KEY_UILaunchStoryboardName = LaunchScreen;
				INFOPLIST_KEY_UIMainStoryboardFile = Main;
				INFOPLIST_KEY_UISupportedInterfaceOrientations_iPad = "UIInterfaceOrientationPortrait UIInterfaceOrientationPortraitUpsideDown UIInterfaceOrientationLandscapeLeft UIInterfaceOrientationLandscapeRight";
				INFOPLIST_KEY_UISupportedInterfaceOrientations_iPhone = "UIInterfaceOrientationPortrait UIInterfaceOrientationLandscapeLeft UIInterfaceOrientationLandscapeRight";
				LD_RUNPATH_SEARCH_PATHS = (
					"$(inherited)",
					"@executable_path/Frameworks",
				);
				MARKETING_VERSION = 1.0;
				PRODUCT_BUNDLE_IDENTIFIER = com.yujinnee.UnsplashProject;
				PRODUCT_NAME = "$(TARGET_NAME)";
				SWIFT_EMIT_LOC_STRINGS = YES;
				SWIFT_VERSION = 5.0;
				TARGETED_DEVICE_FAMILY = "1,2";
			};
			name = Debug;
		};
		6AC02D572AAE991E00AED23F /* Release */ = {
			isa = XCBuildConfiguration;
			buildSettings = {
				ASSETCATALOG_COMPILER_APPICON_NAME = AppIcon;
				ASSETCATALOG_COMPILER_GLOBAL_ACCENT_COLOR_NAME = AccentColor;
				CODE_SIGN_STYLE = Automatic;
				CURRENT_PROJECT_VERSION = 1;
				DEVELOPMENT_TEAM = 3H85AXMVD3;
				GENERATE_INFOPLIST_FILE = YES;
				INFOPLIST_FILE = UnsplashProject/Info.plist;
				INFOPLIST_KEY_UIApplicationSupportsIndirectInputEvents = YES;
				INFOPLIST_KEY_UILaunchStoryboardName = LaunchScreen;
				INFOPLIST_KEY_UIMainStoryboardFile = Main;
				INFOPLIST_KEY_UISupportedInterfaceOrientations_iPad = "UIInterfaceOrientationPortrait UIInterfaceOrientationPortraitUpsideDown UIInterfaceOrientationLandscapeLeft UIInterfaceOrientationLandscapeRight";
				INFOPLIST_KEY_UISupportedInterfaceOrientations_iPhone = "UIInterfaceOrientationPortrait UIInterfaceOrientationLandscapeLeft UIInterfaceOrientationLandscapeRight";
				LD_RUNPATH_SEARCH_PATHS = (
					"$(inherited)",
					"@executable_path/Frameworks",
				);
				MARKETING_VERSION = 1.0;
				PRODUCT_BUNDLE_IDENTIFIER = com.yujinnee.UnsplashProject;
				PRODUCT_NAME = "$(TARGET_NAME)";
				SWIFT_EMIT_LOC_STRINGS = YES;
				SWIFT_VERSION = 5.0;
				TARGETED_DEVICE_FAMILY = "1,2";
			};
			name = Release;
		};
/* End XCBuildConfiguration section */

/* Begin XCConfigurationList section */
		6AC02D3C2AAE991900AED23F /* Build configuration list for PBXProject "UnsplashProject" */ = {
			isa = XCConfigurationList;
			buildConfigurations = (
				6AC02D532AAE991E00AED23F /* Debug */,
				6AC02D542AAE991E00AED23F /* Release */,
			);
			defaultConfigurationIsVisible = 0;
			defaultConfigurationName = Release;
		};
		6AC02D552AAE991E00AED23F /* Build configuration list for PBXNativeTarget "UnsplashProject" */ = {
			isa = XCConfigurationList;
			buildConfigurations = (
				6AC02D562AAE991E00AED23F /* Debug */,
				6AC02D572AAE991E00AED23F /* Release */,
			);
			defaultConfigurationIsVisible = 0;
			defaultConfigurationName = Release;
		};
/* End XCConfigurationList section */

/* Begin XCRemoteSwiftPackageReference section */
		6A210E612AB2A9F0007C4DE6 /* XCRemoteSwiftPackageReference "SnapKit" */ = {
			isa = XCRemoteSwiftPackageReference;
			repositoryURL = "https://github.com/SnapKit/SnapKit.git";
			requirement = {
				kind = upToNextMajorVersion;
				minimumVersion = 5.0.0;
			};
		};
		6A8BA3C72AB0965100FC88D7 /* XCRemoteSwiftPackageReference "Kingfisher" */ = {
			isa = XCRemoteSwiftPackageReference;
			repositoryURL = "https://github.com/onevcat/Kingfisher.git";
			requirement = {
				kind = upToNextMajorVersion;
				minimumVersion = 7.0.0;
			};
		};
/* End XCRemoteSwiftPackageReference section */

/* Begin XCSwiftPackageProductDependency section */
		6A210E622AB2A9F0007C4DE6 /* SnapKit */ = {
			isa = XCSwiftPackageProductDependency;
			package = 6A210E612AB2A9F0007C4DE6 /* XCRemoteSwiftPackageReference "SnapKit" */;
			productName = SnapKit;
		};
		6A8BA3C82AB0965100FC88D7 /* Kingfisher */ = {
			isa = XCSwiftPackageProductDependency;
			package = 6A8BA3C72AB0965100FC88D7 /* XCRemoteSwiftPackageReference "Kingfisher" */;
			productName = Kingfisher;
		};
/* End XCSwiftPackageProductDependency section */
	};
	rootObject = 6AC02D392AAE991900AED23F /* Project object */;
}
