// !$*UTF8*$!
{
	archiveVersion = 1;
	classes = {
	};
	objectVersion = 56;
	objects = {

/* Begin PBXBuildFile section */
		6A49FC9E2A8682EE0007A2B6 /* AppDelegate.swift in Sources */ = {isa = PBXBuildFile; fileRef = 6A49FC9D2A8682EE0007A2B6 /* AppDelegate.swift */; };
		6A49FCA02A8682EE0007A2B6 /* SceneDelegate.swift in Sources */ = {isa = PBXBuildFile; fileRef = 6A49FC9F2A8682EE0007A2B6 /* SceneDelegate.swift */; };
		6A49FCA22A8682EE0007A2B6 /* TrendViewController.swift in Sources */ = {isa = PBXBuildFile; fileRef = 6A49FCA12A8682EE0007A2B6 /* TrendViewController.swift */; };
		6A49FCA52A8682EE0007A2B6 /* Main.storyboard in Resources */ = {isa = PBXBuildFile; fileRef = 6A49FCA32A8682EE0007A2B6 /* Main.storyboard */; };
		6A49FCA72A8682F30007A2B6 /* Assets.xcassets in Resources */ = {isa = PBXBuildFile; fileRef = 6A49FCA62A8682F30007A2B6 /* Assets.xcassets */; };
		6A49FCAA2A8682F30007A2B6 /* LaunchScreen.storyboard in Resources */ = {isa = PBXBuildFile; fileRef = 6A49FCA82A8682F30007A2B6 /* LaunchScreen.storyboard */; };
		6A49FCB22A87AE360007A2B6 /* BaseViewController.swift in Sources */ = {isa = PBXBuildFile; fileRef = 6A49FCB12A87AE360007A2B6 /* BaseViewController.swift */; };
		6A49FCB42A87AEA70007A2B6 /* ReusableViewProtocol.swift in Sources */ = {isa = PBXBuildFile; fileRef = 6A49FCB32A87AEA70007A2B6 /* ReusableViewProtocol.swift */; };
		6A49FCBC2A87B1990007A2B6 /* InitialSetting.swift in Sources */ = {isa = PBXBuildFile; fileRef = 6A49FCBB2A87B1990007A2B6 /* InitialSetting.swift */; };
		6A49FCC12A87B36C0007A2B6 /* TrendMovieTableViewCell.swift in Sources */ = {isa = PBXBuildFile; fileRef = 6A49FCBF2A87B36C0007A2B6 /* TrendMovieTableViewCell.swift */; };
		6A49FCC22A87B36C0007A2B6 /* TrendMovieTableViewCell.xib in Resources */ = {isa = PBXBuildFile; fileRef = 6A49FCC02A87B36C0007A2B6 /* TrendMovieTableViewCell.xib */; };
		6A49FCC52A87BC010007A2B6 /* Video.swift in Sources */ = {isa = PBXBuildFile; fileRef = 6A49FCC42A87BC010007A2B6 /* Video.swift */; };
		6A49FCC72A87BD4A0007A2B6 /* TrendModel.swift in Sources */ = {isa = PBXBuildFile; fileRef = 6A49FCC62A87BD4A0007A2B6 /* TrendModel.swift */; };
		6A49FCCA2A87C1690007A2B6 /* Kingfisher in Frameworks */ = {isa = PBXBuildFile; productRef = 6A49FCC92A87C1690007A2B6 /* Kingfisher */; };
		6A49FCCD2A87C1740007A2B6 /* Alamofire in Frameworks */ = {isa = PBXBuildFile; productRef = 6A49FCCC2A87C1740007A2B6 /* Alamofire */; };
		6A49FCD02A87C1810007A2B6 /* SwiftyJSON in Frameworks */ = {isa = PBXBuildFile; productRef = 6A49FCCF2A87C1810007A2B6 /* SwiftyJSON */; };
		6A49FCD32A87C3420007A2B6 /* TMDBManager.swift in Sources */ = {isa = PBXBuildFile; fileRef = 6A49FCD22A87C3420007A2B6 /* TMDBManager.swift */; };
		6A49FCD62A87C45F0007A2B6 /* URL+Extension.swift in Sources */ = {isa = PBXBuildFile; fileRef = 6A49FCD52A87C45F0007A2B6 /* URL+Extension.swift */; };
		6A49FCD82A87C5BC0007A2B6 /* Endpoint.swift in Sources */ = {isa = PBXBuildFile; fileRef = 6A49FCD72A87C5BC0007A2B6 /* Endpoint.swift */; };
		6A49FCDA2A87C85E0007A2B6 /* .gitignore in Resources */ = {isa = PBXBuildFile; fileRef = 6A49FCD92A87C85E0007A2B6 /* .gitignore */; };
		6A49FCDC2A87C8720007A2B6 /* APIKeys.swift in Sources */ = {isa = PBXBuildFile; fileRef = 6A49FCDB2A87C8720007A2B6 /* APIKeys.swift */; };
		6A49FCE02A88D3F50007A2B6 /* DetailViewController.swift in Sources */ = {isa = PBXBuildFile; fileRef = 6A49FCDF2A88D3F50007A2B6 /* DetailViewController.swift */; };
		6A49FCE22A88D5490007A2B6 /* DetailModel.swift in Sources */ = {isa = PBXBuildFile; fileRef = 6A49FCE12A88D5490007A2B6 /* DetailModel.swift */; };
		6A49FCE42A88D8A60007A2B6 /* People.swift in Sources */ = {isa = PBXBuildFile; fileRef = 6A49FCE32A88D8A60007A2B6 /* People.swift */; };
		6A49FCE72A892DC80007A2B6 /* PersonTableViewCell.swift in Sources */ = {isa = PBXBuildFile; fileRef = 6A49FCE52A892DC80007A2B6 /* PersonTableViewCell.swift */; };
		6A49FCE82A892DC80007A2B6 /* PersonTableViewCell.xib in Resources */ = {isa = PBXBuildFile; fileRef = 6A49FCE62A892DC80007A2B6 /* PersonTableViewCell.xib */; };
		6A96AF972A93B11D00E0B3B3 /* Similar.swift in Sources */ = {isa = PBXBuildFile; fileRef = 6A96AF962A93B11D00E0B3B3 /* Similar.swift */; };
		6A96AF992A93B41900E0B3B3 /* Videos.swift in Sources */ = {isa = PBXBuildFile; fileRef = 6A96AF982A93B41900E0B3B3 /* Videos.swift */; };
		6A96AF9B2A93B5B900E0B3B3 /* MoreViewController.swift in Sources */ = {isa = PBXBuildFile; fileRef = 6A96AF9A2A93B5B900E0B3B3 /* MoreViewController.swift */; };
		6A96AF9E2A93B74800E0B3B3 /* MoreCollectionViewCell.swift in Sources */ = {isa = PBXBuildFile; fileRef = 6A96AF9C2A93B74800E0B3B3 /* MoreCollectionViewCell.swift */; };
		6A96AF9F2A93B74800E0B3B3 /* MoreCollectionViewCell.xib in Resources */ = {isa = PBXBuildFile; fileRef = 6A96AF9D2A93B74800E0B3B3 /* MoreCollectionViewCell.xib */; };
/* End PBXBuildFile section */

/* Begin PBXFileReference section */
		6A49FC9A2A8682EE0007A2B6 /* MediaProject.app */ = {isa = PBXFileReference; explicitFileType = wrapper.application; includeInIndex = 0; path = MediaProject.app; sourceTree = BUILT_PRODUCTS_DIR; };
		6A49FC9D2A8682EE0007A2B6 /* AppDelegate.swift */ = {isa = PBXFileReference; lastKnownFileType = sourcecode.swift; path = AppDelegate.swift; sourceTree = "<group>"; };
		6A49FC9F2A8682EE0007A2B6 /* SceneDelegate.swift */ = {isa = PBXFileReference; lastKnownFileType = sourcecode.swift; path = SceneDelegate.swift; sourceTree = "<group>"; };
		6A49FCA12A8682EE0007A2B6 /* TrendViewController.swift */ = {isa = PBXFileReference; lastKnownFileType = sourcecode.swift; path = TrendViewController.swift; sourceTree = "<group>"; };
		6A49FCA42A8682EE0007A2B6 /* Base */ = {isa = PBXFileReference; lastKnownFileType = file.storyboard; name = Base; path = Base.lproj/Main.storyboard; sourceTree = "<group>"; };
		6A49FCA62A8682F30007A2B6 /* Assets.xcassets */ = {isa = PBXFileReference; lastKnownFileType = folder.assetcatalog; path = Assets.xcassets; sourceTree = "<group>"; };
		6A49FCA92A8682F30007A2B6 /* Base */ = {isa = PBXFileReference; lastKnownFileType = file.storyboard; name = Base; path = Base.lproj/LaunchScreen.storyboard; sourceTree = "<group>"; };
		6A49FCAB2A8682F30007A2B6 /* Info.plist */ = {isa = PBXFileReference; lastKnownFileType = text.plist.xml; path = Info.plist; sourceTree = "<group>"; };
		6A49FCB12A87AE360007A2B6 /* BaseViewController.swift */ = {isa = PBXFileReference; lastKnownFileType = sourcecode.swift; path = BaseViewController.swift; sourceTree = "<group>"; };
		6A49FCB32A87AEA70007A2B6 /* ReusableViewProtocol.swift */ = {isa = PBXFileReference; lastKnownFileType = sourcecode.swift; path = ReusableViewProtocol.swift; sourceTree = "<group>"; };
		6A49FCBB2A87B1990007A2B6 /* InitialSetting.swift */ = {isa = PBXFileReference; lastKnownFileType = sourcecode.swift; path = InitialSetting.swift; sourceTree = "<group>"; };
		6A49FCBF2A87B36C0007A2B6 /* TrendMovieTableViewCell.swift */ = {isa = PBXFileReference; lastKnownFileType = sourcecode.swift; path = TrendMovieTableViewCell.swift; sourceTree = "<group>"; };
		6A49FCC02A87B36C0007A2B6 /* TrendMovieTableViewCell.xib */ = {isa = PBXFileReference; lastKnownFileType = file.xib; path = TrendMovieTableViewCell.xib; sourceTree = "<group>"; };
		6A49FCC42A87BC010007A2B6 /* Video.swift */ = {isa = PBXFileReference; lastKnownFileType = sourcecode.swift; path = Video.swift; sourceTree = "<group>"; };
		6A49FCC62A87BD4A0007A2B6 /* TrendModel.swift */ = {isa = PBXFileReference; lastKnownFileType = sourcecode.swift; path = TrendModel.swift; sourceTree = "<group>"; };
		6A49FCD22A87C3420007A2B6 /* TMDBManager.swift */ = {isa = PBXFileReference; lastKnownFileType = sourcecode.swift; path = TMDBManager.swift; sourceTree = "<group>"; };
		6A49FCD52A87C45F0007A2B6 /* URL+Extension.swift */ = {isa = PBXFileReference; lastKnownFileType = sourcecode.swift; path = "URL+Extension.swift"; sourceTree = "<group>"; };
		6A49FCD72A87C5BC0007A2B6 /* Endpoint.swift */ = {isa = PBXFileReference; lastKnownFileType = sourcecode.swift; path = Endpoint.swift; sourceTree = "<group>"; };
		6A49FCD92A87C85E0007A2B6 /* .gitignore */ = {isa = PBXFileReference; lastKnownFileType = text; path = .gitignore; sourceTree = "<group>"; };
		6A49FCDB2A87C8720007A2B6 /* APIKeys.swift */ = {isa = PBXFileReference; lastKnownFileType = sourcecode.swift; path = APIKeys.swift; sourceTree = "<group>"; };
		6A49FCDF2A88D3F50007A2B6 /* DetailViewController.swift */ = {isa = PBXFileReference; lastKnownFileType = sourcecode.swift; path = DetailViewController.swift; sourceTree = "<group>"; };
		6A49FCE12A88D5490007A2B6 /* DetailModel.swift */ = {isa = PBXFileReference; lastKnownFileType = sourcecode.swift; path = DetailModel.swift; sourceTree = "<group>"; };
		6A49FCE32A88D8A60007A2B6 /* People.swift */ = {isa = PBXFileReference; lastKnownFileType = sourcecode.swift; path = People.swift; sourceTree = "<group>"; };
		6A49FCE52A892DC80007A2B6 /* PersonTableViewCell.swift */ = {isa = PBXFileReference; lastKnownFileType = sourcecode.swift; path = PersonTableViewCell.swift; sourceTree = "<group>"; };
		6A49FCE62A892DC80007A2B6 /* PersonTableViewCell.xib */ = {isa = PBXFileReference; lastKnownFileType = file.xib; path = PersonTableViewCell.xib; sourceTree = "<group>"; };
		6A96AF962A93B11D00E0B3B3 /* Similar.swift */ = {isa = PBXFileReference; lastKnownFileType = sourcecode.swift; path = Similar.swift; sourceTree = "<group>"; };
		6A96AF982A93B41900E0B3B3 /* Videos.swift */ = {isa = PBXFileReference; lastKnownFileType = sourcecode.swift; path = Videos.swift; sourceTree = "<group>"; };
		6A96AF9A2A93B5B900E0B3B3 /* MoreViewController.swift */ = {isa = PBXFileReference; lastKnownFileType = sourcecode.swift; path = MoreViewController.swift; sourceTree = "<group>"; };
		6A96AF9C2A93B74800E0B3B3 /* MoreCollectionViewCell.swift */ = {isa = PBXFileReference; lastKnownFileType = sourcecode.swift; path = MoreCollectionViewCell.swift; sourceTree = "<group>"; };
		6A96AF9D2A93B74800E0B3B3 /* MoreCollectionViewCell.xib */ = {isa = PBXFileReference; lastKnownFileType = file.xib; path = MoreCollectionViewCell.xib; sourceTree = "<group>"; };
/* End PBXFileReference section */

/* Begin PBXFrameworksBuildPhase section */
		6A49FC972A8682EE0007A2B6 /* Frameworks */ = {
			isa = PBXFrameworksBuildPhase;
			buildActionMask = 2147483647;
			files = (
				6A49FCD02A87C1810007A2B6 /* SwiftyJSON in Frameworks */,
				6A49FCCA2A87C1690007A2B6 /* Kingfisher in Frameworks */,
				6A49FCCD2A87C1740007A2B6 /* Alamofire in Frameworks */,
			);
			runOnlyForDeploymentPostprocessing = 0;
		};
/* End PBXFrameworksBuildPhase section */

/* Begin PBXGroup section */
		6A49FC912A8682EE0007A2B6 = {
			isa = PBXGroup;
			children = (
				6A49FC9C2A8682EE0007A2B6 /* MediaProject */,
				6A49FC9B2A8682EE0007A2B6 /* Products */,
			);
			sourceTree = "<group>";
		};
		6A49FC9B2A8682EE0007A2B6 /* Products */ = {
			isa = PBXGroup;
			children = (
				6A49FC9A2A8682EE0007A2B6 /* MediaProject.app */,
			);
			name = Products;
			sourceTree = "<group>";
		};
		6A49FC9C2A8682EE0007A2B6 /* MediaProject */ = {
			isa = PBXGroup;
			children = (
				6A49FCDB2A87C8720007A2B6 /* APIKeys.swift */,
				6A49FCD92A87C85E0007A2B6 /* .gitignore */,
				6A49FCD42A87C44D0007A2B6 /* Network */,
				6A49FCC32A87BBF00007A2B6 /* Model */,
				6A49FCBA2A87B0AB0007A2B6 /* Cell */,
				6A49FCB92A87B09F0007A2B6 /* Storyboard */,
				6A49FCB82A87B08E0007A2B6 /* Base */,
				6A49FCB72A87B0770007A2B6 /* Resource */,
				6A49FCB62A87B06B0007A2B6 /* ViewController */,
				6A49FCB52A87B0000007A2B6 /* Protocol */,
				6A49FCAB2A8682F30007A2B6 /* Info.plist */,
			);
			path = MediaProject;
			sourceTree = "<group>";
		};
		6A49FCB52A87B0000007A2B6 /* Protocol */ = {
			isa = PBXGroup;
			children = (
				6A49FCB32A87AEA70007A2B6 /* ReusableViewProtocol.swift */,
				6A49FCBB2A87B1990007A2B6 /* InitialSetting.swift */,
			);
			path = Protocol;
			sourceTree = "<group>";
		};
		6A49FCB62A87B06B0007A2B6 /* ViewController */ = {
			isa = PBXGroup;
			children = (
				6A49FCA12A8682EE0007A2B6 /* TrendViewController.swift */,
				6A49FCDF2A88D3F50007A2B6 /* DetailViewController.swift */,
				6A96AF9A2A93B5B900E0B3B3 /* MoreViewController.swift */,
			);
			path = ViewController;
			sourceTree = "<group>";
		};
		6A49FCB72A87B0770007A2B6 /* Resource */ = {
			isa = PBXGroup;
			children = (
				6A49FC9D2A8682EE0007A2B6 /* AppDelegate.swift */,
				6A49FCA62A8682F30007A2B6 /* Assets.xcassets */,
				6A49FC9F2A8682EE0007A2B6 /* SceneDelegate.swift */,
			);
			path = Resource;
			sourceTree = "<group>";
		};
		6A49FCB82A87B08E0007A2B6 /* Base */ = {
			isa = PBXGroup;
			children = (
				6A49FCB12A87AE360007A2B6 /* BaseViewController.swift */,
			);
			path = Base;
			sourceTree = "<group>";
		};
		6A49FCB92A87B09F0007A2B6 /* Storyboard */ = {
			isa = PBXGroup;
			children = (
				6A49FCA32A8682EE0007A2B6 /* Main.storyboard */,
				6A49FCA82A8682F30007A2B6 /* LaunchScreen.storyboard */,
			);
			path = Storyboard;
			sourceTree = "<group>";
		};
		6A49FCBA2A87B0AB0007A2B6 /* Cell */ = {
			isa = PBXGroup;
			children = (
				6A49FCBF2A87B36C0007A2B6 /* TrendMovieTableViewCell.swift */,
				6A49FCC02A87B36C0007A2B6 /* TrendMovieTableViewCell.xib */,
				6A49FCE52A892DC80007A2B6 /* PersonTableViewCell.swift */,
				6A49FCE62A892DC80007A2B6 /* PersonTableViewCell.xib */,
				6A96AF9C2A93B74800E0B3B3 /* MoreCollectionViewCell.swift */,
				6A96AF9D2A93B74800E0B3B3 /* MoreCollectionViewCell.xib */,
			);
			path = Cell;
			sourceTree = "<group>";
		};
		6A49FCC32A87BBF00007A2B6 /* Model */ = {
			isa = PBXGroup;
			children = (
				6A49FCC42A87BC010007A2B6 /* Video.swift */,
				6A49FCC62A87BD4A0007A2B6 /* TrendModel.swift */,
				6A49FCE12A88D5490007A2B6 /* DetailModel.swift */,
				6A49FCE32A88D8A60007A2B6 /* People.swift */,
				6A96AF962A93B11D00E0B3B3 /* Similar.swift */,
				6A96AF982A93B41900E0B3B3 /* Videos.swift */,
			);
			path = Model;
			sourceTree = "<group>";
		};
		6A49FCD12A87C2340007A2B6 /* APIManager */ = {
			isa = PBXGroup;
			children = (
				6A49FCD22A87C3420007A2B6 /* TMDBManager.swift */,
			);
			path = APIManager;
			sourceTree = "<group>";
		};
		6A49FCD42A87C44D0007A2B6 /* Network */ = {
			isa = PBXGroup;
			children = (
				6A49FCD12A87C2340007A2B6 /* APIManager */,
				6A49FCD52A87C45F0007A2B6 /* URL+Extension.swift */,
				6A49FCD72A87C5BC0007A2B6 /* Endpoint.swift */,
			);
			path = Network;
			sourceTree = "<group>";
		};
/* End PBXGroup section */

/* Begin PBXNativeTarget section */
		6A49FC992A8682EE0007A2B6 /* MediaProject */ = {
			isa = PBXNativeTarget;
			buildConfigurationList = 6A49FCAE2A8682F30007A2B6 /* Build configuration list for PBXNativeTarget "MediaProject" */;
			buildPhases = (
				6A49FC962A8682EE0007A2B6 /* Sources */,
				6A49FC972A8682EE0007A2B6 /* Frameworks */,
				6A49FC982A8682EE0007A2B6 /* Resources */,
			);
			buildRules = (
			);
			dependencies = (
			);
			name = MediaProject;
			packageProductDependencies = (
				6A49FCC92A87C1690007A2B6 /* Kingfisher */,
				6A49FCCC2A87C1740007A2B6 /* Alamofire */,
				6A49FCCF2A87C1810007A2B6 /* SwiftyJSON */,
			);
			productName = MediaProject;
			productReference = 6A49FC9A2A8682EE0007A2B6 /* MediaProject.app */;
			productType = "com.apple.product-type.application";
		};
/* End PBXNativeTarget section */

/* Begin PBXProject section */
		6A49FC922A8682EE0007A2B6 /* Project object */ = {
			isa = PBXProject;
			attributes = {
				BuildIndependentTargetsInParallel = 1;
				LastSwiftUpdateCheck = 1430;
				LastUpgradeCheck = 1430;
				TargetAttributes = {
					6A49FC992A8682EE0007A2B6 = {
						CreatedOnToolsVersion = 14.3.1;
					};
				};
			};
			buildConfigurationList = 6A49FC952A8682EE0007A2B6 /* Build configuration list for PBXProject "MediaProject" */;
			compatibilityVersion = "Xcode 14.0";
			developmentRegion = en;
			hasScannedForEncodings = 0;
			knownRegions = (
				en,
				Base,
			);
			mainGroup = 6A49FC912A8682EE0007A2B6;
			packageReferences = (
				6A49FCC82A87C1690007A2B6 /* XCRemoteSwiftPackageReference "Kingfisher" */,
				6A49FCCB2A87C1740007A2B6 /* XCRemoteSwiftPackageReference "Alamofire" */,
				6A49FCCE2A87C1810007A2B6 /* XCRemoteSwiftPackageReference "SwiftyJSON" */,
			);
			productRefGroup = 6A49FC9B2A8682EE0007A2B6 /* Products */;
			projectDirPath = "";
			projectRoot = "";
			targets = (
				6A49FC992A8682EE0007A2B6 /* MediaProject */,
			);
		};
/* End PBXProject section */

/* Begin PBXResourcesBuildPhase section */
		6A49FC982A8682EE0007A2B6 /* Resources */ = {
			isa = PBXResourcesBuildPhase;
			buildActionMask = 2147483647;
			files = (
				6A49FCDA2A87C85E0007A2B6 /* .gitignore in Resources */,
				6A49FCC22A87B36C0007A2B6 /* TrendMovieTableViewCell.xib in Resources */,
				6A49FCE82A892DC80007A2B6 /* PersonTableViewCell.xib in Resources */,
				6A96AF9F2A93B74800E0B3B3 /* MoreCollectionViewCell.xib in Resources */,
				6A49FCAA2A8682F30007A2B6 /* LaunchScreen.storyboard in Resources */,
				6A49FCA72A8682F30007A2B6 /* Assets.xcassets in Resources */,
				6A49FCA52A8682EE0007A2B6 /* Main.storyboard in Resources */,
			);
			runOnlyForDeploymentPostprocessing = 0;
		};
/* End PBXResourcesBuildPhase section */

/* Begin PBXSourcesBuildPhase section */
		6A49FC962A8682EE0007A2B6 /* Sources */ = {
			isa = PBXSourcesBuildPhase;
			buildActionMask = 2147483647;
			files = (
				6A49FCC72A87BD4A0007A2B6 /* TrendModel.swift in Sources */,
				6A49FCA22A8682EE0007A2B6 /* TrendViewController.swift in Sources */,
				6A49FCDC2A87C8720007A2B6 /* APIKeys.swift in Sources */,
				6A49FCD32A87C3420007A2B6 /* TMDBManager.swift in Sources */,
				6A96AF992A93B41900E0B3B3 /* Videos.swift in Sources */,
				6A96AF9B2A93B5B900E0B3B3 /* MoreViewController.swift in Sources */,
				6A49FCD62A87C45F0007A2B6 /* URL+Extension.swift in Sources */,
				6A49FCC12A87B36C0007A2B6 /* TrendMovieTableViewCell.swift in Sources */,
				6A49FCE72A892DC80007A2B6 /* PersonTableViewCell.swift in Sources */,
				6A49FCE22A88D5490007A2B6 /* DetailModel.swift in Sources */,
				6A49FCB42A87AEA70007A2B6 /* ReusableViewProtocol.swift in Sources */,
				6A49FCB22A87AE360007A2B6 /* BaseViewController.swift in Sources */,
				6A49FCBC2A87B1990007A2B6 /* InitialSetting.swift in Sources */,
				6A49FC9E2A8682EE0007A2B6 /* AppDelegate.swift in Sources */,
				6A96AF9E2A93B74800E0B3B3 /* MoreCollectionViewCell.swift in Sources */,
				6A49FCC52A87BC010007A2B6 /* Video.swift in Sources */,
				6A49FCE42A88D8A60007A2B6 /* People.swift in Sources */,
				6A49FCD82A87C5BC0007A2B6 /* Endpoint.swift in Sources */,
				6A96AF972A93B11D00E0B3B3 /* Similar.swift in Sources */,
				6A49FCA02A8682EE0007A2B6 /* SceneDelegate.swift in Sources */,
				6A49FCE02A88D3F50007A2B6 /* DetailViewController.swift in Sources */,
			);
			runOnlyForDeploymentPostprocessing = 0;
		};
/* End PBXSourcesBuildPhase section */

/* Begin PBXVariantGroup section */
		6A49FCA32A8682EE0007A2B6 /* Main.storyboard */ = {
			isa = PBXVariantGroup;
			children = (
				6A49FCA42A8682EE0007A2B6 /* Base */,
			);
			name = Main.storyboard;
			sourceTree = "<group>";
		};
		6A49FCA82A8682F30007A2B6 /* LaunchScreen.storyboard */ = {
			isa = PBXVariantGroup;
			children = (
				6A49FCA92A8682F30007A2B6 /* Base */,
			);
			name = LaunchScreen.storyboard;
			sourceTree = "<group>";
		};
/* End PBXVariantGroup section */

/* Begin XCBuildConfiguration section */
		6A49FCAC2A8682F30007A2B6 /* Debug */ = {
			isa = XCBuildConfiguration;
			buildSettings = {
				ALWAYS_SEARCH_USER_PATHS = NO;
				CLANG_ANALYZER_NONNULL = YES;
				CLANG_ANALYZER_NUMBER_OBJECT_CONVERSION = YES_AGGRESSIVE;
				CLANG_CXX_LANGUAGE_STANDARD = "gnu++20";
				CLANG_ENABLE_MODULES = YES;
				CLANG_ENABLE_OBJC_ARC = YES;
				CLANG_ENABLE_OBJC_WEAK = YES;
				CLANG_WARN_BLOCK_CAPTURE_AUTORELEASING = YES;
				CLANG_WARN_BOOL_CONVERSION = YES;
				CLANG_WARN_COMMA = YES;
				CLANG_WARN_CONSTANT_CONVERSION = YES;
				CLANG_WARN_DEPRECATED_OBJC_IMPLEMENTATIONS = YES;
				CLANG_WARN_DIRECT_OBJC_ISA_USAGE = YES_ERROR;
				CLANG_WARN_DOCUMENTATION_COMMENTS = YES;
				CLANG_WARN_EMPTY_BODY = YES;
				CLANG_WARN_ENUM_CONVERSION = YES;
				CLANG_WARN_INFINITE_RECURSION = YES;
				CLANG_WARN_INT_CONVERSION = YES;
				CLANG_WARN_NON_LITERAL_NULL_CONVERSION = YES;
				CLANG_WARN_OBJC_IMPLICIT_RETAIN_SELF = YES;
				CLANG_WARN_OBJC_LITERAL_CONVERSION = YES;
				CLANG_WARN_OBJC_ROOT_CLASS = YES_ERROR;
				CLANG_WARN_QUOTED_INCLUDE_IN_FRAMEWORK_HEADER = YES;
				CLANG_WARN_RANGE_LOOP_ANALYSIS = YES;
				CLANG_WARN_STRICT_PROTOTYPES = YES;
				CLANG_WARN_SUSPICIOUS_MOVE = YES;
				CLANG_WARN_UNGUARDED_AVAILABILITY = YES_AGGRESSIVE;
				CLANG_WARN_UNREACHABLE_CODE = YES;
				CLANG_WARN__DUPLICATE_METHOD_MATCH = YES;
				COPY_PHASE_STRIP = NO;
				DEBUG_INFORMATION_FORMAT = dwarf;
				ENABLE_STRICT_OBJC_MSGSEND = YES;
				ENABLE_TESTABILITY = YES;
				GCC_C_LANGUAGE_STANDARD = gnu11;
				GCC_DYNAMIC_NO_PIC = NO;
				GCC_NO_COMMON_BLOCKS = YES;
				GCC_OPTIMIZATION_LEVEL = 0;
				GCC_PREPROCESSOR_DEFINITIONS = (
					"DEBUG=1",
					"$(inherited)",
				);
				GCC_WARN_64_TO_32_BIT_CONVERSION = YES;
				GCC_WARN_ABOUT_RETURN_TYPE = YES_ERROR;
				GCC_WARN_UNDECLARED_SELECTOR = YES;
				GCC_WARN_UNINITIALIZED_AUTOS = YES_AGGRESSIVE;
				GCC_WARN_UNUSED_FUNCTION = YES;
				GCC_WARN_UNUSED_VARIABLE = YES;
				IPHONEOS_DEPLOYMENT_TARGET = 16.4;
				MTL_ENABLE_DEBUG_INFO = INCLUDE_SOURCE;
				MTL_FAST_MATH = YES;
				ONLY_ACTIVE_ARCH = YES;
				SDKROOT = iphoneos;
				SWIFT_ACTIVE_COMPILATION_CONDITIONS = DEBUG;
				SWIFT_OPTIMIZATION_LEVEL = "-Onone";
			};
			name = Debug;
		};
		6A49FCAD2A8682F30007A2B6 /* Release */ = {
			isa = XCBuildConfiguration;
			buildSettings = {
				ALWAYS_SEARCH_USER_PATHS = NO;
				CLANG_ANALYZER_NONNULL = YES;
				CLANG_ANALYZER_NUMBER_OBJECT_CONVERSION = YES_AGGRESSIVE;
				CLANG_CXX_LANGUAGE_STANDARD = "gnu++20";
				CLANG_ENABLE_MODULES = YES;
				CLANG_ENABLE_OBJC_ARC = YES;
				CLANG_ENABLE_OBJC_WEAK = YES;
				CLANG_WARN_BLOCK_CAPTURE_AUTORELEASING = YES;
				CLANG_WARN_BOOL_CONVERSION = YES;
				CLANG_WARN_COMMA = YES;
				CLANG_WARN_CONSTANT_CONVERSION = YES;
				CLANG_WARN_DEPRECATED_OBJC_IMPLEMENTATIONS = YES;
				CLANG_WARN_DIRECT_OBJC_ISA_USAGE = YES_ERROR;
				CLANG_WARN_DOCUMENTATION_COMMENTS = YES;
				CLANG_WARN_EMPTY_BODY = YES;
				CLANG_WARN_ENUM_CONVERSION = YES;
				CLANG_WARN_INFINITE_RECURSION = YES;
				CLANG_WARN_INT_CONVERSION = YES;
				CLANG_WARN_NON_LITERAL_NULL_CONVERSION = YES;
				CLANG_WARN_OBJC_IMPLICIT_RETAIN_SELF = YES;
				CLANG_WARN_OBJC_LITERAL_CONVERSION = YES;
				CLANG_WARN_OBJC_ROOT_CLASS = YES_ERROR;
				CLANG_WARN_QUOTED_INCLUDE_IN_FRAMEWORK_HEADER = YES;
				CLANG_WARN_RANGE_LOOP_ANALYSIS = YES;
				CLANG_WARN_STRICT_PROTOTYPES = YES;
				CLANG_WARN_SUSPICIOUS_MOVE = YES;
				CLANG_WARN_UNGUARDED_AVAILABILITY = YES_AGGRESSIVE;
				CLANG_WARN_UNREACHABLE_CODE = YES;
				CLANG_WARN__DUPLICATE_METHOD_MATCH = YES;
				COPY_PHASE_STRIP = NO;
				DEBUG_INFORMATION_FORMAT = "dwarf-with-dsym";
				ENABLE_NS_ASSERTIONS = NO;
				ENABLE_STRICT_OBJC_MSGSEND = YES;
				GCC_C_LANGUAGE_STANDARD = gnu11;
				GCC_NO_COMMON_BLOCKS = YES;
				GCC_WARN_64_TO_32_BIT_CONVERSION = YES;
				GCC_WARN_ABOUT_RETURN_TYPE = YES_ERROR;
				GCC_WARN_UNDECLARED_SELECTOR = YES;
				GCC_WARN_UNINITIALIZED_AUTOS = YES_AGGRESSIVE;
				GCC_WARN_UNUSED_FUNCTION = YES;
				GCC_WARN_UNUSED_VARIABLE = YES;
				IPHONEOS_DEPLOYMENT_TARGET = 16.4;
				MTL_ENABLE_DEBUG_INFO = NO;
				MTL_FAST_MATH = YES;
				SDKROOT = iphoneos;
				SWIFT_COMPILATION_MODE = wholemodule;
				SWIFT_OPTIMIZATION_LEVEL = "-O";
				VALIDATE_PRODUCT = YES;
			};
			name = Release;
		};
		6A49FCAF2A8682F30007A2B6 /* Debug */ = {
			isa = XCBuildConfiguration;
			buildSettings = {
				ASSETCATALOG_COMPILER_APPICON_NAME = AppIcon;
				ASSETCATALOG_COMPILER_GLOBAL_ACCENT_COLOR_NAME = AccentColor;
				CODE_SIGN_STYLE = Automatic;
				CURRENT_PROJECT_VERSION = 1;
				DEVELOPMENT_TEAM = 3H85AXMVD3;
				GENERATE_INFOPLIST_FILE = YES;
				INFOPLIST_FILE = MediaProject/Info.plist;
				INFOPLIST_KEY_UIApplicationSupportsIndirectInputEvents = YES;
				INFOPLIST_KEY_UILaunchStoryboardName = LaunchScreen;
				INFOPLIST_KEY_UIMainStoryboardFile = Main;
				INFOPLIST_KEY_UISupportedInterfaceOrientations_iPad = "UIInterfaceOrientationPortrait UIInterfaceOrientationPortraitUpsideDown UIInterfaceOrientationLandscapeLeft UIInterfaceOrientationLandscapeRight";
				INFOPLIST_KEY_UISupportedInterfaceOrientations_iPhone = "UIInterfaceOrientationPortrait UIInterfaceOrientationLandscapeLeft UIInterfaceOrientationLandscapeRight";
				LD_RUNPATH_SEARCH_PATHS = (
					"$(inherited)",
					"@executable_path/Frameworks",
				);
				MARKETING_VERSION = 1.0;
				PRODUCT_BUNDLE_IDENTIFIER = com.yujinnee.MediaProject;
				PRODUCT_NAME = "$(TARGET_NAME)";
				SWIFT_EMIT_LOC_STRINGS = YES;
				SWIFT_VERSION = 5.0;
				TARGETED_DEVICE_FAMILY = "1,2";
			};
			name = Debug;
		};
		6A49FCB02A8682F30007A2B6 /* Release */ = {
			isa = XCBuildConfiguration;
			buildSettings = {
				ASSETCATALOG_COMPILER_APPICON_NAME = AppIcon;
				ASSETCATALOG_COMPILER_GLOBAL_ACCENT_COLOR_NAME = AccentColor;
				CODE_SIGN_STYLE = Automatic;
				CURRENT_PROJECT_VERSION = 1;
				DEVELOPMENT_TEAM = 3H85AXMVD3;
				GENERATE_INFOPLIST_FILE = YES;
				INFOPLIST_FILE = MediaProject/Info.plist;
				INFOPLIST_KEY_UIApplicationSupportsIndirectInputEvents = YES;
				INFOPLIST_KEY_UILaunchStoryboardName = LaunchScreen;
				INFOPLIST_KEY_UIMainStoryboardFile = Main;
				INFOPLIST_KEY_UISupportedInterfaceOrientations_iPad = "UIInterfaceOrientationPortrait UIInterfaceOrientationPortraitUpsideDown UIInterfaceOrientationLandscapeLeft UIInterfaceOrientationLandscapeRight";
				INFOPLIST_KEY_UISupportedInterfaceOrientations_iPhone = "UIInterfaceOrientationPortrait UIInterfaceOrientationLandscapeLeft UIInterfaceOrientationLandscapeRight";
				LD_RUNPATH_SEARCH_PATHS = (
					"$(inherited)",
					"@executable_path/Frameworks",
				);
				MARKETING_VERSION = 1.0;
				PRODUCT_BUNDLE_IDENTIFIER = com.yujinnee.MediaProject;
				PRODUCT_NAME = "$(TARGET_NAME)";
				SWIFT_EMIT_LOC_STRINGS = YES;
				SWIFT_VERSION = 5.0;
				TARGETED_DEVICE_FAMILY = "1,2";
			};
			name = Release;
		};
/* End XCBuildConfiguration section */

/* Begin XCConfigurationList section */
		6A49FC952A8682EE0007A2B6 /* Build configuration list for PBXProject "MediaProject" */ = {
			isa = XCConfigurationList;
			buildConfigurations = (
				6A49FCAC2A8682F30007A2B6 /* Debug */,
				6A49FCAD2A8682F30007A2B6 /* Release */,
			);
			defaultConfigurationIsVisible = 0;
			defaultConfigurationName = Release;
		};
		6A49FCAE2A8682F30007A2B6 /* Build configuration list for PBXNativeTarget "MediaProject" */ = {
			isa = XCConfigurationList;
			buildConfigurations = (
				6A49FCAF2A8682F30007A2B6 /* Debug */,
				6A49FCB02A8682F30007A2B6 /* Release */,
			);
			defaultConfigurationIsVisible = 0;
			defaultConfigurationName = Release;
		};
/* End XCConfigurationList section */

/* Begin XCRemoteSwiftPackageReference section */
		6A49FCC82A87C1690007A2B6 /* XCRemoteSwiftPackageReference "Kingfisher" */ = {
			isa = XCRemoteSwiftPackageReference;
			repositoryURL = "https://github.com/onevcat/Kingfisher.git";
			requirement = {
				kind = upToNextMajorVersion;
				minimumVersion = 7.0.0;
			};
		};
		6A49FCCB2A87C1740007A2B6 /* XCRemoteSwiftPackageReference "Alamofire" */ = {
			isa = XCRemoteSwiftPackageReference;
			repositoryURL = "https://github.com/Alamofire/Alamofire.git";
			requirement = {
				kind = upToNextMajorVersion;
				minimumVersion = 5.0.0;
			};
		};
		6A49FCCE2A87C1810007A2B6 /* XCRemoteSwiftPackageReference "SwiftyJSON" */ = {
			isa = XCRemoteSwiftPackageReference;
			repositoryURL = "https://github.com/SwiftyJSON/SwiftyJSON.git";
			requirement = {
				kind = upToNextMajorVersion;
				minimumVersion = 5.0.0;
			};
		};
/* End XCRemoteSwiftPackageReference section */

/* Begin XCSwiftPackageProductDependency section */
		6A49FCC92A87C1690007A2B6 /* Kingfisher */ = {
			isa = XCSwiftPackageProductDependency;
			package = 6A49FCC82A87C1690007A2B6 /* XCRemoteSwiftPackageReference "Kingfisher" */;
			productName = Kingfisher;
		};
		6A49FCCC2A87C1740007A2B6 /* Alamofire */ = {
			isa = XCSwiftPackageProductDependency;
			package = 6A49FCCB2A87C1740007A2B6 /* XCRemoteSwiftPackageReference "Alamofire" */;
			productName = Alamofire;
		};
		6A49FCCF2A87C1810007A2B6 /* SwiftyJSON */ = {
			isa = XCSwiftPackageProductDependency;
			package = 6A49FCCE2A87C1810007A2B6 /* XCRemoteSwiftPackageReference "SwiftyJSON" */;
			productName = SwiftyJSON;
		};
/* End XCSwiftPackageProductDependency section */
	};
	rootObject = 6A49FC922A8682EE0007A2B6 /* Project object */;
}
